{
  "version": 4,
  "terraform_version": "1.3.9",
  "serial": 2,
  "lineage": "cb87e02a-b55b-9b0f-42f7-eb9a22de7038",
  "outputs": {
    "datadog_dashboard_tfer--dashboard_v8f-qp8-c7y_id": {
      "value": "8i5-xiq-5e3",
      "type": "string"
    }
  },
  "resources": [
    {
      "mode": "managed",
      "type": "datadog_dashboard",
      "name": "tfer--dashboard_v8f-qp8-c7y",
      "provider": "provider[\"registry.terraform.io/datadog/datadog\"]",
      "instances": [
        {
          "schema_version": 0,
          "attributes": {
            "dashboard_lists": null,
            "dashboard_lists_removed": [],
            "description": "",
            "id": "8i5-xiq-5e3",
            "is_read_only": false,
            "layout_type": "ordered",
            "notify_list": null,
            "reflow_type": "fixed",
            "restricted_roles": null,
            "template_variable": [],
            "template_variable_preset": [],
            "title": "Organization-Level-2",
            "url": "/dashboard/8i5-xiq-5e3/organization-level-2",
            "widget": [
              {
                "alert_graph_definition": [],
                "alert_value_definition": [],
                "change_definition": [],
                "check_status_definition": [],
                "distribution_definition": [],
                "event_stream_definition": [],
                "event_timeline_definition": [],
                "free_text_definition": [
                  {
                    "color": "#41c464",
                    "font_size": "auto",
                    "text": "APP1 OVERVIEW",
                    "text_align": "center"
                  }
                ],
                "geomap_definition": [],
                "group_definition": [],
                "heatmap_definition": [],
                "hostmap_definition": [],
                "id": 5175010129924281,
                "iframe_definition": [],
                "image_definition": [],
                "list_stream_definition": [],
                "log_stream_definition": [],
                "manage_status_definition": [],
                "note_definition": [],
                "query_table_definition": [],
                "query_value_definition": [],
                "scatterplot_definition": [],
                "service_level_objective_definition": [],
                "servicemap_definition": [],
                "slo_list_definition": [],
                "sunburst_definition": [],
                "timeseries_definition": [],
                "toplist_definition": [],
                "topology_map_definition": [],
                "trace_service_definition": [],
                "treemap_definition": [],
                "widget_layout": [
                  {
                    "height": 1,
                    "is_column_break": false,
                    "width": 12,
                    "x": 0,
                    "y": 0
                  }
                ]
              },
              {
                "alert_graph_definition": [],
                "alert_value_definition": [],
                "change_definition": [],
                "check_status_definition": [],
                "distribution_definition": [],
                "event_stream_definition": [],
                "event_timeline_definition": [],
                "free_text_definition": [
                  {
                    "color": "#FF780A",
                    "font_size": "auto",
                    "text": "APP2 OVERVIEW",
                    "text_align": "center"
                  }
                ],
                "geomap_definition": [],
                "group_definition": [],
                "heatmap_definition": [],
                "hostmap_definition": [],
                "id": 4357012456223508,
                "iframe_definition": [],
                "image_definition": [],
                "list_stream_definition": [],
                "log_stream_definition": [],
                "manage_status_definition": [],
                "note_definition": [],
                "query_table_definition": [],
                "query_value_definition": [],
                "scatterplot_definition": [],
                "service_level_objective_definition": [],
                "servicemap_definition": [],
                "slo_list_definition": [],
                "sunburst_definition": [],
                "timeseries_definition": [],
                "toplist_definition": [],
                "topology_map_definition": [],
                "trace_service_definition": [],
                "treemap_definition": [],
                "widget_layout": [
                  {
                    "height": 1,
                    "is_column_break": false,
                    "width": 12,
                    "x": 0,
                    "y": 0
                  }
                ]
              },
              {
                "alert_graph_definition": [],
                "alert_value_definition": [],
                "change_definition": [],
                "check_status_definition": [],
                "distribution_definition": [],
                "event_stream_definition": [],
                "event_timeline_definition": [],
                "free_text_definition": [],
                "geomap_definition": [],
                "group_definition": [
                  {
                    "background_color": "blue",
                    "banner_img": "",
                    "layout_type": "ordered",
                    "show_title": true,
                    "title": "APP1 Hosts Overview",
                    "widget": [
                      {
                        "alert_graph_definition": [],
                        "alert_value_definition": [],
                        "change_definition": [],
                        "check_status_definition": [],
                        "distribution_definition": [],
                        "event_stream_definition": [],
                        "event_timeline_definition": [],
                        "free_text_definition": [],
                        "geomap_definition": [],
                        "heatmap_definition": [],
                        "hostmap_definition": [
                          {
                            "custom_link": [],
                            "group": null,
                            "no_group_hosts": true,
                            "no_metric_hosts": true,
                            "node_type": "host",
                            "request": [
                              {
                                "fill": [
                                  {
                                    "apm_query": [],
                                    "log_query": [],
                                    "process_query": [],
                                    "q": "avg:system.net.tcp.active_opens{app:staging} by {host}",
                                    "rum_query": [],
                                    "security_query": []
                                  }
                                ],
                                "size": []
                              }
                            ],
                            "scope": [
                              "app:staging"
                            ],
                            "style": [
                              {
                                "fill_max": "auto",
                                "fill_min": "auto",
                                "palette": "green_to_orange",
                                "palette_flip": true
                              }
                            ],
                            "title": "App1 Host Map",
                            "title_align": "left",
                            "title_size": "16"
                          }
                        ],
                        "id": 1022300707379032,
                        "iframe_definition": [],
                        "image_definition": [],
                        "list_stream_definition": [],
                        "log_stream_definition": [],
                        "manage_status_definition": [],
                        "note_definition": [],
                        "query_table_definition": [],
                        "query_value_definition": [],
                        "scatterplot_definition": [],
                        "service_level_objective_definition": [],
                        "servicemap_definition": [],
                        "slo_list_definition": [],
                        "sunburst_definition": [],
                        "timeseries_definition": [],
                        "toplist_definition": [],
                        "topology_map_definition": [],
                        "trace_service_definition": [],
                        "treemap_definition": [],
                        "widget_layout": [
                          {
                            "height": 4,
                            "is_column_break": false,
                            "width": 2,
                            "x": 0,
                            "y": 0
                          }
                        ]
                      },
                      {
                        "alert_graph_definition": [],
                        "alert_value_definition": [],
                        "change_definition": [],
                        "check_status_definition": [],
                        "distribution_definition": [],
                        "event_stream_definition": [],
                        "event_timeline_definition": [],
                        "free_text_definition": [],
                        "geomap_definition": [],
                        "heatmap_definition": [],
                        "hostmap_definition": [],
                        "id": 5150889625666758,
                        "iframe_definition": [],
                        "image_definition": [],
                        "list_stream_definition": [],
                        "log_stream_definition": [],
                        "manage_status_definition": [],
                        "note_definition": [],
                        "query_table_definition": [
                          {
                            "custom_link": [],
                            "has_search_bar": "",
                            "live_span": "1d",
                            "request": [
                              {
                                "aggregator": "",
                                "alias": "",
                                "apm_query": [],
                                "apm_stats_query": [],
                                "cell_display_mode": null,
                                "conditional_formats": [],
                                "formula": [
                                  {
                                    "alias": "Free disk space",
                                    "cell_display_mode": "bar",
                                    "conditional_formats": [],
                                    "formula_expression": "query1",
                                    "limit": [],
                                    "style": []
                                  },
                                  {
                                    "alias": "Percentage",
                                    "cell_display_mode": "",
                                    "conditional_formats": [
                                      {
                                        "comparator": "\u003c",
                                        "custom_bg_color": "",
                                        "custom_fg_color": "",
                                        "hide_value": false,
                                        "image_url": "",
                                        "metric": "",
                                        "palette": "white_on_red",
                                        "timeframe": "",
                                        "value": 10
                                      },
                                      {
                                        "comparator": "\u003e=",
                                        "custom_bg_color": "",
                                        "custom_fg_color": "",
                                        "hide_value": false,
                                        "image_url": "",
                                        "metric": "",
                                        "palette": "white_on_green",
                                        "timeframe": "",
                                        "value": 10
                                      }
                                    ],
                                    "formula_expression": "(query2 / query3) * 100",
                                    "limit": [
                                      {
                                        "count": 500,
                                        "order": "desc"
                                      }
                                    ],
                                    "style": []
                                  },
                                  {
                                    "alias": "Total disk",
                                    "cell_display_mode": "bar",
                                    "conditional_formats": [],
                                    "formula_expression": "query3",
                                    "limit": [],
                                    "style": []
                                  },
                                  {
                                    "alias": "Used disk space",
                                    "cell_display_mode": "bar",
                                    "conditional_formats": [],
                                    "formula_expression": "query2",
                                    "limit": [],
                                    "style": []
                                  }
                                ],
                                "limit": 0,
                                "log_query": [],
                                "order": "",
                                "process_query": [],
                                "q": "",
                                "query": [
                                  {
                                    "apm_dependency_stats_query": [],
                                    "apm_resource_stats_query": [],
                                    "event_query": [],
                                    "metric_query": [
                                      {
                                        "aggregator": "avg",
                                        "data_source": "metrics",
                                        "name": "query1",
                                        "query": "sum:system.disk.free{app:staging} by {host}"
                                      }
                                    ],
                                    "process_query": []
                                  },
                                  {
                                    "apm_dependency_stats_query": [],
                                    "apm_resource_stats_query": [],
                                    "event_query": [],
                                    "metric_query": [
                                      {
                                        "aggregator": "avg",
                                        "data_source": "metrics",
                                        "name": "query2",
                                        "query": "sum:system.disk.used{app:staging} by {host}"
                                      }
                                    ],
                                    "process_query": []
                                  },
                                  {
                                    "apm_dependency_stats_query": [],
                                    "apm_resource_stats_query": [],
                                    "event_query": [],
                                    "metric_query": [
                                      {
                                        "aggregator": "avg",
                                        "data_source": "metrics",
                                        "name": "query3",
                                        "query": "sum:system.disk.total{app:staging} by {host}"
                                      }
                                    ],
                                    "process_query": []
                                  }
                                ],
                                "rum_query": [],
                                "security_query": []
                              }
                            ],
                            "title": "Amount of free and used disk space per device",
                            "title_align": "",
                            "title_size": ""
                          }
                        ],
                        "query_value_definition": [],
                        "scatterplot_definition": [],
                        "service_level_objective_definition": [],
                        "servicemap_definition": [],
                        "slo_list_definition": [],
                        "sunburst_definition": [],
                        "timeseries_definition": [],
                        "toplist_definition": [],
                        "topology_map_definition": [],
                        "trace_service_definition": [],
                        "treemap_definition": [],
                        "widget_layout": [
                          {
                            "height": 2,
                            "is_column_break": false,
                            "width": 4,
                            "x": 2,
                            "y": 2
                          }
                        ]
                      },
                      {
                        "alert_graph_definition": [],
                        "alert_value_definition": [],
                        "change_definition": [],
                        "check_status_definition": [],
                        "distribution_definition": [],
                        "event_stream_definition": [],
                        "event_timeline_definition": [],
                        "free_text_definition": [],
                        "geomap_definition": [],
                        "heatmap_definition": [],
                        "hostmap_definition": [],
                        "id": 5751995597236449,
                        "iframe_definition": [],
                        "image_definition": [],
                        "list_stream_definition": [],
                        "log_stream_definition": [],
                        "manage_status_definition": [],
                        "note_definition": [],
                        "query_table_definition": [],
                        "query_value_definition": [
                          {
                            "autoscale": true,
                            "custom_link": [],
                            "custom_unit": "",
                            "live_span": "",
                            "precision": 1,
                            "request": [
                              {
                                "aggregator": "",
                                "apm_query": [],
                                "audit_query": [],
                                "conditional_formats": [],
                                "formula": [
                                  {
                                    "alias": "",
                                    "cell_display_mode": "",
                                    "conditional_formats": [],
                                    "formula_expression": "query1",
                                    "limit": [],
                                    "style": []
                                  }
                                ],
                                "log_query": [],
                                "process_query": [],
                                "q": "",
                                "query": [
                                  {
                                    "apm_dependency_stats_query": [],
                                    "apm_resource_stats_query": [],
                                    "event_query": [],
                                    "metric_query": [
                                      {
                                        "aggregator": "avg",
                                        "data_source": "metrics",
                                        "name": "query1",
                                        "query": "avg:system.uptime{app:staging}"
                                      }
                                    ],
                                    "process_query": []
                                  }
                                ],
                                "rum_query": [],
                                "security_query": []
                              }
                            ],
                            "text_align": "",
                            "timeseries_background": [],
                            "title": "System uptime",
                            "title_align": "",
                            "title_size": ""
                          }
                        ],
                        "scatterplot_definition": [],
                        "service_level_objective_definition": [],
                        "servicemap_definition": [],
                        "slo_list_definition": [],
                        "sunburst_definition": [],
                        "timeseries_definition": [],
                        "toplist_definition": [],
                        "topology_map_definition": [],
                        "trace_service_definition": [],
                        "treemap_definition": [],
                        "widget_layout": [
                          {
                            "height": 2,
                            "is_column_break": false,
                            "width": 1,
                            "x": 2,
                            "y": 0
                          }
                        ]
                      },
                      {
                        "alert_graph_definition": [],
                        "alert_value_definition": [],
                        "change_definition": [],
                        "check_status_definition": [],
                        "distribution_definition": [],
                        "event_stream_definition": [],
                        "event_timeline_definition": [],
                        "free_text_definition": [],
                        "geomap_definition": [],
                        "heatmap_definition": [],
                        "hostmap_definition": [],
                        "id": 4163790849454846,
                        "iframe_definition": [],
                        "image_definition": [],
                        "list_stream_definition": [],
                        "log_stream_definition": [],
                        "manage_status_definition": [],
                        "note_definition": [],
                        "query_table_definition": [],
                        "query_value_definition": [],
                        "scatterplot_definition": [],
                        "service_level_objective_definition": [],
                        "servicemap_definition": [],
                        "slo_list_definition": [],
                        "sunburst_definition": [],
                        "timeseries_definition": [
                          {
                            "custom_link": [],
                            "event": [],
                            "legend_columns": [
                              "avg",
                              "max",
                              "min",
                              "sum",
                              "value"
                            ],
                            "legend_layout": "auto",
                            "legend_size": "",
                            "live_span": "",
                            "marker": [],
                            "request": [
                              {
                                "apm_query": [],
                                "audit_query": [],
                                "display_type": "line",
                                "formula": [
                                  {
                                    "alias": "",
                                    "cell_display_mode": "",
                                    "conditional_formats": [],
                                    "formula_expression": "query1",
                                    "limit": [],
                                    "style": []
                                  }
                                ],
                                "log_query": [],
                                "metadata": [],
                                "network_query": [],
                                "on_right_yaxis": false,
                                "process_query": [],
                                "q": "",
                                "query": [
                                  {
                                    "apm_dependency_stats_query": [],
                                    "apm_resource_stats_query": [],
                                    "event_query": [],
                                    "metric_query": [
                                      {
                                        "aggregator": "",
                                        "data_source": "metrics",
                                        "name": "query1",
                                        "query": "sum:kubernetes.cpu.usage.total{app:staging} by {host}"
                                      }
                                    ],
                                    "process_query": []
                                  }
                                ],
                                "rum_query": [],
                                "security_query": [],
                                "style": [
                                  {
                                    "line_type": "solid",
                                    "line_width": "normal",
                                    "palette": "cool"
                                  }
                                ]
                              }
                            ],
                            "right_yaxis": [],
                            "show_legend": true,
                            "title": "CPU usage per node",
                            "title_align": "left",
                            "title_size": "16",
                            "yaxis": [
                              {
                                "include_zero": true,
                                "label": "",
                                "max": "auto",
                                "min": "auto",
                                "scale": "linear"
                              }
                            ]
                          }
                        ],
                        "toplist_definition": [],
                        "topology_map_definition": [],
                        "trace_service_definition": [],
                        "treemap_definition": [],
                        "widget_layout": [
                          {
                            "height": 2,
                            "is_column_break": false,
                            "width": 2,
                            "x": 6,
                            "y": 0
                          }
                        ]
                      },
                      {
                        "alert_graph_definition": [],
                        "alert_value_definition": [],
                        "change_definition": [],
                        "check_status_definition": [],
                        "distribution_definition": [],
                        "event_stream_definition": [],
                        "event_timeline_definition": [],
                        "free_text_definition": [],
                        "geomap_definition": [],
                        "heatmap_definition": [],
                        "hostmap_definition": [],
                        "id": 8805984932231670,
                        "iframe_definition": [],
                        "image_definition": [],
                        "list_stream_definition": [],
                        "log_stream_definition": [],
                        "manage_status_definition": [],
                        "note_definition": [],
                        "query_table_definition": [],
                        "query_value_definition": [],
                        "scatterplot_definition": [],
                        "service_level_objective_definition": [],
                        "servicemap_definition": [],
                        "slo_list_definition": [],
                        "sunburst_definition": [],
                        "timeseries_definition": [
                          {
                            "custom_link": [],
                            "event": [],
                            "legend_columns": [
                              "avg",
                              "max",
                              "min",
                              "sum",
                              "value"
                            ],
                            "legend_layout": "auto",
                            "legend_size": "",
                            "live_span": "1d",
                            "marker": [],
                            "request": [
                              {
                                "apm_query": [],
                                "audit_query": [],
                                "display_type": "area",
                                "formula": [
                                  {
                                    "alias": "% time the CPU spent in an idle state",
                                    "cell_display_mode": "",
                                    "conditional_formats": [],
                                    "formula_expression": "query1",
                                    "limit": [],
                                    "style": []
                                  },
                                  {
                                    "alias": "% time the CPU spent running the kernel",
                                    "cell_display_mode": "",
                                    "conditional_formats": [],
                                    "formula_expression": "query2",
                                    "limit": [],
                                    "style": []
                                  },
                                  {
                                    "alias": "% time the CPU spent running the virtual processor",
                                    "cell_display_mode": "",
                                    "conditional_formats": [],
                                    "formula_expression": "query6",
                                    "limit": [],
                                    "style": []
                                  },
                                  {
                                    "alias": "% time the CPU spent running user space processes",
                                    "cell_display_mode": "",
                                    "conditional_formats": [],
                                    "formula_expression": "query4",
                                    "limit": [],
                                    "style": []
                                  },
                                  {
                                    "alias": "% time the CPU spent waiting for IO operations to complete",
                                    "cell_display_mode": "",
                                    "conditional_formats": [],
                                    "formula_expression": "query3",
                                    "limit": [],
                                    "style": []
                                  },
                                  {
                                    "alias": "% time the virtual CPU spent waiting for the hypervisor to service another virtual CPU",
                                    "cell_display_mode": "",
                                    "conditional_formats": [],
                                    "formula_expression": "query5",
                                    "limit": [],
                                    "style": []
                                  }
                                ],
                                "log_query": [],
                                "metadata": [],
                                "network_query": [],
                                "on_right_yaxis": false,
                                "process_query": [],
                                "q": "",
                                "query": [
                                  {
                                    "apm_dependency_stats_query": [],
                                    "apm_resource_stats_query": [],
                                    "event_query": [],
                                    "metric_query": [
                                      {
                                        "aggregator": "",
                                        "data_source": "metrics",
                                        "name": "query1",
                                        "query": "sum:system.cpu.idle{app:staging} by {host}"
                                      }
                                    ],
                                    "process_query": []
                                  },
                                  {
                                    "apm_dependency_stats_query": [],
                                    "apm_resource_stats_query": [],
                                    "event_query": [],
                                    "metric_query": [
                                      {
                                        "aggregator": "",
                                        "data_source": "metrics",
                                        "name": "query2",
                                        "query": "sum:system.cpu.system{app:staging} by {host}"
                                      }
                                    ],
                                    "process_query": []
                                  },
                                  {
                                    "apm_dependency_stats_query": [],
                                    "apm_resource_stats_query": [],
                                    "event_query": [],
                                    "metric_query": [
                                      {
                                        "aggregator": "",
                                        "data_source": "metrics",
                                        "name": "query3",
                                        "query": "sum:system.cpu.iowait{app:staging} by {host}"
                                      }
                                    ],
                                    "process_query": []
                                  },
                                  {
                                    "apm_dependency_stats_query": [],
                                    "apm_resource_stats_query": [],
                                    "event_query": [],
                                    "metric_query": [
                                      {
                                        "aggregator": "",
                                        "data_source": "metrics",
                                        "name": "query4",
                                        "query": "sum:system.cpu.user{app:staging} by {host}"
                                      }
                                    ],
                                    "process_query": []
                                  },
                                  {
                                    "apm_dependency_stats_query": [],
                                    "apm_resource_stats_query": [],
                                    "event_query": [],
                                    "metric_query": [
                                      {
                                        "aggregator": "",
                                        "data_source": "metrics",
                                        "name": "query5",
                                        "query": "sum:system.cpu.stolen{app:staging} by {host}"
                                      }
                                    ],
                                    "process_query": []
                                  },
                                  {
                                    "apm_dependency_stats_query": [],
                                    "apm_resource_stats_query": [],
                                    "event_query": [],
                                    "metric_query": [
                                      {
                                        "aggregator": "",
                                        "data_source": "metrics",
                                        "name": "query6",
                                        "query": "sum:system.cpu.guest{app:staging} by {host}"
                                      }
                                    ],
                                    "process_query": []
                                  }
                                ],
                                "rum_query": [],
                                "security_query": [],
                                "style": [
                                  {
                                    "line_type": "solid",
                                    "line_width": "normal",
                                    "palette": "cool"
                                  }
                                ]
                              }
                            ],
                            "right_yaxis": [],
                            "show_legend": false,
                            "title": "CPU usage breakdown (%)",
                            "title_align": "",
                            "title_size": "",
                            "yaxis": [
                              {
                                "include_zero": true,
                                "label": "",
                                "max": "auto",
                                "min": "auto",
                                "scale": "linear"
                              }
                            ]
                          }
                        ],
                        "toplist_definition": [],
                        "topology_map_definition": [],
                        "trace_service_definition": [],
                        "treemap_definition": [],
                        "widget_layout": [
                          {
                            "height": 2,
                            "is_column_break": false,
                            "width": 3,
                            "x": 3,
                            "y": 0
                          }
                        ]
                      },
                      {
                        "alert_graph_definition": [],
                        "alert_value_definition": [],
                        "change_definition": [],
                        "check_status_definition": [],
                        "distribution_definition": [],
                        "event_stream_definition": [],
                        "event_timeline_definition": [],
                        "free_text_definition": [],
                        "geomap_definition": [],
                        "heatmap_definition": [],
                        "hostmap_definition": [],
                        "id": 7440224320069543,
                        "iframe_definition": [],
                        "image_definition": [],
                        "list_stream_definition": [],
                        "log_stream_definition": [],
                        "manage_status_definition": [],
                        "note_definition": [],
                        "query_table_definition": [],
                        "query_value_definition": [],
                        "scatterplot_definition": [],
                        "service_level_objective_definition": [],
                        "servicemap_definition": [],
                        "slo_list_definition": [],
                        "sunburst_definition": [],
                        "timeseries_definition": [
                          {
                            "custom_link": [],
                            "event": [],
                            "legend_columns": [
                              "avg",
                              "max",
                              "min",
                              "sum",
                              "value"
                            ],
                            "legend_layout": "auto",
                            "legend_size": "",
                            "live_span": "1d",
                            "marker": [],
                            "request": [
                              {
                                "apm_query": [],
                                "audit_query": [],
                                "display_type": "area",
                                "formula": [
                                  {
                                    "alias": "RAM total",
                                    "cell_display_mode": "",
                                    "conditional_formats": [],
                                    "formula_expression": "query2",
                                    "limit": [],
                                    "style": []
                                  }
                                ],
                                "log_query": [],
                                "metadata": [],
                                "network_query": [],
                                "on_right_yaxis": false,
                                "process_query": [],
                                "q": "",
                                "query": [
                                  {
                                    "apm_dependency_stats_query": [],
                                    "apm_resource_stats_query": [],
                                    "event_query": [],
                                    "metric_query": [
                                      {
                                        "aggregator": "",
                                        "data_source": "metrics",
                                        "name": "query2",
                                        "query": "sum:system.mem.total{*}"
                                      }
                                    ],
                                    "process_query": []
                                  }
                                ],
                                "rum_query": [],
                                "security_query": [],
                                "style": [
                                  {
                                    "line_type": "solid",
                                    "line_width": "normal",
                                    "palette": "cool"
                                  }
                                ]
                              },
                              {
                                "apm_query": [],
                                "audit_query": [],
                                "display_type": "area",
                                "formula": [
                                  {
                                    "alias": "RAM used",
                                    "cell_display_mode": "",
                                    "conditional_formats": [],
                                    "formula_expression": "query0",
                                    "limit": [],
                                    "style": []
                                  }
                                ],
                                "log_query": [],
                                "metadata": [],
                                "network_query": [],
                                "on_right_yaxis": false,
                                "process_query": [],
                                "q": "",
                                "query": [
                                  {
                                    "apm_dependency_stats_query": [],
                                    "apm_resource_stats_query": [],
                                    "event_query": [],
                                    "metric_query": [
                                      {
                                        "aggregator": "",
                                        "data_source": "metrics",
                                        "name": "query0",
                                        "query": "sum:system.mem.used{*}"
                                      }
                                    ],
                                    "process_query": []
                                  }
                                ],
                                "rum_query": [],
                                "security_query": [],
                                "style": [
                                  {
                                    "line_type": "solid",
                                    "line_width": "normal",
                                    "palette": "cool"
                                  }
                                ]
                              }
                            ],
                            "right_yaxis": [],
                            "show_legend": false,
                            "title": "RAM  breakdown",
                            "title_align": "",
                            "title_size": "",
                            "yaxis": [
                              {
                                "include_zero": true,
                                "label": "",
                                "max": "auto",
                                "min": "auto",
                                "scale": "linear"
                              }
                            ]
                          }
                        ],
                        "toplist_definition": [],
                        "topology_map_definition": [],
                        "trace_service_definition": [],
                        "treemap_definition": [],
                        "widget_layout": [
                          {
                            "height": 2,
                            "is_column_break": false,
                            "width": 2,
                            "x": 8,
                            "y": 0
                          }
                        ]
                      },
                      {
                        "alert_graph_definition": [],
                        "alert_value_definition": [],
                        "change_definition": [],
                        "check_status_definition": [],
                        "distribution_definition": [],
                        "event_stream_definition": [],
                        "event_timeline_definition": [],
                        "free_text_definition": [],
                        "geomap_definition": [],
                        "heatmap_definition": [],
                        "hostmap_definition": [],
                        "id": 351990949384435,
                        "iframe_definition": [],
                        "image_definition": [],
                        "list_stream_definition": [],
                        "log_stream_definition": [],
                        "manage_status_definition": [],
                        "note_definition": [],
                        "query_table_definition": [],
                        "query_value_definition": [],
                        "scatterplot_definition": [],
                        "service_level_objective_definition": [],
                        "servicemap_definition": [],
                        "slo_list_definition": [],
                        "sunburst_definition": [],
                        "timeseries_definition": [
                          {
                            "custom_link": [],
                            "event": [],
                            "legend_columns": [
                              "avg",
                              "max",
                              "min",
                              "sum",
                              "value"
                            ],
                            "legend_layout": "auto",
                            "legend_size": "",
                            "live_span": "",
                            "marker": [],
                            "request": [
                              {
                                "apm_query": [],
                                "audit_query": [],
                                "display_type": "bars",
                                "formula": [
                                  {
                                    "alias": "Network bytes received",
                                    "cell_display_mode": "",
                                    "conditional_formats": [],
                                    "formula_expression": "query1",
                                    "limit": [],
                                    "style": []
                                  }
                                ],
                                "log_query": [],
                                "metadata": [],
                                "network_query": [],
                                "on_right_yaxis": false,
                                "process_query": [],
                                "q": "",
                                "query": [
                                  {
                                    "apm_dependency_stats_query": [],
                                    "apm_resource_stats_query": [],
                                    "event_query": [],
                                    "metric_query": [
                                      {
                                        "aggregator": "",
                                        "data_source": "metrics",
                                        "name": "query1",
                                        "query": "sum:system.net.bytes_rcvd{*,*}"
                                      }
                                    ],
                                    "process_query": []
                                  }
                                ],
                                "rum_query": [],
                                "security_query": [],
                                "style": [
                                  {
                                    "line_type": "solid",
                                    "line_width": "normal",
                                    "palette": "dog_classic"
                                  }
                                ]
                              },
                              {
                                "apm_query": [],
                                "audit_query": [],
                                "display_type": "bars",
                                "formula": [
                                  {
                                    "alias": "Network bytes sent",
                                    "cell_display_mode": "",
                                    "conditional_formats": [],
                                    "formula_expression": "0 - query1",
                                    "limit": [],
                                    "style": []
                                  }
                                ],
                                "log_query": [],
                                "metadata": [],
                                "network_query": [],
                                "on_right_yaxis": false,
                                "process_query": [],
                                "q": "",
                                "query": [
                                  {
                                    "apm_dependency_stats_query": [],
                                    "apm_resource_stats_query": [],
                                    "event_query": [],
                                    "metric_query": [
                                      {
                                        "aggregator": "",
                                        "data_source": "metrics",
                                        "name": "query1",
                                        "query": "sum:system.net.bytes_sent{*,*}"
                                      }
                                    ],
                                    "process_query": []
                                  }
                                ],
                                "rum_query": [],
                                "security_query": [],
                                "style": [
                                  {
                                    "line_type": "solid",
                                    "line_width": "normal",
                                    "palette": "cool"
                                  }
                                ]
                              }
                            ],
                            "right_yaxis": [],
                            "show_legend": false,
                            "title": "Network traffic (bytes per sec)",
                            "title_align": "",
                            "title_size": "",
                            "yaxis": [
                              {
                                "include_zero": true,
                                "label": "",
                                "max": "auto",
                                "min": "auto",
                                "scale": "linear"
                              }
                            ]
                          }
                        ],
                        "toplist_definition": [],
                        "topology_map_definition": [],
                        "trace_service_definition": [],
                        "treemap_definition": [],
                        "widget_layout": [
                          {
                            "height": 2,
                            "is_column_break": false,
                            "width": 2,
                            "x": 10,
                            "y": 0
                          }
                        ]
                      },
                      {
                        "alert_graph_definition": [],
                        "alert_value_definition": [],
                        "change_definition": [],
                        "check_status_definition": [],
                        "distribution_definition": [],
                        "event_stream_definition": [],
                        "event_timeline_definition": [],
                        "free_text_definition": [],
                        "geomap_definition": [],
                        "heatmap_definition": [],
                        "hostmap_definition": [],
                        "id": 8676494517455034,
                        "iframe_definition": [],
                        "image_definition": [],
                        "list_stream_definition": [],
                        "log_stream_definition": [],
                        "manage_status_definition": [],
                        "note_definition": [],
                        "query_table_definition": [],
                        "query_value_definition": [],
                        "scatterplot_definition": [],
                        "service_level_objective_definition": [],
                        "servicemap_definition": [],
                        "slo_list_definition": [],
                        "sunburst_definition": [],
                        "timeseries_definition": [
                          {
                            "custom_link": [],
                            "event": [],
                            "legend_columns": [
                              "avg",
                              "max",
                              "min",
                              "sum",
                              "value"
                            ],
                            "legend_layout": "auto",
                            "legend_size": "",
                            "live_span": "",
                            "marker": [],
                            "request": [
                              {
                                "apm_query": [],
                                "audit_query": [],
                                "display_type": "area",
                                "formula": [
                                  {
                                    "alias": "% of swap free",
                                    "cell_display_mode": "",
                                    "conditional_formats": [],
                                    "formula_expression": "query1 * 100",
                                    "limit": [],
                                    "style": []
                                  }
                                ],
                                "log_query": [],
                                "metadata": [],
                                "network_query": [],
                                "on_right_yaxis": false,
                                "process_query": [],
                                "q": "",
                                "query": [
                                  {
                                    "apm_dependency_stats_query": [],
                                    "apm_resource_stats_query": [],
                                    "event_query": [],
                                    "metric_query": [
                                      {
                                        "aggregator": "",
                                        "data_source": "metrics",
                                        "name": "query1",
                                        "query": "avg:system.swap.pct_free{*}"
                                      }
                                    ],
                                    "process_query": []
                                  }
                                ],
                                "rum_query": [],
                                "security_query": [],
                                "style": [
                                  {
                                    "line_type": "solid",
                                    "line_width": "normal",
                                    "palette": "cool"
                                  }
                                ]
                              }
                            ],
                            "right_yaxis": [],
                            "show_legend": false,
                            "title": "Available Swap",
                            "title_align": "",
                            "title_size": "",
                            "yaxis": [
                              {
                                "include_zero": true,
                                "label": "",
                                "max": "auto",
                                "min": "auto",
                                "scale": "linear"
                              }
                            ]
                          }
                        ],
                        "toplist_definition": [],
                        "topology_map_definition": [],
                        "trace_service_definition": [],
                        "treemap_definition": [],
                        "widget_layout": [
                          {
                            "height": 2,
                            "is_column_break": false,
                            "width": 3,
                            "x": 9,
                            "y": 2
                          }
                        ]
                      },
                      {
                        "alert_graph_definition": [],
                        "alert_value_definition": [],
                        "change_definition": [],
                        "check_status_definition": [],
                        "distribution_definition": [],
                        "event_stream_definition": [],
                        "event_timeline_definition": [],
                        "free_text_definition": [],
                        "geomap_definition": [],
                        "heatmap_definition": [],
                        "hostmap_definition": [],
                        "id": 8426400711141969,
                        "iframe_definition": [],
                        "image_definition": [],
                        "list_stream_definition": [],
                        "log_stream_definition": [],
                        "manage_status_definition": [],
                        "note_definition": [],
                        "query_table_definition": [],
                        "query_value_definition": [],
                        "scatterplot_definition": [],
                        "service_level_objective_definition": [],
                        "servicemap_definition": [],
                        "slo_list_definition": [],
                        "sunburst_definition": [],
                        "timeseries_definition": [
                          {
                            "custom_link": [],
                            "event": [],
                            "legend_columns": [
                              "avg",
                              "max",
                              "min",
                              "sum",
                              "value"
                            ],
                            "legend_layout": "auto",
                            "legend_size": "",
                            "live_span": "",
                            "marker": [
                              {
                                "display_type": "error dashed",
                                "label": "full",
                                "value": "y = 100"
                              }
                            ],
                            "request": [
                              {
                                "apm_query": [],
                                "audit_query": [],
                                "display_type": "line",
                                "formula": [
                                  {
                                    "alias": "",
                                    "cell_display_mode": "",
                                    "conditional_formats": [],
                                    "formula_expression": "query1 * 100",
                                    "limit": [],
                                    "style": []
                                  }
                                ],
                                "log_query": [],
                                "metadata": [],
                                "network_query": [],
                                "on_right_yaxis": false,
                                "process_query": [],
                                "q": "",
                                "query": [
                                  {
                                    "apm_dependency_stats_query": [],
                                    "apm_resource_stats_query": [],
                                    "event_query": [],
                                    "metric_query": [
                                      {
                                        "aggregator": "",
                                        "data_source": "metrics",
                                        "name": "query1",
                                        "query": "sum:system.disk.in_use{app:staging} by {host}"
                                      }
                                    ],
                                    "process_query": []
                                  }
                                ],
                                "rum_query": [],
                                "security_query": [],
                                "style": [
                                  {
                                    "line_type": "solid",
                                    "line_width": "normal",
                                    "palette": "cool"
                                  }
                                ]
                              }
                            ],
                            "right_yaxis": [],
                            "show_legend": true,
                            "title": "Disk usage by device (%)",
                            "title_align": "",
                            "title_size": "",
                            "yaxis": []
                          }
                        ],
                        "toplist_definition": [],
                        "topology_map_definition": [],
                        "trace_service_definition": [],
                        "treemap_definition": [],
                        "widget_layout": [
                          {
                            "height": 2,
                            "is_column_break": false,
                            "width": 3,
                            "x": 6,
                            "y": 2
                          }
                        ]
                      }
                    ]
                  }
                ],
                "heatmap_definition": [],
                "hostmap_definition": [],
                "id": 6477826977481183,
                "iframe_definition": [],
                "image_definition": [],
                "list_stream_definition": [],
                "log_stream_definition": [],
                "manage_status_definition": [],
                "note_definition": [],
                "query_table_definition": [],
                "query_value_definition": [],
                "scatterplot_definition": [],
                "service_level_objective_definition": [],
                "servicemap_definition": [],
                "slo_list_definition": [],
                "sunburst_definition": [],
                "timeseries_definition": [],
                "toplist_definition": [],
                "topology_map_definition": [],
                "trace_service_definition": [],
                "treemap_definition": [],
                "widget_layout": [
                  {
                    "height": 5,
                    "is_column_break": true,
                    "width": 12,
                    "x": 0,
                    "y": 1
                  }
                ]
              },
              {
                "alert_graph_definition": [],
                "alert_value_definition": [],
                "change_definition": [],
                "check_status_definition": [],
                "distribution_definition": [],
                "event_stream_definition": [],
                "event_timeline_definition": [],
                "free_text_definition": [],
                "geomap_definition": [],
                "group_definition": [
                  {
                    "background_color": "orange",
                    "banner_img": "",
                    "layout_type": "ordered",
                    "show_title": true,
                    "title": "APP2 Hosts Overview",
                    "widget": [
                      {
                        "alert_graph_definition": [],
                        "alert_value_definition": [],
                        "change_definition": [],
                        "check_status_definition": [],
                        "distribution_definition": [],
                        "event_stream_definition": [],
                        "event_timeline_definition": [],
                        "free_text_definition": [],
                        "geomap_definition": [],
                        "heatmap_definition": [],
                        "hostmap_definition": [
                          {
                            "custom_link": [],
                            "group": null,
                            "no_group_hosts": true,
                            "no_metric_hosts": true,
                            "node_type": "host",
                            "request": [
                              {
                                "fill": [
                                  {
                                    "apm_query": [],
                                    "log_query": [],
                                    "process_query": [],
                                    "q": "avg:system.net.tcp.active_opens{app:staging} by {host}",
                                    "rum_query": [],
                                    "security_query": []
                                  }
                                ],
                                "size": []
                              }
                            ],
                            "scope": [
                              "app:staging"
                            ],
                            "style": [
                              {
                                "fill_max": "auto",
                                "fill_min": "auto",
                                "palette": "green_to_orange",
                                "palette_flip": true
                              }
                            ],
                            "title": "App2 Host Map",
                            "title_align": "left",
                            "title_size": "16"
                          }
                        ],
                        "id": 7266434289414925,
                        "iframe_definition": [],
                        "image_definition": [],
                        "list_stream_definition": [],
                        "log_stream_definition": [],
                        "manage_status_definition": [],
                        "note_definition": [],
                        "query_table_definition": [],
                        "query_value_definition": [],
                        "scatterplot_definition": [],
                        "service_level_objective_definition": [],
                        "servicemap_definition": [],
                        "slo_list_definition": [],
                        "sunburst_definition": [],
                        "timeseries_definition": [],
                        "toplist_definition": [],
                        "topology_map_definition": [],
                        "trace_service_definition": [],
                        "treemap_definition": [],
                        "widget_layout": [
                          {
                            "height": 4,
                            "is_column_break": false,
                            "width": 2,
                            "x": 0,
                            "y": 0
                          }
                        ]
                      },
                      {
                        "alert_graph_definition": [],
                        "alert_value_definition": [],
                        "change_definition": [],
                        "check_status_definition": [],
                        "distribution_definition": [],
                        "event_stream_definition": [],
                        "event_timeline_definition": [],
                        "free_text_definition": [],
                        "geomap_definition": [],
                        "heatmap_definition": [],
                        "hostmap_definition": [],
                        "id": 2170372679577921,
                        "iframe_definition": [],
                        "image_definition": [],
                        "list_stream_definition": [],
                        "log_stream_definition": [],
                        "manage_status_definition": [],
                        "note_definition": [],
                        "query_table_definition": [
                          {
                            "custom_link": [],
                            "has_search_bar": "",
                            "live_span": "1d",
                            "request": [
                              {
                                "aggregator": "",
                                "alias": "",
                                "apm_query": [],
                                "apm_stats_query": [],
                                "cell_display_mode": null,
                                "conditional_formats": [],
                                "formula": [
                                  {
                                    "alias": "Free disk space",
                                    "cell_display_mode": "bar",
                                    "conditional_formats": [],
                                    "formula_expression": "query1",
                                    "limit": [],
                                    "style": []
                                  },
                                  {
                                    "alias": "Percentage",
                                    "cell_display_mode": "",
                                    "conditional_formats": [
                                      {
                                        "comparator": "\u003c",
                                        "custom_bg_color": "",
                                        "custom_fg_color": "",
                                        "hide_value": false,
                                        "image_url": "",
                                        "metric": "",
                                        "palette": "white_on_red",
                                        "timeframe": "",
                                        "value": 10
                                      },
                                      {
                                        "comparator": "\u003e=",
                                        "custom_bg_color": "",
                                        "custom_fg_color": "",
                                        "hide_value": false,
                                        "image_url": "",
                                        "metric": "",
                                        "palette": "white_on_green",
                                        "timeframe": "",
                                        "value": 10
                                      }
                                    ],
                                    "formula_expression": "(query2 / query3) * 100",
                                    "limit": [
                                      {
                                        "count": 500,
                                        "order": "desc"
                                      }
                                    ],
                                    "style": []
                                  },
                                  {
                                    "alias": "Total disk",
                                    "cell_display_mode": "bar",
                                    "conditional_formats": [],
                                    "formula_expression": "query3",
                                    "limit": [],
                                    "style": []
                                  },
                                  {
                                    "alias": "Used disk space",
                                    "cell_display_mode": "bar",
                                    "conditional_formats": [],
                                    "formula_expression": "query2",
                                    "limit": [],
                                    "style": []
                                  }
                                ],
                                "limit": 0,
                                "log_query": [],
                                "order": "",
                                "process_query": [],
                                "q": "",
                                "query": [
                                  {
                                    "apm_dependency_stats_query": [],
                                    "apm_resource_stats_query": [],
                                    "event_query": [],
                                    "metric_query": [
                                      {
                                        "aggregator": "avg",
                                        "data_source": "metrics",
                                        "name": "query1",
                                        "query": "sum:system.disk.free{app:staging} by {host}"
                                      }
                                    ],
                                    "process_query": []
                                  },
                                  {
                                    "apm_dependency_stats_query": [],
                                    "apm_resource_stats_query": [],
                                    "event_query": [],
                                    "metric_query": [
                                      {
                                        "aggregator": "avg",
                                        "data_source": "metrics",
                                        "name": "query2",
                                        "query": "sum:system.disk.used{app:staging} by {host}"
                                      }
                                    ],
                                    "process_query": []
                                  },
                                  {
                                    "apm_dependency_stats_query": [],
                                    "apm_resource_stats_query": [],
                                    "event_query": [],
                                    "metric_query": [
                                      {
                                        "aggregator": "avg",
                                        "data_source": "metrics",
                                        "name": "query3",
                                        "query": "sum:system.disk.total{app:staging} by {host}"
                                      }
                                    ],
                                    "process_query": []
                                  }
                                ],
                                "rum_query": [],
                                "security_query": []
                              }
                            ],
                            "title": "Amount of free and used disk space per device",
                            "title_align": "",
                            "title_size": ""
                          }
                        ],
                        "query_value_definition": [],
                        "scatterplot_definition": [],
                        "service_level_objective_definition": [],
                        "servicemap_definition": [],
                        "slo_list_definition": [],
                        "sunburst_definition": [],
                        "timeseries_definition": [],
                        "toplist_definition": [],
                        "topology_map_definition": [],
                        "trace_service_definition": [],
                        "treemap_definition": [],
                        "widget_layout": [
                          {
                            "height": 2,
                            "is_column_break": false,
                            "width": 4,
                            "x": 2,
                            "y": 2
                          }
                        ]
                      },
                      {
                        "alert_graph_definition": [],
                        "alert_value_definition": [],
                        "change_definition": [],
                        "check_status_definition": [],
                        "distribution_definition": [],
                        "event_stream_definition": [],
                        "event_timeline_definition": [],
                        "free_text_definition": [],
                        "geomap_definition": [],
                        "heatmap_definition": [],
                        "hostmap_definition": [],
                        "id": 740151809431,
                        "iframe_definition": [],
                        "image_definition": [],
                        "list_stream_definition": [],
                        "log_stream_definition": [],
                        "manage_status_definition": [],
                        "note_definition": [],
                        "query_table_definition": [],
                        "query_value_definition": [
                          {
                            "autoscale": true,
                            "custom_link": [],
                            "custom_unit": "",
                            "live_span": "",
                            "precision": 1,
                            "request": [
                              {
                                "aggregator": "",
                                "apm_query": [],
                                "audit_query": [],
                                "conditional_formats": [],
                                "formula": [
                                  {
                                    "alias": "",
                                    "cell_display_mode": "",
                                    "conditional_formats": [],
                                    "formula_expression": "query1",
                                    "limit": [],
                                    "style": []
                                  }
                                ],
                                "log_query": [],
                                "process_query": [],
                                "q": "",
                                "query": [
                                  {
                                    "apm_dependency_stats_query": [],
                                    "apm_resource_stats_query": [],
                                    "event_query": [],
                                    "metric_query": [
                                      {
                                        "aggregator": "avg",
                                        "data_source": "metrics",
                                        "name": "query1",
                                        "query": "avg:system.uptime{app:staging}"
                                      }
                                    ],
                                    "process_query": []
                                  }
                                ],
                                "rum_query": [],
                                "security_query": []
                              }
                            ],
                            "text_align": "",
                            "timeseries_background": [],
                            "title": "System uptime",
                            "title_align": "",
                            "title_size": ""
                          }
                        ],
                        "scatterplot_definition": [],
                        "service_level_objective_definition": [],
                        "servicemap_definition": [],
                        "slo_list_definition": [],
                        "sunburst_definition": [],
                        "timeseries_definition": [],
                        "toplist_definition": [],
                        "topology_map_definition": [],
                        "trace_service_definition": [],
                        "treemap_definition": [],
                        "widget_layout": [
                          {
                            "height": 2,
                            "is_column_break": false,
                            "width": 1,
                            "x": 2,
                            "y": 0
                          }
                        ]
                      },
                      {
                        "alert_graph_definition": [],
                        "alert_value_definition": [],
                        "change_definition": [],
                        "check_status_definition": [],
                        "distribution_definition": [],
                        "event_stream_definition": [],
                        "event_timeline_definition": [],
                        "free_text_definition": [],
                        "geomap_definition": [],
                        "heatmap_definition": [],
                        "hostmap_definition": [],
                        "id": 1403592805125918,
                        "iframe_definition": [],
                        "image_definition": [],
                        "list_stream_definition": [],
                        "log_stream_definition": [],
                        "manage_status_definition": [],
                        "note_definition": [],
                        "query_table_definition": [],
                        "query_value_definition": [],
                        "scatterplot_definition": [],
                        "service_level_objective_definition": [],
                        "servicemap_definition": [],
                        "slo_list_definition": [],
                        "sunburst_definition": [],
                        "timeseries_definition": [
                          {
                            "custom_link": [],
                            "event": [],
                            "legend_columns": [
                              "avg",
                              "max",
                              "min",
                              "sum",
                              "value"
                            ],
                            "legend_layout": "auto",
                            "legend_size": "",
                            "live_span": "",
                            "marker": [],
                            "request": [
                              {
                                "apm_query": [],
                                "audit_query": [],
                                "display_type": "bars",
                                "formula": [
                                  {
                                    "alias": "Network bytes received",
                                    "cell_display_mode": "",
                                    "conditional_formats": [],
                                    "formula_expression": "query1",
                                    "limit": [],
                                    "style": []
                                  }
                                ],
                                "log_query": [],
                                "metadata": [],
                                "network_query": [],
                                "on_right_yaxis": false,
                                "process_query": [],
                                "q": "",
                                "query": [
                                  {
                                    "apm_dependency_stats_query": [],
                                    "apm_resource_stats_query": [],
                                    "event_query": [],
                                    "metric_query": [
                                      {
                                        "aggregator": "",
                                        "data_source": "metrics",
                                        "name": "query1",
                                        "query": "sum:system.net.bytes_rcvd{*,*}"
                                      }
                                    ],
                                    "process_query": []
                                  }
                                ],
                                "rum_query": [],
                                "security_query": [],
                                "style": [
                                  {
                                    "line_type": "solid",
                                    "line_width": "normal",
                                    "palette": "dog_classic"
                                  }
                                ]
                              },
                              {
                                "apm_query": [],
                                "audit_query": [],
                                "display_type": "bars",
                                "formula": [
                                  {
                                    "alias": "Network bytes sent",
                                    "cell_display_mode": "",
                                    "conditional_formats": [],
                                    "formula_expression": "0 - query1",
                                    "limit": [],
                                    "style": []
                                  }
                                ],
                                "log_query": [],
                                "metadata": [],
                                "network_query": [],
                                "on_right_yaxis": false,
                                "process_query": [],
                                "q": "",
                                "query": [
                                  {
                                    "apm_dependency_stats_query": [],
                                    "apm_resource_stats_query": [],
                                    "event_query": [],
                                    "metric_query": [
                                      {
                                        "aggregator": "",
                                        "data_source": "metrics",
                                        "name": "query1",
                                        "query": "sum:system.net.bytes_sent{*,*}"
                                      }
                                    ],
                                    "process_query": []
                                  }
                                ],
                                "rum_query": [],
                                "security_query": [],
                                "style": [
                                  {
                                    "line_type": "solid",
                                    "line_width": "normal",
                                    "palette": "warm"
                                  }
                                ]
                              }
                            ],
                            "right_yaxis": [],
                            "show_legend": false,
                            "title": "Network traffic (bytes per sec)",
                            "title_align": "",
                            "title_size": "",
                            "yaxis": [
                              {
                                "include_zero": true,
                                "label": "",
                                "max": "auto",
                                "min": "auto",
                                "scale": "linear"
                              }
                            ]
                          }
                        ],
                        "toplist_definition": [],
                        "topology_map_definition": [],
                        "trace_service_definition": [],
                        "treemap_definition": [],
                        "widget_layout": [
                          {
                            "height": 2,
                            "is_column_break": false,
                            "width": 2,
                            "x": 10,
                            "y": 0
                          }
                        ]
                      },
                      {
                        "alert_graph_definition": [],
                        "alert_value_definition": [],
                        "change_definition": [],
                        "check_status_definition": [],
                        "distribution_definition": [],
                        "event_stream_definition": [],
                        "event_timeline_definition": [],
                        "free_text_definition": [],
                        "geomap_definition": [],
                        "heatmap_definition": [],
                        "hostmap_definition": [],
                        "id": 2993256497603380,
                        "iframe_definition": [],
                        "image_definition": [],
                        "list_stream_definition": [],
                        "log_stream_definition": [],
                        "manage_status_definition": [],
                        "note_definition": [],
                        "query_table_definition": [],
                        "query_value_definition": [],
                        "scatterplot_definition": [],
                        "service_level_objective_definition": [],
                        "servicemap_definition": [],
                        "slo_list_definition": [],
                        "sunburst_definition": [],
                        "timeseries_definition": [
                          {
                            "custom_link": [],
                            "event": [],
                            "legend_columns": [
                              "avg",
                              "max",
                              "min",
                              "sum",
                              "value"
                            ],
                            "legend_layout": "auto",
                            "legend_size": "",
                            "live_span": "",
                            "marker": [],
                            "request": [
                              {
                                "apm_query": [],
                                "audit_query": [],
                                "display_type": "line",
                                "formula": [
                                  {
                                    "alias": "",
                                    "cell_display_mode": "",
                                    "conditional_formats": [],
                                    "formula_expression": "query1",
                                    "limit": [],
                                    "style": []
                                  }
                                ],
                                "log_query": [],
                                "metadata": [],
                                "network_query": [],
                                "on_right_yaxis": false,
                                "process_query": [],
                                "q": "",
                                "query": [
                                  {
                                    "apm_dependency_stats_query": [],
                                    "apm_resource_stats_query": [],
                                    "event_query": [],
                                    "metric_query": [
                                      {
                                        "aggregator": "",
                                        "data_source": "metrics",
                                        "name": "query1",
                                        "query": "sum:kubernetes.cpu.usage.total{app:staging} by {host}"
                                      }
                                    ],
                                    "process_query": []
                                  }
                                ],
                                "rum_query": [],
                                "security_query": [],
                                "style": [
                                  {
                                    "line_type": "solid",
                                    "line_width": "normal",
                                    "palette": "warm"
                                  }
                                ]
                              }
                            ],
                            "right_yaxis": [],
                            "show_legend": true,
                            "title": "CPU usage per node",
                            "title_align": "left",
                            "title_size": "16",
                            "yaxis": [
                              {
                                "include_zero": true,
                                "label": "",
                                "max": "auto",
                                "min": "auto",
                                "scale": "linear"
                              }
                            ]
                          }
                        ],
                        "toplist_definition": [],
                        "topology_map_definition": [],
                        "trace_service_definition": [],
                        "treemap_definition": [],
                        "widget_layout": [
                          {
                            "height": 2,
                            "is_column_break": false,
                            "width": 2,
                            "x": 6,
                            "y": 0
                          }
                        ]
                      },
                      {
                        "alert_graph_definition": [],
                        "alert_value_definition": [],
                        "change_definition": [],
                        "check_status_definition": [],
                        "distribution_definition": [],
                        "event_stream_definition": [],
                        "event_timeline_definition": [],
                        "free_text_definition": [],
                        "geomap_definition": [],
                        "heatmap_definition": [],
                        "hostmap_definition": [],
                        "id": 4307530428588823,
                        "iframe_definition": [],
                        "image_definition": [],
                        "list_stream_definition": [],
                        "log_stream_definition": [],
                        "manage_status_definition": [],
                        "note_definition": [],
                        "query_table_definition": [],
                        "query_value_definition": [],
                        "scatterplot_definition": [],
                        "service_level_objective_definition": [],
                        "servicemap_definition": [],
                        "slo_list_definition": [],
                        "sunburst_definition": [],
                        "timeseries_definition": [
                          {
                            "custom_link": [],
                            "event": [],
                            "legend_columns": [
                              "avg",
                              "max",
                              "min",
                              "sum",
                              "value"
                            ],
                            "legend_layout": "auto",
                            "legend_size": "",
                            "live_span": "",
                            "marker": [],
                            "request": [
                              {
                                "apm_query": [],
                                "audit_query": [],
                                "display_type": "area",
                                "formula": [
                                  {
                                    "alias": "% of swap free",
                                    "cell_display_mode": "",
                                    "conditional_formats": [],
                                    "formula_expression": "query1 * 100",
                                    "limit": [],
                                    "style": []
                                  }
                                ],
                                "log_query": [],
                                "metadata": [],
                                "network_query": [],
                                "on_right_yaxis": false,
                                "process_query": [],
                                "q": "",
                                "query": [
                                  {
                                    "apm_dependency_stats_query": [],
                                    "apm_resource_stats_query": [],
                                    "event_query": [],
                                    "metric_query": [
                                      {
                                        "aggregator": "",
                                        "data_source": "metrics",
                                        "name": "query1",
                                        "query": "avg:system.swap.pct_free{*}"
                                      }
                                    ],
                                    "process_query": []
                                  }
                                ],
                                "rum_query": [],
                                "security_query": [],
                                "style": [
                                  {
                                    "line_type": "solid",
                                    "line_width": "normal",
                                    "palette": "warm"
                                  }
                                ]
                              }
                            ],
                            "right_yaxis": [],
                            "show_legend": false,
                            "title": "Available Swap",
                            "title_align": "",
                            "title_size": "",
                            "yaxis": [
                              {
                                "include_zero": true,
                                "label": "",
                                "max": "auto",
                                "min": "auto",
                                "scale": "linear"
                              }
                            ]
                          }
                        ],
                        "toplist_definition": [],
                        "topology_map_definition": [],
                        "trace_service_definition": [],
                        "treemap_definition": [],
                        "widget_layout": [
                          {
                            "height": 2,
                            "is_column_break": false,
                            "width": 3,
                            "x": 9,
                            "y": 2
                          }
                        ]
                      },
                      {
                        "alert_graph_definition": [],
                        "alert_value_definition": [],
                        "change_definition": [],
                        "check_status_definition": [],
                        "distribution_definition": [],
                        "event_stream_definition": [],
                        "event_timeline_definition": [],
                        "free_text_definition": [],
                        "geomap_definition": [],
                        "heatmap_definition": [],
                        "hostmap_definition": [],
                        "id": 7185649652891164,
                        "iframe_definition": [],
                        "image_definition": [],
                        "list_stream_definition": [],
                        "log_stream_definition": [],
                        "manage_status_definition": [],
                        "note_definition": [],
                        "query_table_definition": [],
                        "query_value_definition": [],
                        "scatterplot_definition": [],
                        "service_level_objective_definition": [],
                        "servicemap_definition": [],
                        "slo_list_definition": [],
                        "sunburst_definition": [],
                        "timeseries_definition": [
                          {
                            "custom_link": [],
                            "event": [],
                            "legend_columns": [
                              "avg",
                              "max",
                              "min",
                              "sum",
                              "value"
                            ],
                            "legend_layout": "auto",
                            "legend_size": "",
                            "live_span": "1d",
                            "marker": [],
                            "request": [
                              {
                                "apm_query": [],
                                "audit_query": [],
                                "display_type": "area",
                                "formula": [
                                  {
                                    "alias": "% time the CPU spent in an idle state",
                                    "cell_display_mode": "",
                                    "conditional_formats": [],
                                    "formula_expression": "query1",
                                    "limit": [],
                                    "style": []
                                  },
                                  {
                                    "alias": "% time the CPU spent running the kernel",
                                    "cell_display_mode": "",
                                    "conditional_formats": [],
                                    "formula_expression": "query2",
                                    "limit": [],
                                    "style": []
                                  },
                                  {
                                    "alias": "% time the CPU spent running the virtual processor",
                                    "cell_display_mode": "",
                                    "conditional_formats": [],
                                    "formula_expression": "query6",
                                    "limit": [],
                                    "style": []
                                  },
                                  {
                                    "alias": "% time the CPU spent running user space processes",
                                    "cell_display_mode": "",
                                    "conditional_formats": [],
                                    "formula_expression": "query4",
                                    "limit": [],
                                    "style": []
                                  },
                                  {
                                    "alias": "% time the CPU spent waiting for IO operations to complete",
                                    "cell_display_mode": "",
                                    "conditional_formats": [],
                                    "formula_expression": "query3",
                                    "limit": [],
                                    "style": []
                                  },
                                  {
                                    "alias": "% time the virtual CPU spent waiting for the hypervisor to service another virtual CPU",
                                    "cell_display_mode": "",
                                    "conditional_formats": [],
                                    "formula_expression": "query5",
                                    "limit": [],
                                    "style": []
                                  }
                                ],
                                "log_query": [],
                                "metadata": [],
                                "network_query": [],
                                "on_right_yaxis": false,
                                "process_query": [],
                                "q": "",
                                "query": [
                                  {
                                    "apm_dependency_stats_query": [],
                                    "apm_resource_stats_query": [],
                                    "event_query": [],
                                    "metric_query": [
                                      {
                                        "aggregator": "",
                                        "data_source": "metrics",
                                        "name": "query1",
                                        "query": "sum:system.cpu.idle{app:staging} by {host}"
                                      }
                                    ],
                                    "process_query": []
                                  },
                                  {
                                    "apm_dependency_stats_query": [],
                                    "apm_resource_stats_query": [],
                                    "event_query": [],
                                    "metric_query": [
                                      {
                                        "aggregator": "",
                                        "data_source": "metrics",
                                        "name": "query2",
                                        "query": "sum:system.cpu.system{app:staging} by {host}"
                                      }
                                    ],
                                    "process_query": []
                                  },
                                  {
                                    "apm_dependency_stats_query": [],
                                    "apm_resource_stats_query": [],
                                    "event_query": [],
                                    "metric_query": [
                                      {
                                        "aggregator": "",
                                        "data_source": "metrics",
                                        "name": "query3",
                                        "query": "sum:system.cpu.iowait{app:staging} by {host}"
                                      }
                                    ],
                                    "process_query": []
                                  },
                                  {
                                    "apm_dependency_stats_query": [],
                                    "apm_resource_stats_query": [],
                                    "event_query": [],
                                    "metric_query": [
                                      {
                                        "aggregator": "",
                                        "data_source": "metrics",
                                        "name": "query4",
                                        "query": "sum:system.cpu.user{app:staging} by {host}"
                                      }
                                    ],
                                    "process_query": []
                                  },
                                  {
                                    "apm_dependency_stats_query": [],
                                    "apm_resource_stats_query": [],
                                    "event_query": [],
                                    "metric_query": [
                                      {
                                        "aggregator": "",
                                        "data_source": "metrics",
                                        "name": "query5",
                                        "query": "sum:system.cpu.stolen{app:staging} by {host}"
                                      }
                                    ],
                                    "process_query": []
                                  },
                                  {
                                    "apm_dependency_stats_query": [],
                                    "apm_resource_stats_query": [],
                                    "event_query": [],
                                    "metric_query": [
                                      {
                                        "aggregator": "",
                                        "data_source": "metrics",
                                        "name": "query6",
                                        "query": "sum:system.cpu.guest{app:staging} by {host}"
                                      }
                                    ],
                                    "process_query": []
                                  }
                                ],
                                "rum_query": [],
                                "security_query": [],
                                "style": [
                                  {
                                    "line_type": "solid",
                                    "line_width": "normal",
                                    "palette": "warm"
                                  }
                                ]
                              }
                            ],
                            "right_yaxis": [],
                            "show_legend": false,
                            "title": "CPU usage breakdown (%)",
                            "title_align": "",
                            "title_size": "",
                            "yaxis": [
                              {
                                "include_zero": true,
                                "label": "",
                                "max": "auto",
                                "min": "auto",
                                "scale": "linear"
                              }
                            ]
                          }
                        ],
                        "toplist_definition": [],
                        "topology_map_definition": [],
                        "trace_service_definition": [],
                        "treemap_definition": [],
                        "widget_layout": [
                          {
                            "height": 2,
                            "is_column_break": false,
                            "width": 3,
                            "x": 3,
                            "y": 0
                          }
                        ]
                      },
                      {
                        "alert_graph_definition": [],
                        "alert_value_definition": [],
                        "change_definition": [],
                        "check_status_definition": [],
                        "distribution_definition": [],
                        "event_stream_definition": [],
                        "event_timeline_definition": [],
                        "free_text_definition": [],
                        "geomap_definition": [],
                        "heatmap_definition": [],
                        "hostmap_definition": [],
                        "id": 6936397402173514,
                        "iframe_definition": [],
                        "image_definition": [],
                        "list_stream_definition": [],
                        "log_stream_definition": [],
                        "manage_status_definition": [],
                        "note_definition": [],
                        "query_table_definition": [],
                        "query_value_definition": [],
                        "scatterplot_definition": [],
                        "service_level_objective_definition": [],
                        "servicemap_definition": [],
                        "slo_list_definition": [],
                        "sunburst_definition": [],
                        "timeseries_definition": [
                          {
                            "custom_link": [],
                            "event": [],
                            "legend_columns": [
                              "avg",
                              "max",
                              "min",
                              "sum",
                              "value"
                            ],
                            "legend_layout": "auto",
                            "legend_size": "",
                            "live_span": "1d",
                            "marker": [],
                            "request": [
                              {
                                "apm_query": [],
                                "audit_query": [],
                                "display_type": "area",
                                "formula": [
                                  {
                                    "alias": "RAM total",
                                    "cell_display_mode": "",
                                    "conditional_formats": [],
                                    "formula_expression": "query2",
                                    "limit": [],
                                    "style": []
                                  }
                                ],
                                "log_query": [],
                                "metadata": [],
                                "network_query": [],
                                "on_right_yaxis": false,
                                "process_query": [],
                                "q": "",
                                "query": [
                                  {
                                    "apm_dependency_stats_query": [],
                                    "apm_resource_stats_query": [],
                                    "event_query": [],
                                    "metric_query": [
                                      {
                                        "aggregator": "",
                                        "data_source": "metrics",
                                        "name": "query2",
                                        "query": "sum:system.mem.total{*}"
                                      }
                                    ],
                                    "process_query": []
                                  }
                                ],
                                "rum_query": [],
                                "security_query": [],
                                "style": [
                                  {
                                    "line_type": "solid",
                                    "line_width": "normal",
                                    "palette": "cool"
                                  }
                                ]
                              },
                              {
                                "apm_query": [],
                                "audit_query": [],
                                "display_type": "area",
                                "formula": [
                                  {
                                    "alias": "RAM used",
                                    "cell_display_mode": "",
                                    "conditional_formats": [],
                                    "formula_expression": "query0",
                                    "limit": [],
                                    "style": []
                                  }
                                ],
                                "log_query": [],
                                "metadata": [],
                                "network_query": [],
                                "on_right_yaxis": false,
                                "process_query": [],
                                "q": "",
                                "query": [
                                  {
                                    "apm_dependency_stats_query": [],
                                    "apm_resource_stats_query": [],
                                    "event_query": [],
                                    "metric_query": [
                                      {
                                        "aggregator": "",
                                        "data_source": "metrics",
                                        "name": "query0",
                                        "query": "sum:system.mem.used{*}"
                                      }
                                    ],
                                    "process_query": []
                                  }
                                ],
                                "rum_query": [],
                                "security_query": [],
                                "style": [
                                  {
                                    "line_type": "solid",
                                    "line_width": "normal",
                                    "palette": "warm"
                                  }
                                ]
                              }
                            ],
                            "right_yaxis": [],
                            "show_legend": false,
                            "title": "RAM  breakdown",
                            "title_align": "",
                            "title_size": "",
                            "yaxis": [
                              {
                                "include_zero": true,
                                "label": "",
                                "max": "auto",
                                "min": "auto",
                                "scale": "linear"
                              }
                            ]
                          }
                        ],
                        "toplist_definition": [],
                        "topology_map_definition": [],
                        "trace_service_definition": [],
                        "treemap_definition": [],
                        "widget_layout": [
                          {
                            "height": 2,
                            "is_column_break": false,
                            "width": 2,
                            "x": 8,
                            "y": 0
                          }
                        ]
                      },
                      {
                        "alert_graph_definition": [],
                        "alert_value_definition": [],
                        "change_definition": [],
                        "check_status_definition": [],
                        "distribution_definition": [],
                        "event_stream_definition": [],
                        "event_timeline_definition": [],
                        "free_text_definition": [],
                        "geomap_definition": [],
                        "heatmap_definition": [],
                        "hostmap_definition": [],
                        "id": 3081224710911580,
                        "iframe_definition": [],
                        "image_definition": [],
                        "list_stream_definition": [],
                        "log_stream_definition": [],
                        "manage_status_definition": [],
                        "note_definition": [],
                        "query_table_definition": [],
                        "query_value_definition": [],
                        "scatterplot_definition": [],
                        "service_level_objective_definition": [],
                        "servicemap_definition": [],
                        "slo_list_definition": [],
                        "sunburst_definition": [],
                        "timeseries_definition": [
                          {
                            "custom_link": [],
                            "event": [],
                            "legend_columns": [
                              "avg",
                              "max",
                              "min",
                              "sum",
                              "value"
                            ],
                            "legend_layout": "auto",
                            "legend_size": "",
                            "live_span": "",
                            "marker": [
                              {
                                "display_type": "error dashed",
                                "label": "full",
                                "value": "y = 100"
                              }
                            ],
                            "request": [
                              {
                                "apm_query": [],
                                "audit_query": [],
                                "display_type": "line",
                                "formula": [
                                  {
                                    "alias": "",
                                    "cell_display_mode": "",
                                    "conditional_formats": [],
                                    "formula_expression": "query1 * 100",
                                    "limit": [],
                                    "style": []
                                  }
                                ],
                                "log_query": [],
                                "metadata": [],
                                "network_query": [],
                                "on_right_yaxis": false,
                                "process_query": [],
                                "q": "",
                                "query": [
                                  {
                                    "apm_dependency_stats_query": [],
                                    "apm_resource_stats_query": [],
                                    "event_query": [],
                                    "metric_query": [
                                      {
                                        "aggregator": "",
                                        "data_source": "metrics",
                                        "name": "query1",
                                        "query": "sum:system.disk.in_use{app:staging} by {host}"
                                      }
                                    ],
                                    "process_query": []
                                  }
                                ],
                                "rum_query": [],
                                "security_query": [],
                                "style": [
                                  {
                                    "line_type": "solid",
                                    "line_width": "normal",
                                    "palette": "warm"
                                  }
                                ]
                              }
                            ],
                            "right_yaxis": [],
                            "show_legend": true,
                            "title": "Disk usage by device (%)",
                            "title_align": "",
                            "title_size": "",
                            "yaxis": []
                          }
                        ],
                        "toplist_definition": [],
                        "topology_map_definition": [],
                        "trace_service_definition": [],
                        "treemap_definition": [],
                        "widget_layout": [
                          {
                            "height": 2,
                            "is_column_break": false,
                            "width": 3,
                            "x": 6,
                            "y": 2
                          }
                        ]
                      }
                    ]
                  }
                ],
                "heatmap_definition": [],
                "hostmap_definition": [],
                "id": 6145198374521199,
                "iframe_definition": [],
                "image_definition": [],
                "list_stream_definition": [],
                "log_stream_definition": [],
                "manage_status_definition": [],
                "note_definition": [],
                "query_table_definition": [],
                "query_value_definition": [],
                "scatterplot_definition": [],
                "service_level_objective_definition": [],
                "servicemap_definition": [],
                "slo_list_definition": [],
                "sunburst_definition": [],
                "timeseries_definition": [],
                "toplist_definition": [],
                "topology_map_definition": [],
                "trace_service_definition": [],
                "treemap_definition": [],
                "widget_layout": [
                  {
                    "height": 5,
                    "is_column_break": false,
                    "width": 12,
                    "x": 0,
                    "y": 7
                  }
                ]
              }
            ]
          },
          "sensitive_attributes": [],
          "private": "bnVsbA=="
        }
      ]
    }
  ],
  "check_results": null
}
