{
    "version": 3,
    "terraform_version": "0.12.31",
    "serial": 1,
    "lineage": "8ccc2b7d-c3db-d921-000e-267e73f25df2",
    "modules": [
        {
            "path": [
                "root"
            ],
            "outputs": {
                "datadog_dashboard_tfer--dashboard_v8f-qp8-c7y_id": {
                    "sensitive": false,
                    "type": "string",
                    "value": "v8f-qp8-c7y"
                }
            },
            "resources": {
                "datadog_dashboard.tfer--dashboard_v8f-qp8-c7y": {
                    "type": "datadog_dashboard",
                    "depends_on": [],
                    "primary": {
                        "id": "v8f-qp8-c7y",
                        "attributes": {
                            "description": "",
                            "id": "v8f-qp8-c7y",
                            "is_read_only": "false",
                            "layout_type": "ordered",
                            "notify_list.#": "0",
                            "reflow_type": "fixed",
                            "restricted_roles.#": "0",
                            "template_variable.#": "0",
                            "template_variable_preset.#": "0",
                            "title": "Organization-Level",
                            "url": "/dashboard/v8f-qp8-c7y/organization-level",
                            "widget.#": "4",
                            "widget.0.alert_graph_definition.#": "0",
                            "widget.0.alert_value_definition.#": "0",
                            "widget.0.change_definition.#": "0",
                            "widget.0.check_status_definition.#": "0",
                            "widget.0.distribution_definition.#": "0",
                            "widget.0.event_stream_definition.#": "0",
                            "widget.0.event_timeline_definition.#": "0",
                            "widget.0.free_text_definition.#": "1",
                            "widget.0.free_text_definition.0.color": "#41c464",
                            "widget.0.free_text_definition.0.font_size": "auto",
                            "widget.0.free_text_definition.0.text": "APP1 OVERVIEW",
                            "widget.0.free_text_definition.0.text_align": "center",
                            "widget.0.geomap_definition.#": "0",
                            "widget.0.group_definition.#": "0",
                            "widget.0.heatmap_definition.#": "0",
                            "widget.0.hostmap_definition.#": "0",
                            "widget.0.id": "6361941746896450",
                            "widget.0.iframe_definition.#": "0",
                            "widget.0.image_definition.#": "0",
                            "widget.0.list_stream_definition.#": "0",
                            "widget.0.log_stream_definition.#": "0",
                            "widget.0.manage_status_definition.#": "0",
                            "widget.0.note_definition.#": "0",
                            "widget.0.query_table_definition.#": "0",
                            "widget.0.query_value_definition.#": "0",
                            "widget.0.scatterplot_definition.#": "0",
                            "widget.0.service_level_objective_definition.#": "0",
                            "widget.0.servicemap_definition.#": "0",
                            "widget.0.slo_list_definition.#": "0",
                            "widget.0.sunburst_definition.#": "0",
                            "widget.0.timeseries_definition.#": "0",
                            "widget.0.toplist_definition.#": "0",
                            "widget.0.topology_map_definition.#": "0",
                            "widget.0.trace_service_definition.#": "0",
                            "widget.0.treemap_definition.#": "0",
                            "widget.0.widget_layout.#": "1",
                            "widget.0.widget_layout.0.height": "1",
                            "widget.0.widget_layout.0.is_column_break": "false",
                            "widget.0.widget_layout.0.width": "12",
                            "widget.0.widget_layout.0.x": "0",
                            "widget.0.widget_layout.0.y": "0",
                            "widget.1.alert_graph_definition.#": "0",
                            "widget.1.alert_value_definition.#": "0",
                            "widget.1.change_definition.#": "0",
                            "widget.1.check_status_definition.#": "0",
                            "widget.1.distribution_definition.#": "0",
                            "widget.1.event_stream_definition.#": "0",
                            "widget.1.event_timeline_definition.#": "0",
                            "widget.1.free_text_definition.#": "0",
                            "widget.1.geomap_definition.#": "0",
                            "widget.1.group_definition.#": "1",
                            "widget.1.group_definition.0.background_color": "blue",
                            "widget.1.group_definition.0.banner_img": "",
                            "widget.1.group_definition.0.layout_type": "ordered",
                            "widget.1.group_definition.0.show_title": "true",
                            "widget.1.group_definition.0.title": "APP1 Hosts Overview",
                            "widget.1.group_definition.0.widget.#": "9",
                            "widget.1.group_definition.0.widget.0.alert_graph_definition.#": "0",
                            "widget.1.group_definition.0.widget.0.alert_value_definition.#": "0",
                            "widget.1.group_definition.0.widget.0.change_definition.#": "0",
                            "widget.1.group_definition.0.widget.0.check_status_definition.#": "0",
                            "widget.1.group_definition.0.widget.0.distribution_definition.#": "0",
                            "widget.1.group_definition.0.widget.0.event_stream_definition.#": "0",
                            "widget.1.group_definition.0.widget.0.event_timeline_definition.#": "0",
                            "widget.1.group_definition.0.widget.0.free_text_definition.#": "0",
                            "widget.1.group_definition.0.widget.0.geomap_definition.#": "0",
                            "widget.1.group_definition.0.widget.0.heatmap_definition.#": "0",
                            "widget.1.group_definition.0.widget.0.hostmap_definition.#": "1",
                            "widget.1.group_definition.0.widget.0.hostmap_definition.0.custom_link.#": "0",
                            "widget.1.group_definition.0.widget.0.hostmap_definition.0.group.#": "0",
                            "widget.1.group_definition.0.widget.0.hostmap_definition.0.no_group_hosts": "true",
                            "widget.1.group_definition.0.widget.0.hostmap_definition.0.no_metric_hosts": "true",
                            "widget.1.group_definition.0.widget.0.hostmap_definition.0.node_type": "host",
                            "widget.1.group_definition.0.widget.0.hostmap_definition.0.request.#": "1",
                            "widget.1.group_definition.0.widget.0.hostmap_definition.0.request.0.fill.#": "1",
                            "widget.1.group_definition.0.widget.0.hostmap_definition.0.request.0.fill.0.apm_query.#": "0",
                            "widget.1.group_definition.0.widget.0.hostmap_definition.0.request.0.fill.0.log_query.#": "0",
                            "widget.1.group_definition.0.widget.0.hostmap_definition.0.request.0.fill.0.process_query.#": "0",
                            "widget.1.group_definition.0.widget.0.hostmap_definition.0.request.0.fill.0.q": "avg:system.net.tcp.active_opens{app:staging} by {host}",
                            "widget.1.group_definition.0.widget.0.hostmap_definition.0.request.0.fill.0.rum_query.#": "0",
                            "widget.1.group_definition.0.widget.0.hostmap_definition.0.request.0.fill.0.security_query.#": "0",
                            "widget.1.group_definition.0.widget.0.hostmap_definition.0.request.0.size.#": "0",
                            "widget.1.group_definition.0.widget.0.hostmap_definition.0.scope.#": "1",
                            "widget.1.group_definition.0.widget.0.hostmap_definition.0.scope.0": "app:staging",
                            "widget.1.group_definition.0.widget.0.hostmap_definition.0.style.#": "1",
                            "widget.1.group_definition.0.widget.0.hostmap_definition.0.style.0.fill_max": "auto",
                            "widget.1.group_definition.0.widget.0.hostmap_definition.0.style.0.fill_min": "auto",
                            "widget.1.group_definition.0.widget.0.hostmap_definition.0.style.0.palette": "green_to_orange",
                            "widget.1.group_definition.0.widget.0.hostmap_definition.0.style.0.palette_flip": "true",
                            "widget.1.group_definition.0.widget.0.hostmap_definition.0.title": "App1 Host Map",
                            "widget.1.group_definition.0.widget.0.hostmap_definition.0.title_align": "left",
                            "widget.1.group_definition.0.widget.0.hostmap_definition.0.title_size": "16",
                            "widget.1.group_definition.0.widget.0.id": "6792595178567682",
                            "widget.1.group_definition.0.widget.0.iframe_definition.#": "0",
                            "widget.1.group_definition.0.widget.0.image_definition.#": "0",
                            "widget.1.group_definition.0.widget.0.list_stream_definition.#": "0",
                            "widget.1.group_definition.0.widget.0.log_stream_definition.#": "0",
                            "widget.1.group_definition.0.widget.0.manage_status_definition.#": "0",
                            "widget.1.group_definition.0.widget.0.note_definition.#": "0",
                            "widget.1.group_definition.0.widget.0.query_table_definition.#": "0",
                            "widget.1.group_definition.0.widget.0.query_value_definition.#": "0",
                            "widget.1.group_definition.0.widget.0.scatterplot_definition.#": "0",
                            "widget.1.group_definition.0.widget.0.service_level_objective_definition.#": "0",
                            "widget.1.group_definition.0.widget.0.servicemap_definition.#": "0",
                            "widget.1.group_definition.0.widget.0.slo_list_definition.#": "0",
                            "widget.1.group_definition.0.widget.0.sunburst_definition.#": "0",
                            "widget.1.group_definition.0.widget.0.timeseries_definition.#": "0",
                            "widget.1.group_definition.0.widget.0.toplist_definition.#": "0",
                            "widget.1.group_definition.0.widget.0.topology_map_definition.#": "0",
                            "widget.1.group_definition.0.widget.0.trace_service_definition.#": "0",
                            "widget.1.group_definition.0.widget.0.treemap_definition.#": "0",
                            "widget.1.group_definition.0.widget.0.widget_layout.#": "1",
                            "widget.1.group_definition.0.widget.0.widget_layout.0.height": "4",
                            "widget.1.group_definition.0.widget.0.widget_layout.0.is_column_break": "false",
                            "widget.1.group_definition.0.widget.0.widget_layout.0.width": "2",
                            "widget.1.group_definition.0.widget.0.widget_layout.0.x": "0",
                            "widget.1.group_definition.0.widget.0.widget_layout.0.y": "0",
                            "widget.1.group_definition.0.widget.1.alert_graph_definition.#": "0",
                            "widget.1.group_definition.0.widget.1.alert_value_definition.#": "0",
                            "widget.1.group_definition.0.widget.1.change_definition.#": "0",
                            "widget.1.group_definition.0.widget.1.check_status_definition.#": "0",
                            "widget.1.group_definition.0.widget.1.distribution_definition.#": "0",
                            "widget.1.group_definition.0.widget.1.event_stream_definition.#": "0",
                            "widget.1.group_definition.0.widget.1.event_timeline_definition.#": "0",
                            "widget.1.group_definition.0.widget.1.free_text_definition.#": "0",
                            "widget.1.group_definition.0.widget.1.geomap_definition.#": "0",
                            "widget.1.group_definition.0.widget.1.heatmap_definition.#": "0",
                            "widget.1.group_definition.0.widget.1.hostmap_definition.#": "0",
                            "widget.1.group_definition.0.widget.1.id": "6763601062329580",
                            "widget.1.group_definition.0.widget.1.iframe_definition.#": "0",
                            "widget.1.group_definition.0.widget.1.image_definition.#": "0",
                            "widget.1.group_definition.0.widget.1.list_stream_definition.#": "0",
                            "widget.1.group_definition.0.widget.1.log_stream_definition.#": "0",
                            "widget.1.group_definition.0.widget.1.manage_status_definition.#": "0",
                            "widget.1.group_definition.0.widget.1.note_definition.#": "0",
                            "widget.1.group_definition.0.widget.1.query_table_definition.#": "0",
                            "widget.1.group_definition.0.widget.1.query_value_definition.#": "1",
                            "widget.1.group_definition.0.widget.1.query_value_definition.0.autoscale": "true",
                            "widget.1.group_definition.0.widget.1.query_value_definition.0.custom_link.#": "0",
                            "widget.1.group_definition.0.widget.1.query_value_definition.0.custom_unit": "",
                            "widget.1.group_definition.0.widget.1.query_value_definition.0.live_span": "",
                            "widget.1.group_definition.0.widget.1.query_value_definition.0.precision": "1",
                            "widget.1.group_definition.0.widget.1.query_value_definition.0.request.#": "1",
                            "widget.1.group_definition.0.widget.1.query_value_definition.0.request.0.aggregator": "",
                            "widget.1.group_definition.0.widget.1.query_value_definition.0.request.0.apm_query.#": "0",
                            "widget.1.group_definition.0.widget.1.query_value_definition.0.request.0.audit_query.#": "0",
                            "widget.1.group_definition.0.widget.1.query_value_definition.0.request.0.conditional_formats.#": "0",
                            "widget.1.group_definition.0.widget.1.query_value_definition.0.request.0.formula.#": "1",
                            "widget.1.group_definition.0.widget.1.query_value_definition.0.request.0.formula.0.alias": "",
                            "widget.1.group_definition.0.widget.1.query_value_definition.0.request.0.formula.0.cell_display_mode": "",
                            "widget.1.group_definition.0.widget.1.query_value_definition.0.request.0.formula.0.conditional_formats.#": "0",
                            "widget.1.group_definition.0.widget.1.query_value_definition.0.request.0.formula.0.formula_expression": "query1",
                            "widget.1.group_definition.0.widget.1.query_value_definition.0.request.0.formula.0.limit.#": "0",
                            "widget.1.group_definition.0.widget.1.query_value_definition.0.request.0.formula.0.style.#": "0",
                            "widget.1.group_definition.0.widget.1.query_value_definition.0.request.0.log_query.#": "0",
                            "widget.1.group_definition.0.widget.1.query_value_definition.0.request.0.process_query.#": "0",
                            "widget.1.group_definition.0.widget.1.query_value_definition.0.request.0.q": "",
                            "widget.1.group_definition.0.widget.1.query_value_definition.0.request.0.query.#": "1",
                            "widget.1.group_definition.0.widget.1.query_value_definition.0.request.0.query.0.apm_dependency_stats_query.#": "0",
                            "widget.1.group_definition.0.widget.1.query_value_definition.0.request.0.query.0.apm_resource_stats_query.#": "0",
                            "widget.1.group_definition.0.widget.1.query_value_definition.0.request.0.query.0.event_query.#": "0",
                            "widget.1.group_definition.0.widget.1.query_value_definition.0.request.0.query.0.metric_query.#": "1",
                            "widget.1.group_definition.0.widget.1.query_value_definition.0.request.0.query.0.metric_query.0.aggregator": "avg",
                            "widget.1.group_definition.0.widget.1.query_value_definition.0.request.0.query.0.metric_query.0.data_source": "metrics",
                            "widget.1.group_definition.0.widget.1.query_value_definition.0.request.0.query.0.metric_query.0.name": "query1",
                            "widget.1.group_definition.0.widget.1.query_value_definition.0.request.0.query.0.metric_query.0.query": "avg:system.uptime{app:staging}",
                            "widget.1.group_definition.0.widget.1.query_value_definition.0.request.0.query.0.process_query.#": "0",
                            "widget.1.group_definition.0.widget.1.query_value_definition.0.request.0.rum_query.#": "0",
                            "widget.1.group_definition.0.widget.1.query_value_definition.0.request.0.security_query.#": "0",
                            "widget.1.group_definition.0.widget.1.query_value_definition.0.text_align": "",
                            "widget.1.group_definition.0.widget.1.query_value_definition.0.timeseries_background.#": "0",
                            "widget.1.group_definition.0.widget.1.query_value_definition.0.title": "System uptime",
                            "widget.1.group_definition.0.widget.1.query_value_definition.0.title_align": "",
                            "widget.1.group_definition.0.widget.1.query_value_definition.0.title_size": "",
                            "widget.1.group_definition.0.widget.1.scatterplot_definition.#": "0",
                            "widget.1.group_definition.0.widget.1.service_level_objective_definition.#": "0",
                            "widget.1.group_definition.0.widget.1.servicemap_definition.#": "0",
                            "widget.1.group_definition.0.widget.1.slo_list_definition.#": "0",
                            "widget.1.group_definition.0.widget.1.sunburst_definition.#": "0",
                            "widget.1.group_definition.0.widget.1.timeseries_definition.#": "0",
                            "widget.1.group_definition.0.widget.1.toplist_definition.#": "0",
                            "widget.1.group_definition.0.widget.1.topology_map_definition.#": "0",
                            "widget.1.group_definition.0.widget.1.trace_service_definition.#": "0",
                            "widget.1.group_definition.0.widget.1.treemap_definition.#": "0",
                            "widget.1.group_definition.0.widget.1.widget_layout.#": "1",
                            "widget.1.group_definition.0.widget.1.widget_layout.0.height": "2",
                            "widget.1.group_definition.0.widget.1.widget_layout.0.is_column_break": "false",
                            "widget.1.group_definition.0.widget.1.widget_layout.0.width": "1",
                            "widget.1.group_definition.0.widget.1.widget_layout.0.x": "2",
                            "widget.1.group_definition.0.widget.1.widget_layout.0.y": "0",
                            "widget.1.group_definition.0.widget.2.alert_graph_definition.#": "0",
                            "widget.1.group_definition.0.widget.2.alert_value_definition.#": "0",
                            "widget.1.group_definition.0.widget.2.change_definition.#": "0",
                            "widget.1.group_definition.0.widget.2.check_status_definition.#": "0",
                            "widget.1.group_definition.0.widget.2.distribution_definition.#": "0",
                            "widget.1.group_definition.0.widget.2.event_stream_definition.#": "0",
                            "widget.1.group_definition.0.widget.2.event_timeline_definition.#": "0",
                            "widget.1.group_definition.0.widget.2.free_text_definition.#": "0",
                            "widget.1.group_definition.0.widget.2.geomap_definition.#": "0",
                            "widget.1.group_definition.0.widget.2.heatmap_definition.#": "0",
                            "widget.1.group_definition.0.widget.2.hostmap_definition.#": "0",
                            "widget.1.group_definition.0.widget.2.id": "3694945162348432",
                            "widget.1.group_definition.0.widget.2.iframe_definition.#": "0",
                            "widget.1.group_definition.0.widget.2.image_definition.#": "0",
                            "widget.1.group_definition.0.widget.2.list_stream_definition.#": "0",
                            "widget.1.group_definition.0.widget.2.log_stream_definition.#": "0",
                            "widget.1.group_definition.0.widget.2.manage_status_definition.#": "0",
                            "widget.1.group_definition.0.widget.2.note_definition.#": "0",
                            "widget.1.group_definition.0.widget.2.query_table_definition.#": "0",
                            "widget.1.group_definition.0.widget.2.query_value_definition.#": "0",
                            "widget.1.group_definition.0.widget.2.scatterplot_definition.#": "0",
                            "widget.1.group_definition.0.widget.2.service_level_objective_definition.#": "0",
                            "widget.1.group_definition.0.widget.2.servicemap_definition.#": "0",
                            "widget.1.group_definition.0.widget.2.slo_list_definition.#": "0",
                            "widget.1.group_definition.0.widget.2.sunburst_definition.#": "0",
                            "widget.1.group_definition.0.widget.2.timeseries_definition.#": "1",
                            "widget.1.group_definition.0.widget.2.timeseries_definition.0.custom_link.#": "0",
                            "widget.1.group_definition.0.widget.2.timeseries_definition.0.event.#": "0",
                            "widget.1.group_definition.0.widget.2.timeseries_definition.0.legend_columns.#": "5",
                            "widget.1.group_definition.0.widget.2.timeseries_definition.0.legend_columns.0": "avg",
                            "widget.1.group_definition.0.widget.2.timeseries_definition.0.legend_columns.1": "max",
                            "widget.1.group_definition.0.widget.2.timeseries_definition.0.legend_columns.2": "min",
                            "widget.1.group_definition.0.widget.2.timeseries_definition.0.legend_columns.3": "sum",
                            "widget.1.group_definition.0.widget.2.timeseries_definition.0.legend_columns.4": "value",
                            "widget.1.group_definition.0.widget.2.timeseries_definition.0.legend_layout": "auto",
                            "widget.1.group_definition.0.widget.2.timeseries_definition.0.legend_size": "",
                            "widget.1.group_definition.0.widget.2.timeseries_definition.0.live_span": "1d",
                            "widget.1.group_definition.0.widget.2.timeseries_definition.0.marker.#": "0",
                            "widget.1.group_definition.0.widget.2.timeseries_definition.0.request.#": "1",
                            "widget.1.group_definition.0.widget.2.timeseries_definition.0.request.0.apm_query.#": "0",
                            "widget.1.group_definition.0.widget.2.timeseries_definition.0.request.0.audit_query.#": "0",
                            "widget.1.group_definition.0.widget.2.timeseries_definition.0.request.0.display_type": "area",
                            "widget.1.group_definition.0.widget.2.timeseries_definition.0.request.0.formula.#": "6",
                            "widget.1.group_definition.0.widget.2.timeseries_definition.0.request.0.formula.0.alias": "% time the CPU spent in an idle state",
                            "widget.1.group_definition.0.widget.2.timeseries_definition.0.request.0.formula.0.cell_display_mode": "",
                            "widget.1.group_definition.0.widget.2.timeseries_definition.0.request.0.formula.0.conditional_formats.#": "0",
                            "widget.1.group_definition.0.widget.2.timeseries_definition.0.request.0.formula.0.formula_expression": "query1",
                            "widget.1.group_definition.0.widget.2.timeseries_definition.0.request.0.formula.0.limit.#": "0",
                            "widget.1.group_definition.0.widget.2.timeseries_definition.0.request.0.formula.0.style.#": "0",
                            "widget.1.group_definition.0.widget.2.timeseries_definition.0.request.0.formula.1.alias": "% time the CPU spent running the kernel",
                            "widget.1.group_definition.0.widget.2.timeseries_definition.0.request.0.formula.1.cell_display_mode": "",
                            "widget.1.group_definition.0.widget.2.timeseries_definition.0.request.0.formula.1.conditional_formats.#": "0",
                            "widget.1.group_definition.0.widget.2.timeseries_definition.0.request.0.formula.1.formula_expression": "query2",
                            "widget.1.group_definition.0.widget.2.timeseries_definition.0.request.0.formula.1.limit.#": "0",
                            "widget.1.group_definition.0.widget.2.timeseries_definition.0.request.0.formula.1.style.#": "0",
                            "widget.1.group_definition.0.widget.2.timeseries_definition.0.request.0.formula.2.alias": "% time the CPU spent waiting for IO operations to complete",
                            "widget.1.group_definition.0.widget.2.timeseries_definition.0.request.0.formula.2.cell_display_mode": "",
                            "widget.1.group_definition.0.widget.2.timeseries_definition.0.request.0.formula.2.conditional_formats.#": "0",
                            "widget.1.group_definition.0.widget.2.timeseries_definition.0.request.0.formula.2.formula_expression": "query3",
                            "widget.1.group_definition.0.widget.2.timeseries_definition.0.request.0.formula.2.limit.#": "0",
                            "widget.1.group_definition.0.widget.2.timeseries_definition.0.request.0.formula.2.style.#": "0",
                            "widget.1.group_definition.0.widget.2.timeseries_definition.0.request.0.formula.3.alias": "% time the CPU spent running user space processes",
                            "widget.1.group_definition.0.widget.2.timeseries_definition.0.request.0.formula.3.cell_display_mode": "",
                            "widget.1.group_definition.0.widget.2.timeseries_definition.0.request.0.formula.3.conditional_formats.#": "0",
                            "widget.1.group_definition.0.widget.2.timeseries_definition.0.request.0.formula.3.formula_expression": "query4",
                            "widget.1.group_definition.0.widget.2.timeseries_definition.0.request.0.formula.3.limit.#": "0",
                            "widget.1.group_definition.0.widget.2.timeseries_definition.0.request.0.formula.3.style.#": "0",
                            "widget.1.group_definition.0.widget.2.timeseries_definition.0.request.0.formula.4.alias": "% time the virtual CPU spent waiting for the hypervisor to service another virtual CPU",
                            "widget.1.group_definition.0.widget.2.timeseries_definition.0.request.0.formula.4.cell_display_mode": "",
                            "widget.1.group_definition.0.widget.2.timeseries_definition.0.request.0.formula.4.conditional_formats.#": "0",
                            "widget.1.group_definition.0.widget.2.timeseries_definition.0.request.0.formula.4.formula_expression": "query5",
                            "widget.1.group_definition.0.widget.2.timeseries_definition.0.request.0.formula.4.limit.#": "0",
                            "widget.1.group_definition.0.widget.2.timeseries_definition.0.request.0.formula.4.style.#": "0",
                            "widget.1.group_definition.0.widget.2.timeseries_definition.0.request.0.formula.5.alias": "% time the CPU spent running the virtual processor",
                            "widget.1.group_definition.0.widget.2.timeseries_definition.0.request.0.formula.5.cell_display_mode": "",
                            "widget.1.group_definition.0.widget.2.timeseries_definition.0.request.0.formula.5.conditional_formats.#": "0",
                            "widget.1.group_definition.0.widget.2.timeseries_definition.0.request.0.formula.5.formula_expression": "query6",
                            "widget.1.group_definition.0.widget.2.timeseries_definition.0.request.0.formula.5.limit.#": "0",
                            "widget.1.group_definition.0.widget.2.timeseries_definition.0.request.0.formula.5.style.#": "0",
                            "widget.1.group_definition.0.widget.2.timeseries_definition.0.request.0.log_query.#": "0",
                            "widget.1.group_definition.0.widget.2.timeseries_definition.0.request.0.metadata.#": "0",
                            "widget.1.group_definition.0.widget.2.timeseries_definition.0.request.0.network_query.#": "0",
                            "widget.1.group_definition.0.widget.2.timeseries_definition.0.request.0.on_right_yaxis": "false",
                            "widget.1.group_definition.0.widget.2.timeseries_definition.0.request.0.process_query.#": "0",
                            "widget.1.group_definition.0.widget.2.timeseries_definition.0.request.0.q": "",
                            "widget.1.group_definition.0.widget.2.timeseries_definition.0.request.0.query.#": "6",
                            "widget.1.group_definition.0.widget.2.timeseries_definition.0.request.0.query.0.apm_dependency_stats_query.#": "0",
                            "widget.1.group_definition.0.widget.2.timeseries_definition.0.request.0.query.0.apm_resource_stats_query.#": "0",
                            "widget.1.group_definition.0.widget.2.timeseries_definition.0.request.0.query.0.event_query.#": "0",
                            "widget.1.group_definition.0.widget.2.timeseries_definition.0.request.0.query.0.metric_query.#": "1",
                            "widget.1.group_definition.0.widget.2.timeseries_definition.0.request.0.query.0.metric_query.0.aggregator": "",
                            "widget.1.group_definition.0.widget.2.timeseries_definition.0.request.0.query.0.metric_query.0.data_source": "metrics",
                            "widget.1.group_definition.0.widget.2.timeseries_definition.0.request.0.query.0.metric_query.0.name": "query1",
                            "widget.1.group_definition.0.widget.2.timeseries_definition.0.request.0.query.0.metric_query.0.query": "sum:system.cpu.idle{app:staging} by {host}",
                            "widget.1.group_definition.0.widget.2.timeseries_definition.0.request.0.query.0.process_query.#": "0",
                            "widget.1.group_definition.0.widget.2.timeseries_definition.0.request.0.query.1.apm_dependency_stats_query.#": "0",
                            "widget.1.group_definition.0.widget.2.timeseries_definition.0.request.0.query.1.apm_resource_stats_query.#": "0",
                            "widget.1.group_definition.0.widget.2.timeseries_definition.0.request.0.query.1.event_query.#": "0",
                            "widget.1.group_definition.0.widget.2.timeseries_definition.0.request.0.query.1.metric_query.#": "1",
                            "widget.1.group_definition.0.widget.2.timeseries_definition.0.request.0.query.1.metric_query.0.aggregator": "",
                            "widget.1.group_definition.0.widget.2.timeseries_definition.0.request.0.query.1.metric_query.0.data_source": "metrics",
                            "widget.1.group_definition.0.widget.2.timeseries_definition.0.request.0.query.1.metric_query.0.name": "query2",
                            "widget.1.group_definition.0.widget.2.timeseries_definition.0.request.0.query.1.metric_query.0.query": "sum:system.cpu.system{app:staging} by {host}",
                            "widget.1.group_definition.0.widget.2.timeseries_definition.0.request.0.query.1.process_query.#": "0",
                            "widget.1.group_definition.0.widget.2.timeseries_definition.0.request.0.query.2.apm_dependency_stats_query.#": "0",
                            "widget.1.group_definition.0.widget.2.timeseries_definition.0.request.0.query.2.apm_resource_stats_query.#": "0",
                            "widget.1.group_definition.0.widget.2.timeseries_definition.0.request.0.query.2.event_query.#": "0",
                            "widget.1.group_definition.0.widget.2.timeseries_definition.0.request.0.query.2.metric_query.#": "1",
                            "widget.1.group_definition.0.widget.2.timeseries_definition.0.request.0.query.2.metric_query.0.aggregator": "",
                            "widget.1.group_definition.0.widget.2.timeseries_definition.0.request.0.query.2.metric_query.0.data_source": "metrics",
                            "widget.1.group_definition.0.widget.2.timeseries_definition.0.request.0.query.2.metric_query.0.name": "query3",
                            "widget.1.group_definition.0.widget.2.timeseries_definition.0.request.0.query.2.metric_query.0.query": "sum:system.cpu.iowait{app:staging} by {host}",
                            "widget.1.group_definition.0.widget.2.timeseries_definition.0.request.0.query.2.process_query.#": "0",
                            "widget.1.group_definition.0.widget.2.timeseries_definition.0.request.0.query.3.apm_dependency_stats_query.#": "0",
                            "widget.1.group_definition.0.widget.2.timeseries_definition.0.request.0.query.3.apm_resource_stats_query.#": "0",
                            "widget.1.group_definition.0.widget.2.timeseries_definition.0.request.0.query.3.event_query.#": "0",
                            "widget.1.group_definition.0.widget.2.timeseries_definition.0.request.0.query.3.metric_query.#": "1",
                            "widget.1.group_definition.0.widget.2.timeseries_definition.0.request.0.query.3.metric_query.0.aggregator": "",
                            "widget.1.group_definition.0.widget.2.timeseries_definition.0.request.0.query.3.metric_query.0.data_source": "metrics",
                            "widget.1.group_definition.0.widget.2.timeseries_definition.0.request.0.query.3.metric_query.0.name": "query4",
                            "widget.1.group_definition.0.widget.2.timeseries_definition.0.request.0.query.3.metric_query.0.query": "sum:system.cpu.user{app:staging} by {host}",
                            "widget.1.group_definition.0.widget.2.timeseries_definition.0.request.0.query.3.process_query.#": "0",
                            "widget.1.group_definition.0.widget.2.timeseries_definition.0.request.0.query.4.apm_dependency_stats_query.#": "0",
                            "widget.1.group_definition.0.widget.2.timeseries_definition.0.request.0.query.4.apm_resource_stats_query.#": "0",
                            "widget.1.group_definition.0.widget.2.timeseries_definition.0.request.0.query.4.event_query.#": "0",
                            "widget.1.group_definition.0.widget.2.timeseries_definition.0.request.0.query.4.metric_query.#": "1",
                            "widget.1.group_definition.0.widget.2.timeseries_definition.0.request.0.query.4.metric_query.0.aggregator": "",
                            "widget.1.group_definition.0.widget.2.timeseries_definition.0.request.0.query.4.metric_query.0.data_source": "metrics",
                            "widget.1.group_definition.0.widget.2.timeseries_definition.0.request.0.query.4.metric_query.0.name": "query5",
                            "widget.1.group_definition.0.widget.2.timeseries_definition.0.request.0.query.4.metric_query.0.query": "sum:system.cpu.stolen{app:staging} by {host}",
                            "widget.1.group_definition.0.widget.2.timeseries_definition.0.request.0.query.4.process_query.#": "0",
                            "widget.1.group_definition.0.widget.2.timeseries_definition.0.request.0.query.5.apm_dependency_stats_query.#": "0",
                            "widget.1.group_definition.0.widget.2.timeseries_definition.0.request.0.query.5.apm_resource_stats_query.#": "0",
                            "widget.1.group_definition.0.widget.2.timeseries_definition.0.request.0.query.5.event_query.#": "0",
                            "widget.1.group_definition.0.widget.2.timeseries_definition.0.request.0.query.5.metric_query.#": "1",
                            "widget.1.group_definition.0.widget.2.timeseries_definition.0.request.0.query.5.metric_query.0.aggregator": "",
                            "widget.1.group_definition.0.widget.2.timeseries_definition.0.request.0.query.5.metric_query.0.data_source": "metrics",
                            "widget.1.group_definition.0.widget.2.timeseries_definition.0.request.0.query.5.metric_query.0.name": "query6",
                            "widget.1.group_definition.0.widget.2.timeseries_definition.0.request.0.query.5.metric_query.0.query": "sum:system.cpu.guest{app:staging} by {host}",
                            "widget.1.group_definition.0.widget.2.timeseries_definition.0.request.0.query.5.process_query.#": "0",
                            "widget.1.group_definition.0.widget.2.timeseries_definition.0.request.0.rum_query.#": "0",
                            "widget.1.group_definition.0.widget.2.timeseries_definition.0.request.0.security_query.#": "0",
                            "widget.1.group_definition.0.widget.2.timeseries_definition.0.request.0.style.#": "1",
                            "widget.1.group_definition.0.widget.2.timeseries_definition.0.request.0.style.0.line_type": "solid",
                            "widget.1.group_definition.0.widget.2.timeseries_definition.0.request.0.style.0.line_width": "normal",
                            "widget.1.group_definition.0.widget.2.timeseries_definition.0.request.0.style.0.palette": "cool",
                            "widget.1.group_definition.0.widget.2.timeseries_definition.0.right_yaxis.#": "0",
                            "widget.1.group_definition.0.widget.2.timeseries_definition.0.show_legend": "false",
                            "widget.1.group_definition.0.widget.2.timeseries_definition.0.title": "CPU usage breakdown (%)",
                            "widget.1.group_definition.0.widget.2.timeseries_definition.0.title_align": "",
                            "widget.1.group_definition.0.widget.2.timeseries_definition.0.title_size": "",
                            "widget.1.group_definition.0.widget.2.timeseries_definition.0.yaxis.#": "1",
                            "widget.1.group_definition.0.widget.2.timeseries_definition.0.yaxis.0.include_zero": "true",
                            "widget.1.group_definition.0.widget.2.timeseries_definition.0.yaxis.0.label": "",
                            "widget.1.group_definition.0.widget.2.timeseries_definition.0.yaxis.0.max": "auto",
                            "widget.1.group_definition.0.widget.2.timeseries_definition.0.yaxis.0.min": "auto",
                            "widget.1.group_definition.0.widget.2.timeseries_definition.0.yaxis.0.scale": "linear",
                            "widget.1.group_definition.0.widget.2.toplist_definition.#": "0",
                            "widget.1.group_definition.0.widget.2.topology_map_definition.#": "0",
                            "widget.1.group_definition.0.widget.2.trace_service_definition.#": "0",
                            "widget.1.group_definition.0.widget.2.treemap_definition.#": "0",
                            "widget.1.group_definition.0.widget.2.widget_layout.#": "1",
                            "widget.1.group_definition.0.widget.2.widget_layout.0.height": "2",
                            "widget.1.group_definition.0.widget.2.widget_layout.0.is_column_break": "false",
                            "widget.1.group_definition.0.widget.2.widget_layout.0.width": "3",
                            "widget.1.group_definition.0.widget.2.widget_layout.0.x": "3",
                            "widget.1.group_definition.0.widget.2.widget_layout.0.y": "0",
                            "widget.1.group_definition.0.widget.3.alert_graph_definition.#": "0",
                            "widget.1.group_definition.0.widget.3.alert_value_definition.#": "0",
                            "widget.1.group_definition.0.widget.3.change_definition.#": "0",
                            "widget.1.group_definition.0.widget.3.check_status_definition.#": "0",
                            "widget.1.group_definition.0.widget.3.distribution_definition.#": "0",
                            "widget.1.group_definition.0.widget.3.event_stream_definition.#": "0",
                            "widget.1.group_definition.0.widget.3.event_timeline_definition.#": "0",
                            "widget.1.group_definition.0.widget.3.free_text_definition.#": "0",
                            "widget.1.group_definition.0.widget.3.geomap_definition.#": "0",
                            "widget.1.group_definition.0.widget.3.heatmap_definition.#": "0",
                            "widget.1.group_definition.0.widget.3.hostmap_definition.#": "0",
                            "widget.1.group_definition.0.widget.3.id": "3050292239994896",
                            "widget.1.group_definition.0.widget.3.iframe_definition.#": "0",
                            "widget.1.group_definition.0.widget.3.image_definition.#": "0",
                            "widget.1.group_definition.0.widget.3.list_stream_definition.#": "0",
                            "widget.1.group_definition.0.widget.3.log_stream_definition.#": "0",
                            "widget.1.group_definition.0.widget.3.manage_status_definition.#": "0",
                            "widget.1.group_definition.0.widget.3.note_definition.#": "0",
                            "widget.1.group_definition.0.widget.3.query_table_definition.#": "0",
                            "widget.1.group_definition.0.widget.3.query_value_definition.#": "0",
                            "widget.1.group_definition.0.widget.3.scatterplot_definition.#": "0",
                            "widget.1.group_definition.0.widget.3.service_level_objective_definition.#": "0",
                            "widget.1.group_definition.0.widget.3.servicemap_definition.#": "0",
                            "widget.1.group_definition.0.widget.3.slo_list_definition.#": "0",
                            "widget.1.group_definition.0.widget.3.sunburst_definition.#": "0",
                            "widget.1.group_definition.0.widget.3.timeseries_definition.#": "1",
                            "widget.1.group_definition.0.widget.3.timeseries_definition.0.custom_link.#": "0",
                            "widget.1.group_definition.0.widget.3.timeseries_definition.0.event.#": "0",
                            "widget.1.group_definition.0.widget.3.timeseries_definition.0.legend_columns.#": "5",
                            "widget.1.group_definition.0.widget.3.timeseries_definition.0.legend_columns.0": "avg",
                            "widget.1.group_definition.0.widget.3.timeseries_definition.0.legend_columns.1": "max",
                            "widget.1.group_definition.0.widget.3.timeseries_definition.0.legend_columns.2": "min",
                            "widget.1.group_definition.0.widget.3.timeseries_definition.0.legend_columns.3": "sum",
                            "widget.1.group_definition.0.widget.3.timeseries_definition.0.legend_columns.4": "value",
                            "widget.1.group_definition.0.widget.3.timeseries_definition.0.legend_layout": "auto",
                            "widget.1.group_definition.0.widget.3.timeseries_definition.0.legend_size": "",
                            "widget.1.group_definition.0.widget.3.timeseries_definition.0.live_span": "",
                            "widget.1.group_definition.0.widget.3.timeseries_definition.0.marker.#": "0",
                            "widget.1.group_definition.0.widget.3.timeseries_definition.0.request.#": "1",
                            "widget.1.group_definition.0.widget.3.timeseries_definition.0.request.0.apm_query.#": "0",
                            "widget.1.group_definition.0.widget.3.timeseries_definition.0.request.0.audit_query.#": "0",
                            "widget.1.group_definition.0.widget.3.timeseries_definition.0.request.0.display_type": "line",
                            "widget.1.group_definition.0.widget.3.timeseries_definition.0.request.0.formula.#": "1",
                            "widget.1.group_definition.0.widget.3.timeseries_definition.0.request.0.formula.0.alias": "",
                            "widget.1.group_definition.0.widget.3.timeseries_definition.0.request.0.formula.0.cell_display_mode": "",
                            "widget.1.group_definition.0.widget.3.timeseries_definition.0.request.0.formula.0.conditional_formats.#": "0",
                            "widget.1.group_definition.0.widget.3.timeseries_definition.0.request.0.formula.0.formula_expression": "query1",
                            "widget.1.group_definition.0.widget.3.timeseries_definition.0.request.0.formula.0.limit.#": "0",
                            "widget.1.group_definition.0.widget.3.timeseries_definition.0.request.0.formula.0.style.#": "0",
                            "widget.1.group_definition.0.widget.3.timeseries_definition.0.request.0.log_query.#": "0",
                            "widget.1.group_definition.0.widget.3.timeseries_definition.0.request.0.metadata.#": "0",
                            "widget.1.group_definition.0.widget.3.timeseries_definition.0.request.0.network_query.#": "0",
                            "widget.1.group_definition.0.widget.3.timeseries_definition.0.request.0.on_right_yaxis": "false",
                            "widget.1.group_definition.0.widget.3.timeseries_definition.0.request.0.process_query.#": "0",
                            "widget.1.group_definition.0.widget.3.timeseries_definition.0.request.0.q": "",
                            "widget.1.group_definition.0.widget.3.timeseries_definition.0.request.0.query.#": "1",
                            "widget.1.group_definition.0.widget.3.timeseries_definition.0.request.0.query.0.apm_dependency_stats_query.#": "0",
                            "widget.1.group_definition.0.widget.3.timeseries_definition.0.request.0.query.0.apm_resource_stats_query.#": "0",
                            "widget.1.group_definition.0.widget.3.timeseries_definition.0.request.0.query.0.event_query.#": "0",
                            "widget.1.group_definition.0.widget.3.timeseries_definition.0.request.0.query.0.metric_query.#": "1",
                            "widget.1.group_definition.0.widget.3.timeseries_definition.0.request.0.query.0.metric_query.0.aggregator": "",
                            "widget.1.group_definition.0.widget.3.timeseries_definition.0.request.0.query.0.metric_query.0.data_source": "metrics",
                            "widget.1.group_definition.0.widget.3.timeseries_definition.0.request.0.query.0.metric_query.0.name": "query1",
                            "widget.1.group_definition.0.widget.3.timeseries_definition.0.request.0.query.0.metric_query.0.query": "sum:kubernetes.cpu.usage.total{app:staging} by {host}",
                            "widget.1.group_definition.0.widget.3.timeseries_definition.0.request.0.query.0.process_query.#": "0",
                            "widget.1.group_definition.0.widget.3.timeseries_definition.0.request.0.rum_query.#": "0",
                            "widget.1.group_definition.0.widget.3.timeseries_definition.0.request.0.security_query.#": "0",
                            "widget.1.group_definition.0.widget.3.timeseries_definition.0.request.0.style.#": "1",
                            "widget.1.group_definition.0.widget.3.timeseries_definition.0.request.0.style.0.line_type": "solid",
                            "widget.1.group_definition.0.widget.3.timeseries_definition.0.request.0.style.0.line_width": "normal",
                            "widget.1.group_definition.0.widget.3.timeseries_definition.0.request.0.style.0.palette": "cool",
                            "widget.1.group_definition.0.widget.3.timeseries_definition.0.right_yaxis.#": "0",
                            "widget.1.group_definition.0.widget.3.timeseries_definition.0.show_legend": "true",
                            "widget.1.group_definition.0.widget.3.timeseries_definition.0.title": "CPU usage per node",
                            "widget.1.group_definition.0.widget.3.timeseries_definition.0.title_align": "left",
                            "widget.1.group_definition.0.widget.3.timeseries_definition.0.title_size": "16",
                            "widget.1.group_definition.0.widget.3.timeseries_definition.0.yaxis.#": "1",
                            "widget.1.group_definition.0.widget.3.timeseries_definition.0.yaxis.0.include_zero": "true",
                            "widget.1.group_definition.0.widget.3.timeseries_definition.0.yaxis.0.label": "",
                            "widget.1.group_definition.0.widget.3.timeseries_definition.0.yaxis.0.max": "auto",
                            "widget.1.group_definition.0.widget.3.timeseries_definition.0.yaxis.0.min": "auto",
                            "widget.1.group_definition.0.widget.3.timeseries_definition.0.yaxis.0.scale": "linear",
                            "widget.1.group_definition.0.widget.3.toplist_definition.#": "0",
                            "widget.1.group_definition.0.widget.3.topology_map_definition.#": "0",
                            "widget.1.group_definition.0.widget.3.trace_service_definition.#": "0",
                            "widget.1.group_definition.0.widget.3.treemap_definition.#": "0",
                            "widget.1.group_definition.0.widget.3.widget_layout.#": "1",
                            "widget.1.group_definition.0.widget.3.widget_layout.0.height": "2",
                            "widget.1.group_definition.0.widget.3.widget_layout.0.is_column_break": "false",
                            "widget.1.group_definition.0.widget.3.widget_layout.0.width": "2",
                            "widget.1.group_definition.0.widget.3.widget_layout.0.x": "6",
                            "widget.1.group_definition.0.widget.3.widget_layout.0.y": "0",
                            "widget.1.group_definition.0.widget.4.alert_graph_definition.#": "0",
                            "widget.1.group_definition.0.widget.4.alert_value_definition.#": "0",
                            "widget.1.group_definition.0.widget.4.change_definition.#": "0",
                            "widget.1.group_definition.0.widget.4.check_status_definition.#": "0",
                            "widget.1.group_definition.0.widget.4.distribution_definition.#": "0",
                            "widget.1.group_definition.0.widget.4.event_stream_definition.#": "0",
                            "widget.1.group_definition.0.widget.4.event_timeline_definition.#": "0",
                            "widget.1.group_definition.0.widget.4.free_text_definition.#": "0",
                            "widget.1.group_definition.0.widget.4.geomap_definition.#": "0",
                            "widget.1.group_definition.0.widget.4.heatmap_definition.#": "0",
                            "widget.1.group_definition.0.widget.4.hostmap_definition.#": "0",
                            "widget.1.group_definition.0.widget.4.id": "3968202803376266",
                            "widget.1.group_definition.0.widget.4.iframe_definition.#": "0",
                            "widget.1.group_definition.0.widget.4.image_definition.#": "0",
                            "widget.1.group_definition.0.widget.4.list_stream_definition.#": "0",
                            "widget.1.group_definition.0.widget.4.log_stream_definition.#": "0",
                            "widget.1.group_definition.0.widget.4.manage_status_definition.#": "0",
                            "widget.1.group_definition.0.widget.4.note_definition.#": "0",
                            "widget.1.group_definition.0.widget.4.query_table_definition.#": "0",
                            "widget.1.group_definition.0.widget.4.query_value_definition.#": "0",
                            "widget.1.group_definition.0.widget.4.scatterplot_definition.#": "0",
                            "widget.1.group_definition.0.widget.4.service_level_objective_definition.#": "0",
                            "widget.1.group_definition.0.widget.4.servicemap_definition.#": "0",
                            "widget.1.group_definition.0.widget.4.slo_list_definition.#": "0",
                            "widget.1.group_definition.0.widget.4.sunburst_definition.#": "0",
                            "widget.1.group_definition.0.widget.4.timeseries_definition.#": "1",
                            "widget.1.group_definition.0.widget.4.timeseries_definition.0.custom_link.#": "0",
                            "widget.1.group_definition.0.widget.4.timeseries_definition.0.event.#": "0",
                            "widget.1.group_definition.0.widget.4.timeseries_definition.0.legend_columns.#": "5",
                            "widget.1.group_definition.0.widget.4.timeseries_definition.0.legend_columns.0": "avg",
                            "widget.1.group_definition.0.widget.4.timeseries_definition.0.legend_columns.1": "max",
                            "widget.1.group_definition.0.widget.4.timeseries_definition.0.legend_columns.2": "min",
                            "widget.1.group_definition.0.widget.4.timeseries_definition.0.legend_columns.3": "sum",
                            "widget.1.group_definition.0.widget.4.timeseries_definition.0.legend_columns.4": "value",
                            "widget.1.group_definition.0.widget.4.timeseries_definition.0.legend_layout": "auto",
                            "widget.1.group_definition.0.widget.4.timeseries_definition.0.legend_size": "",
                            "widget.1.group_definition.0.widget.4.timeseries_definition.0.live_span": "1d",
                            "widget.1.group_definition.0.widget.4.timeseries_definition.0.marker.#": "0",
                            "widget.1.group_definition.0.widget.4.timeseries_definition.0.request.#": "2",
                            "widget.1.group_definition.0.widget.4.timeseries_definition.0.request.0.apm_query.#": "0",
                            "widget.1.group_definition.0.widget.4.timeseries_definition.0.request.0.audit_query.#": "0",
                            "widget.1.group_definition.0.widget.4.timeseries_definition.0.request.0.display_type": "area",
                            "widget.1.group_definition.0.widget.4.timeseries_definition.0.request.0.formula.#": "1",
                            "widget.1.group_definition.0.widget.4.timeseries_definition.0.request.0.formula.0.alias": "RAM total",
                            "widget.1.group_definition.0.widget.4.timeseries_definition.0.request.0.formula.0.cell_display_mode": "",
                            "widget.1.group_definition.0.widget.4.timeseries_definition.0.request.0.formula.0.conditional_formats.#": "0",
                            "widget.1.group_definition.0.widget.4.timeseries_definition.0.request.0.formula.0.formula_expression": "query2",
                            "widget.1.group_definition.0.widget.4.timeseries_definition.0.request.0.formula.0.limit.#": "0",
                            "widget.1.group_definition.0.widget.4.timeseries_definition.0.request.0.formula.0.style.#": "0",
                            "widget.1.group_definition.0.widget.4.timeseries_definition.0.request.0.log_query.#": "0",
                            "widget.1.group_definition.0.widget.4.timeseries_definition.0.request.0.metadata.#": "0",
                            "widget.1.group_definition.0.widget.4.timeseries_definition.0.request.0.network_query.#": "0",
                            "widget.1.group_definition.0.widget.4.timeseries_definition.0.request.0.on_right_yaxis": "false",
                            "widget.1.group_definition.0.widget.4.timeseries_definition.0.request.0.process_query.#": "0",
                            "widget.1.group_definition.0.widget.4.timeseries_definition.0.request.0.q": "",
                            "widget.1.group_definition.0.widget.4.timeseries_definition.0.request.0.query.#": "1",
                            "widget.1.group_definition.0.widget.4.timeseries_definition.0.request.0.query.0.apm_dependency_stats_query.#": "0",
                            "widget.1.group_definition.0.widget.4.timeseries_definition.0.request.0.query.0.apm_resource_stats_query.#": "0",
                            "widget.1.group_definition.0.widget.4.timeseries_definition.0.request.0.query.0.event_query.#": "0",
                            "widget.1.group_definition.0.widget.4.timeseries_definition.0.request.0.query.0.metric_query.#": "1",
                            "widget.1.group_definition.0.widget.4.timeseries_definition.0.request.0.query.0.metric_query.0.aggregator": "",
                            "widget.1.group_definition.0.widget.4.timeseries_definition.0.request.0.query.0.metric_query.0.data_source": "metrics",
                            "widget.1.group_definition.0.widget.4.timeseries_definition.0.request.0.query.0.metric_query.0.name": "query2",
                            "widget.1.group_definition.0.widget.4.timeseries_definition.0.request.0.query.0.metric_query.0.query": "sum:system.mem.total{*}",
                            "widget.1.group_definition.0.widget.4.timeseries_definition.0.request.0.query.0.process_query.#": "0",
                            "widget.1.group_definition.0.widget.4.timeseries_definition.0.request.0.rum_query.#": "0",
                            "widget.1.group_definition.0.widget.4.timeseries_definition.0.request.0.security_query.#": "0",
                            "widget.1.group_definition.0.widget.4.timeseries_definition.0.request.0.style.#": "1",
                            "widget.1.group_definition.0.widget.4.timeseries_definition.0.request.0.style.0.line_type": "solid",
                            "widget.1.group_definition.0.widget.4.timeseries_definition.0.request.0.style.0.line_width": "normal",
                            "widget.1.group_definition.0.widget.4.timeseries_definition.0.request.0.style.0.palette": "cool",
                            "widget.1.group_definition.0.widget.4.timeseries_definition.0.request.1.apm_query.#": "0",
                            "widget.1.group_definition.0.widget.4.timeseries_definition.0.request.1.audit_query.#": "0",
                            "widget.1.group_definition.0.widget.4.timeseries_definition.0.request.1.display_type": "area",
                            "widget.1.group_definition.0.widget.4.timeseries_definition.0.request.1.formula.#": "1",
                            "widget.1.group_definition.0.widget.4.timeseries_definition.0.request.1.formula.0.alias": "RAM used",
                            "widget.1.group_definition.0.widget.4.timeseries_definition.0.request.1.formula.0.cell_display_mode": "",
                            "widget.1.group_definition.0.widget.4.timeseries_definition.0.request.1.formula.0.conditional_formats.#": "0",
                            "widget.1.group_definition.0.widget.4.timeseries_definition.0.request.1.formula.0.formula_expression": "query0",
                            "widget.1.group_definition.0.widget.4.timeseries_definition.0.request.1.formula.0.limit.#": "0",
                            "widget.1.group_definition.0.widget.4.timeseries_definition.0.request.1.formula.0.style.#": "0",
                            "widget.1.group_definition.0.widget.4.timeseries_definition.0.request.1.log_query.#": "0",
                            "widget.1.group_definition.0.widget.4.timeseries_definition.0.request.1.metadata.#": "0",
                            "widget.1.group_definition.0.widget.4.timeseries_definition.0.request.1.network_query.#": "0",
                            "widget.1.group_definition.0.widget.4.timeseries_definition.0.request.1.on_right_yaxis": "false",
                            "widget.1.group_definition.0.widget.4.timeseries_definition.0.request.1.process_query.#": "0",
                            "widget.1.group_definition.0.widget.4.timeseries_definition.0.request.1.q": "",
                            "widget.1.group_definition.0.widget.4.timeseries_definition.0.request.1.query.#": "1",
                            "widget.1.group_definition.0.widget.4.timeseries_definition.0.request.1.query.0.apm_dependency_stats_query.#": "0",
                            "widget.1.group_definition.0.widget.4.timeseries_definition.0.request.1.query.0.apm_resource_stats_query.#": "0",
                            "widget.1.group_definition.0.widget.4.timeseries_definition.0.request.1.query.0.event_query.#": "0",
                            "widget.1.group_definition.0.widget.4.timeseries_definition.0.request.1.query.0.metric_query.#": "1",
                            "widget.1.group_definition.0.widget.4.timeseries_definition.0.request.1.query.0.metric_query.0.aggregator": "",
                            "widget.1.group_definition.0.widget.4.timeseries_definition.0.request.1.query.0.metric_query.0.data_source": "metrics",
                            "widget.1.group_definition.0.widget.4.timeseries_definition.0.request.1.query.0.metric_query.0.name": "query0",
                            "widget.1.group_definition.0.widget.4.timeseries_definition.0.request.1.query.0.metric_query.0.query": "sum:system.mem.used{*}",
                            "widget.1.group_definition.0.widget.4.timeseries_definition.0.request.1.query.0.process_query.#": "0",
                            "widget.1.group_definition.0.widget.4.timeseries_definition.0.request.1.rum_query.#": "0",
                            "widget.1.group_definition.0.widget.4.timeseries_definition.0.request.1.security_query.#": "0",
                            "widget.1.group_definition.0.widget.4.timeseries_definition.0.request.1.style.#": "1",
                            "widget.1.group_definition.0.widget.4.timeseries_definition.0.request.1.style.0.line_type": "solid",
                            "widget.1.group_definition.0.widget.4.timeseries_definition.0.request.1.style.0.line_width": "normal",
                            "widget.1.group_definition.0.widget.4.timeseries_definition.0.request.1.style.0.palette": "cool",
                            "widget.1.group_definition.0.widget.4.timeseries_definition.0.right_yaxis.#": "0",
                            "widget.1.group_definition.0.widget.4.timeseries_definition.0.show_legend": "false",
                            "widget.1.group_definition.0.widget.4.timeseries_definition.0.title": "RAM  breakdown",
                            "widget.1.group_definition.0.widget.4.timeseries_definition.0.title_align": "",
                            "widget.1.group_definition.0.widget.4.timeseries_definition.0.title_size": "",
                            "widget.1.group_definition.0.widget.4.timeseries_definition.0.yaxis.#": "1",
                            "widget.1.group_definition.0.widget.4.timeseries_definition.0.yaxis.0.include_zero": "true",
                            "widget.1.group_definition.0.widget.4.timeseries_definition.0.yaxis.0.label": "",
                            "widget.1.group_definition.0.widget.4.timeseries_definition.0.yaxis.0.max": "auto",
                            "widget.1.group_definition.0.widget.4.timeseries_definition.0.yaxis.0.min": "auto",
                            "widget.1.group_definition.0.widget.4.timeseries_definition.0.yaxis.0.scale": "linear",
                            "widget.1.group_definition.0.widget.4.toplist_definition.#": "0",
                            "widget.1.group_definition.0.widget.4.topology_map_definition.#": "0",
                            "widget.1.group_definition.0.widget.4.trace_service_definition.#": "0",
                            "widget.1.group_definition.0.widget.4.treemap_definition.#": "0",
                            "widget.1.group_definition.0.widget.4.widget_layout.#": "1",
                            "widget.1.group_definition.0.widget.4.widget_layout.0.height": "2",
                            "widget.1.group_definition.0.widget.4.widget_layout.0.is_column_break": "false",
                            "widget.1.group_definition.0.widget.4.widget_layout.0.width": "2",
                            "widget.1.group_definition.0.widget.4.widget_layout.0.x": "8",
                            "widget.1.group_definition.0.widget.4.widget_layout.0.y": "0",
                            "widget.1.group_definition.0.widget.5.alert_graph_definition.#": "0",
                            "widget.1.group_definition.0.widget.5.alert_value_definition.#": "0",
                            "widget.1.group_definition.0.widget.5.change_definition.#": "0",
                            "widget.1.group_definition.0.widget.5.check_status_definition.#": "0",
                            "widget.1.group_definition.0.widget.5.distribution_definition.#": "0",
                            "widget.1.group_definition.0.widget.5.event_stream_definition.#": "0",
                            "widget.1.group_definition.0.widget.5.event_timeline_definition.#": "0",
                            "widget.1.group_definition.0.widget.5.free_text_definition.#": "0",
                            "widget.1.group_definition.0.widget.5.geomap_definition.#": "0",
                            "widget.1.group_definition.0.widget.5.heatmap_definition.#": "0",
                            "widget.1.group_definition.0.widget.5.hostmap_definition.#": "0",
                            "widget.1.group_definition.0.widget.5.id": "4192392801174552",
                            "widget.1.group_definition.0.widget.5.iframe_definition.#": "0",
                            "widget.1.group_definition.0.widget.5.image_definition.#": "0",
                            "widget.1.group_definition.0.widget.5.list_stream_definition.#": "0",
                            "widget.1.group_definition.0.widget.5.log_stream_definition.#": "0",
                            "widget.1.group_definition.0.widget.5.manage_status_definition.#": "0",
                            "widget.1.group_definition.0.widget.5.note_definition.#": "0",
                            "widget.1.group_definition.0.widget.5.query_table_definition.#": "0",
                            "widget.1.group_definition.0.widget.5.query_value_definition.#": "0",
                            "widget.1.group_definition.0.widget.5.scatterplot_definition.#": "0",
                            "widget.1.group_definition.0.widget.5.service_level_objective_definition.#": "0",
                            "widget.1.group_definition.0.widget.5.servicemap_definition.#": "0",
                            "widget.1.group_definition.0.widget.5.slo_list_definition.#": "0",
                            "widget.1.group_definition.0.widget.5.sunburst_definition.#": "0",
                            "widget.1.group_definition.0.widget.5.timeseries_definition.#": "1",
                            "widget.1.group_definition.0.widget.5.timeseries_definition.0.custom_link.#": "0",
                            "widget.1.group_definition.0.widget.5.timeseries_definition.0.event.#": "0",
                            "widget.1.group_definition.0.widget.5.timeseries_definition.0.legend_columns.#": "5",
                            "widget.1.group_definition.0.widget.5.timeseries_definition.0.legend_columns.0": "avg",
                            "widget.1.group_definition.0.widget.5.timeseries_definition.0.legend_columns.1": "max",
                            "widget.1.group_definition.0.widget.5.timeseries_definition.0.legend_columns.2": "min",
                            "widget.1.group_definition.0.widget.5.timeseries_definition.0.legend_columns.3": "sum",
                            "widget.1.group_definition.0.widget.5.timeseries_definition.0.legend_columns.4": "value",
                            "widget.1.group_definition.0.widget.5.timeseries_definition.0.legend_layout": "auto",
                            "widget.1.group_definition.0.widget.5.timeseries_definition.0.legend_size": "",
                            "widget.1.group_definition.0.widget.5.timeseries_definition.0.live_span": "",
                            "widget.1.group_definition.0.widget.5.timeseries_definition.0.marker.#": "0",
                            "widget.1.group_definition.0.widget.5.timeseries_definition.0.request.#": "2",
                            "widget.1.group_definition.0.widget.5.timeseries_definition.0.request.0.apm_query.#": "0",
                            "widget.1.group_definition.0.widget.5.timeseries_definition.0.request.0.audit_query.#": "0",
                            "widget.1.group_definition.0.widget.5.timeseries_definition.0.request.0.display_type": "bars",
                            "widget.1.group_definition.0.widget.5.timeseries_definition.0.request.0.formula.#": "1",
                            "widget.1.group_definition.0.widget.5.timeseries_definition.0.request.0.formula.0.alias": "Network bytes received",
                            "widget.1.group_definition.0.widget.5.timeseries_definition.0.request.0.formula.0.cell_display_mode": "",
                            "widget.1.group_definition.0.widget.5.timeseries_definition.0.request.0.formula.0.conditional_formats.#": "0",
                            "widget.1.group_definition.0.widget.5.timeseries_definition.0.request.0.formula.0.formula_expression": "query1",
                            "widget.1.group_definition.0.widget.5.timeseries_definition.0.request.0.formula.0.limit.#": "0",
                            "widget.1.group_definition.0.widget.5.timeseries_definition.0.request.0.formula.0.style.#": "0",
                            "widget.1.group_definition.0.widget.5.timeseries_definition.0.request.0.log_query.#": "0",
                            "widget.1.group_definition.0.widget.5.timeseries_definition.0.request.0.metadata.#": "0",
                            "widget.1.group_definition.0.widget.5.timeseries_definition.0.request.0.network_query.#": "0",
                            "widget.1.group_definition.0.widget.5.timeseries_definition.0.request.0.on_right_yaxis": "false",
                            "widget.1.group_definition.0.widget.5.timeseries_definition.0.request.0.process_query.#": "0",
                            "widget.1.group_definition.0.widget.5.timeseries_definition.0.request.0.q": "",
                            "widget.1.group_definition.0.widget.5.timeseries_definition.0.request.0.query.#": "1",
                            "widget.1.group_definition.0.widget.5.timeseries_definition.0.request.0.query.0.apm_dependency_stats_query.#": "0",
                            "widget.1.group_definition.0.widget.5.timeseries_definition.0.request.0.query.0.apm_resource_stats_query.#": "0",
                            "widget.1.group_definition.0.widget.5.timeseries_definition.0.request.0.query.0.event_query.#": "0",
                            "widget.1.group_definition.0.widget.5.timeseries_definition.0.request.0.query.0.metric_query.#": "1",
                            "widget.1.group_definition.0.widget.5.timeseries_definition.0.request.0.query.0.metric_query.0.aggregator": "",
                            "widget.1.group_definition.0.widget.5.timeseries_definition.0.request.0.query.0.metric_query.0.data_source": "metrics",
                            "widget.1.group_definition.0.widget.5.timeseries_definition.0.request.0.query.0.metric_query.0.name": "query1",
                            "widget.1.group_definition.0.widget.5.timeseries_definition.0.request.0.query.0.metric_query.0.query": "sum:system.net.bytes_rcvd{*,*}",
                            "widget.1.group_definition.0.widget.5.timeseries_definition.0.request.0.query.0.process_query.#": "0",
                            "widget.1.group_definition.0.widget.5.timeseries_definition.0.request.0.rum_query.#": "0",
                            "widget.1.group_definition.0.widget.5.timeseries_definition.0.request.0.security_query.#": "0",
                            "widget.1.group_definition.0.widget.5.timeseries_definition.0.request.0.style.#": "1",
                            "widget.1.group_definition.0.widget.5.timeseries_definition.0.request.0.style.0.line_type": "solid",
                            "widget.1.group_definition.0.widget.5.timeseries_definition.0.request.0.style.0.line_width": "normal",
                            "widget.1.group_definition.0.widget.5.timeseries_definition.0.request.0.style.0.palette": "dog_classic",
                            "widget.1.group_definition.0.widget.5.timeseries_definition.0.request.1.apm_query.#": "0",
                            "widget.1.group_definition.0.widget.5.timeseries_definition.0.request.1.audit_query.#": "0",
                            "widget.1.group_definition.0.widget.5.timeseries_definition.0.request.1.display_type": "bars",
                            "widget.1.group_definition.0.widget.5.timeseries_definition.0.request.1.formula.#": "1",
                            "widget.1.group_definition.0.widget.5.timeseries_definition.0.request.1.formula.0.alias": "Network bytes sent",
                            "widget.1.group_definition.0.widget.5.timeseries_definition.0.request.1.formula.0.cell_display_mode": "",
                            "widget.1.group_definition.0.widget.5.timeseries_definition.0.request.1.formula.0.conditional_formats.#": "0",
                            "widget.1.group_definition.0.widget.5.timeseries_definition.0.request.1.formula.0.formula_expression": "0 - query1",
                            "widget.1.group_definition.0.widget.5.timeseries_definition.0.request.1.formula.0.limit.#": "0",
                            "widget.1.group_definition.0.widget.5.timeseries_definition.0.request.1.formula.0.style.#": "0",
                            "widget.1.group_definition.0.widget.5.timeseries_definition.0.request.1.log_query.#": "0",
                            "widget.1.group_definition.0.widget.5.timeseries_definition.0.request.1.metadata.#": "0",
                            "widget.1.group_definition.0.widget.5.timeseries_definition.0.request.1.network_query.#": "0",
                            "widget.1.group_definition.0.widget.5.timeseries_definition.0.request.1.on_right_yaxis": "false",
                            "widget.1.group_definition.0.widget.5.timeseries_definition.0.request.1.process_query.#": "0",
                            "widget.1.group_definition.0.widget.5.timeseries_definition.0.request.1.q": "",
                            "widget.1.group_definition.0.widget.5.timeseries_definition.0.request.1.query.#": "1",
                            "widget.1.group_definition.0.widget.5.timeseries_definition.0.request.1.query.0.apm_dependency_stats_query.#": "0",
                            "widget.1.group_definition.0.widget.5.timeseries_definition.0.request.1.query.0.apm_resource_stats_query.#": "0",
                            "widget.1.group_definition.0.widget.5.timeseries_definition.0.request.1.query.0.event_query.#": "0",
                            "widget.1.group_definition.0.widget.5.timeseries_definition.0.request.1.query.0.metric_query.#": "1",
                            "widget.1.group_definition.0.widget.5.timeseries_definition.0.request.1.query.0.metric_query.0.aggregator": "",
                            "widget.1.group_definition.0.widget.5.timeseries_definition.0.request.1.query.0.metric_query.0.data_source": "metrics",
                            "widget.1.group_definition.0.widget.5.timeseries_definition.0.request.1.query.0.metric_query.0.name": "query1",
                            "widget.1.group_definition.0.widget.5.timeseries_definition.0.request.1.query.0.metric_query.0.query": "sum:system.net.bytes_sent{*,*}",
                            "widget.1.group_definition.0.widget.5.timeseries_definition.0.request.1.query.0.process_query.#": "0",
                            "widget.1.group_definition.0.widget.5.timeseries_definition.0.request.1.rum_query.#": "0",
                            "widget.1.group_definition.0.widget.5.timeseries_definition.0.request.1.security_query.#": "0",
                            "widget.1.group_definition.0.widget.5.timeseries_definition.0.request.1.style.#": "1",
                            "widget.1.group_definition.0.widget.5.timeseries_definition.0.request.1.style.0.line_type": "solid",
                            "widget.1.group_definition.0.widget.5.timeseries_definition.0.request.1.style.0.line_width": "normal",
                            "widget.1.group_definition.0.widget.5.timeseries_definition.0.request.1.style.0.palette": "cool",
                            "widget.1.group_definition.0.widget.5.timeseries_definition.0.right_yaxis.#": "0",
                            "widget.1.group_definition.0.widget.5.timeseries_definition.0.show_legend": "false",
                            "widget.1.group_definition.0.widget.5.timeseries_definition.0.title": "Network traffic (bytes per sec)",
                            "widget.1.group_definition.0.widget.5.timeseries_definition.0.title_align": "",
                            "widget.1.group_definition.0.widget.5.timeseries_definition.0.title_size": "",
                            "widget.1.group_definition.0.widget.5.timeseries_definition.0.yaxis.#": "1",
                            "widget.1.group_definition.0.widget.5.timeseries_definition.0.yaxis.0.include_zero": "true",
                            "widget.1.group_definition.0.widget.5.timeseries_definition.0.yaxis.0.label": "",
                            "widget.1.group_definition.0.widget.5.timeseries_definition.0.yaxis.0.max": "auto",
                            "widget.1.group_definition.0.widget.5.timeseries_definition.0.yaxis.0.min": "auto",
                            "widget.1.group_definition.0.widget.5.timeseries_definition.0.yaxis.0.scale": "linear",
                            "widget.1.group_definition.0.widget.5.toplist_definition.#": "0",
                            "widget.1.group_definition.0.widget.5.topology_map_definition.#": "0",
                            "widget.1.group_definition.0.widget.5.trace_service_definition.#": "0",
                            "widget.1.group_definition.0.widget.5.treemap_definition.#": "0",
                            "widget.1.group_definition.0.widget.5.widget_layout.#": "1",
                            "widget.1.group_definition.0.widget.5.widget_layout.0.height": "2",
                            "widget.1.group_definition.0.widget.5.widget_layout.0.is_column_break": "false",
                            "widget.1.group_definition.0.widget.5.widget_layout.0.width": "2",
                            "widget.1.group_definition.0.widget.5.widget_layout.0.x": "10",
                            "widget.1.group_definition.0.widget.5.widget_layout.0.y": "0",
                            "widget.1.group_definition.0.widget.6.alert_graph_definition.#": "0",
                            "widget.1.group_definition.0.widget.6.alert_value_definition.#": "0",
                            "widget.1.group_definition.0.widget.6.change_definition.#": "0",
                            "widget.1.group_definition.0.widget.6.check_status_definition.#": "0",
                            "widget.1.group_definition.0.widget.6.distribution_definition.#": "0",
                            "widget.1.group_definition.0.widget.6.event_stream_definition.#": "0",
                            "widget.1.group_definition.0.widget.6.event_timeline_definition.#": "0",
                            "widget.1.group_definition.0.widget.6.free_text_definition.#": "0",
                            "widget.1.group_definition.0.widget.6.geomap_definition.#": "0",
                            "widget.1.group_definition.0.widget.6.heatmap_definition.#": "0",
                            "widget.1.group_definition.0.widget.6.hostmap_definition.#": "0",
                            "widget.1.group_definition.0.widget.6.id": "7983830562622318",
                            "widget.1.group_definition.0.widget.6.iframe_definition.#": "0",
                            "widget.1.group_definition.0.widget.6.image_definition.#": "0",
                            "widget.1.group_definition.0.widget.6.list_stream_definition.#": "0",
                            "widget.1.group_definition.0.widget.6.log_stream_definition.#": "0",
                            "widget.1.group_definition.0.widget.6.manage_status_definition.#": "0",
                            "widget.1.group_definition.0.widget.6.note_definition.#": "0",
                            "widget.1.group_definition.0.widget.6.query_table_definition.#": "1",
                            "widget.1.group_definition.0.widget.6.query_table_definition.0.custom_link.#": "0",
                            "widget.1.group_definition.0.widget.6.query_table_definition.0.has_search_bar": "",
                            "widget.1.group_definition.0.widget.6.query_table_definition.0.live_span": "1d",
                            "widget.1.group_definition.0.widget.6.query_table_definition.0.request.#": "1",
                            "widget.1.group_definition.0.widget.6.query_table_definition.0.request.0.aggregator": "",
                            "widget.1.group_definition.0.widget.6.query_table_definition.0.request.0.alias": "",
                            "widget.1.group_definition.0.widget.6.query_table_definition.0.request.0.apm_query.#": "0",
                            "widget.1.group_definition.0.widget.6.query_table_definition.0.request.0.apm_stats_query.#": "0",
                            "widget.1.group_definition.0.widget.6.query_table_definition.0.request.0.cell_display_mode.#": "0",
                            "widget.1.group_definition.0.widget.6.query_table_definition.0.request.0.conditional_formats.#": "0",
                            "widget.1.group_definition.0.widget.6.query_table_definition.0.request.0.formula.#": "4",
                            "widget.1.group_definition.0.widget.6.query_table_definition.0.request.0.formula.0.alias": "Free disk space",
                            "widget.1.group_definition.0.widget.6.query_table_definition.0.request.0.formula.0.cell_display_mode": "bar",
                            "widget.1.group_definition.0.widget.6.query_table_definition.0.request.0.formula.0.conditional_formats.#": "0",
                            "widget.1.group_definition.0.widget.6.query_table_definition.0.request.0.formula.0.formula_expression": "query1",
                            "widget.1.group_definition.0.widget.6.query_table_definition.0.request.0.formula.0.limit.#": "0",
                            "widget.1.group_definition.0.widget.6.query_table_definition.0.request.0.formula.0.style.#": "0",
                            "widget.1.group_definition.0.widget.6.query_table_definition.0.request.0.formula.1.alias": "Used disk space",
                            "widget.1.group_definition.0.widget.6.query_table_definition.0.request.0.formula.1.cell_display_mode": "bar",
                            "widget.1.group_definition.0.widget.6.query_table_definition.0.request.0.formula.1.conditional_formats.#": "0",
                            "widget.1.group_definition.0.widget.6.query_table_definition.0.request.0.formula.1.formula_expression": "query2",
                            "widget.1.group_definition.0.widget.6.query_table_definition.0.request.0.formula.1.limit.#": "0",
                            "widget.1.group_definition.0.widget.6.query_table_definition.0.request.0.formula.1.style.#": "0",
                            "widget.1.group_definition.0.widget.6.query_table_definition.0.request.0.formula.2.alias": "Total disk",
                            "widget.1.group_definition.0.widget.6.query_table_definition.0.request.0.formula.2.cell_display_mode": "bar",
                            "widget.1.group_definition.0.widget.6.query_table_definition.0.request.0.formula.2.conditional_formats.#": "0",
                            "widget.1.group_definition.0.widget.6.query_table_definition.0.request.0.formula.2.formula_expression": "query3",
                            "widget.1.group_definition.0.widget.6.query_table_definition.0.request.0.formula.2.limit.#": "0",
                            "widget.1.group_definition.0.widget.6.query_table_definition.0.request.0.formula.2.style.#": "0",
                            "widget.1.group_definition.0.widget.6.query_table_definition.0.request.0.formula.3.alias": "Percentage",
                            "widget.1.group_definition.0.widget.6.query_table_definition.0.request.0.formula.3.cell_display_mode": "",
                            "widget.1.group_definition.0.widget.6.query_table_definition.0.request.0.formula.3.conditional_formats.#": "2",
                            "widget.1.group_definition.0.widget.6.query_table_definition.0.request.0.formula.3.conditional_formats.0.comparator": "\u003e=",
                            "widget.1.group_definition.0.widget.6.query_table_definition.0.request.0.formula.3.conditional_formats.0.custom_bg_color": "",
                            "widget.1.group_definition.0.widget.6.query_table_definition.0.request.0.formula.3.conditional_formats.0.custom_fg_color": "",
                            "widget.1.group_definition.0.widget.6.query_table_definition.0.request.0.formula.3.conditional_formats.0.hide_value": "false",
                            "widget.1.group_definition.0.widget.6.query_table_definition.0.request.0.formula.3.conditional_formats.0.image_url": "",
                            "widget.1.group_definition.0.widget.6.query_table_definition.0.request.0.formula.3.conditional_formats.0.metric": "",
                            "widget.1.group_definition.0.widget.6.query_table_definition.0.request.0.formula.3.conditional_formats.0.palette": "white_on_green",
                            "widget.1.group_definition.0.widget.6.query_table_definition.0.request.0.formula.3.conditional_formats.0.timeframe": "",
                            "widget.1.group_definition.0.widget.6.query_table_definition.0.request.0.formula.3.conditional_formats.0.value": "10",
                            "widget.1.group_definition.0.widget.6.query_table_definition.0.request.0.formula.3.conditional_formats.1.comparator": "\u003c",
                            "widget.1.group_definition.0.widget.6.query_table_definition.0.request.0.formula.3.conditional_formats.1.custom_bg_color": "",
                            "widget.1.group_definition.0.widget.6.query_table_definition.0.request.0.formula.3.conditional_formats.1.custom_fg_color": "",
                            "widget.1.group_definition.0.widget.6.query_table_definition.0.request.0.formula.3.conditional_formats.1.hide_value": "false",
                            "widget.1.group_definition.0.widget.6.query_table_definition.0.request.0.formula.3.conditional_formats.1.image_url": "",
                            "widget.1.group_definition.0.widget.6.query_table_definition.0.request.0.formula.3.conditional_formats.1.metric": "",
                            "widget.1.group_definition.0.widget.6.query_table_definition.0.request.0.formula.3.conditional_formats.1.palette": "white_on_red",
                            "widget.1.group_definition.0.widget.6.query_table_definition.0.request.0.formula.3.conditional_formats.1.timeframe": "",
                            "widget.1.group_definition.0.widget.6.query_table_definition.0.request.0.formula.3.conditional_formats.1.value": "10",
                            "widget.1.group_definition.0.widget.6.query_table_definition.0.request.0.formula.3.formula_expression": "(query2 / query3) * 100",
                            "widget.1.group_definition.0.widget.6.query_table_definition.0.request.0.formula.3.limit.#": "1",
                            "widget.1.group_definition.0.widget.6.query_table_definition.0.request.0.formula.3.limit.0.count": "500",
                            "widget.1.group_definition.0.widget.6.query_table_definition.0.request.0.formula.3.limit.0.order": "desc",
                            "widget.1.group_definition.0.widget.6.query_table_definition.0.request.0.formula.3.style.#": "0",
                            "widget.1.group_definition.0.widget.6.query_table_definition.0.request.0.limit": "0",
                            "widget.1.group_definition.0.widget.6.query_table_definition.0.request.0.log_query.#": "0",
                            "widget.1.group_definition.0.widget.6.query_table_definition.0.request.0.order": "",
                            "widget.1.group_definition.0.widget.6.query_table_definition.0.request.0.process_query.#": "0",
                            "widget.1.group_definition.0.widget.6.query_table_definition.0.request.0.q": "",
                            "widget.1.group_definition.0.widget.6.query_table_definition.0.request.0.query.#": "3",
                            "widget.1.group_definition.0.widget.6.query_table_definition.0.request.0.query.0.apm_dependency_stats_query.#": "0",
                            "widget.1.group_definition.0.widget.6.query_table_definition.0.request.0.query.0.apm_resource_stats_query.#": "0",
                            "widget.1.group_definition.0.widget.6.query_table_definition.0.request.0.query.0.event_query.#": "0",
                            "widget.1.group_definition.0.widget.6.query_table_definition.0.request.0.query.0.metric_query.#": "1",
                            "widget.1.group_definition.0.widget.6.query_table_definition.0.request.0.query.0.metric_query.0.aggregator": "avg",
                            "widget.1.group_definition.0.widget.6.query_table_definition.0.request.0.query.0.metric_query.0.data_source": "metrics",
                            "widget.1.group_definition.0.widget.6.query_table_definition.0.request.0.query.0.metric_query.0.name": "query1",
                            "widget.1.group_definition.0.widget.6.query_table_definition.0.request.0.query.0.metric_query.0.query": "sum:system.disk.free{app:staging} by {host}",
                            "widget.1.group_definition.0.widget.6.query_table_definition.0.request.0.query.0.process_query.#": "0",
                            "widget.1.group_definition.0.widget.6.query_table_definition.0.request.0.query.1.apm_dependency_stats_query.#": "0",
                            "widget.1.group_definition.0.widget.6.query_table_definition.0.request.0.query.1.apm_resource_stats_query.#": "0",
                            "widget.1.group_definition.0.widget.6.query_table_definition.0.request.0.query.1.event_query.#": "0",
                            "widget.1.group_definition.0.widget.6.query_table_definition.0.request.0.query.1.metric_query.#": "1",
                            "widget.1.group_definition.0.widget.6.query_table_definition.0.request.0.query.1.metric_query.0.aggregator": "avg",
                            "widget.1.group_definition.0.widget.6.query_table_definition.0.request.0.query.1.metric_query.0.data_source": "metrics",
                            "widget.1.group_definition.0.widget.6.query_table_definition.0.request.0.query.1.metric_query.0.name": "query2",
                            "widget.1.group_definition.0.widget.6.query_table_definition.0.request.0.query.1.metric_query.0.query": "sum:system.disk.used{app:staging} by {host}",
                            "widget.1.group_definition.0.widget.6.query_table_definition.0.request.0.query.1.process_query.#": "0",
                            "widget.1.group_definition.0.widget.6.query_table_definition.0.request.0.query.2.apm_dependency_stats_query.#": "0",
                            "widget.1.group_definition.0.widget.6.query_table_definition.0.request.0.query.2.apm_resource_stats_query.#": "0",
                            "widget.1.group_definition.0.widget.6.query_table_definition.0.request.0.query.2.event_query.#": "0",
                            "widget.1.group_definition.0.widget.6.query_table_definition.0.request.0.query.2.metric_query.#": "1",
                            "widget.1.group_definition.0.widget.6.query_table_definition.0.request.0.query.2.metric_query.0.aggregator": "avg",
                            "widget.1.group_definition.0.widget.6.query_table_definition.0.request.0.query.2.metric_query.0.data_source": "metrics",
                            "widget.1.group_definition.0.widget.6.query_table_definition.0.request.0.query.2.metric_query.0.name": "query3",
                            "widget.1.group_definition.0.widget.6.query_table_definition.0.request.0.query.2.metric_query.0.query": "sum:system.disk.total{app:staging} by {host}",
                            "widget.1.group_definition.0.widget.6.query_table_definition.0.request.0.query.2.process_query.#": "0",
                            "widget.1.group_definition.0.widget.6.query_table_definition.0.request.0.rum_query.#": "0",
                            "widget.1.group_definition.0.widget.6.query_table_definition.0.request.0.security_query.#": "0",
                            "widget.1.group_definition.0.widget.6.query_table_definition.0.title": "Amount of free and used disk space per device",
                            "widget.1.group_definition.0.widget.6.query_table_definition.0.title_align": "",
                            "widget.1.group_definition.0.widget.6.query_table_definition.0.title_size": "",
                            "widget.1.group_definition.0.widget.6.query_value_definition.#": "0",
                            "widget.1.group_definition.0.widget.6.scatterplot_definition.#": "0",
                            "widget.1.group_definition.0.widget.6.service_level_objective_definition.#": "0",
                            "widget.1.group_definition.0.widget.6.servicemap_definition.#": "0",
                            "widget.1.group_definition.0.widget.6.slo_list_definition.#": "0",
                            "widget.1.group_definition.0.widget.6.sunburst_definition.#": "0",
                            "widget.1.group_definition.0.widget.6.timeseries_definition.#": "0",
                            "widget.1.group_definition.0.widget.6.toplist_definition.#": "0",
                            "widget.1.group_definition.0.widget.6.topology_map_definition.#": "0",
                            "widget.1.group_definition.0.widget.6.trace_service_definition.#": "0",
                            "widget.1.group_definition.0.widget.6.treemap_definition.#": "0",
                            "widget.1.group_definition.0.widget.6.widget_layout.#": "1",
                            "widget.1.group_definition.0.widget.6.widget_layout.0.height": "2",
                            "widget.1.group_definition.0.widget.6.widget_layout.0.is_column_break": "false",
                            "widget.1.group_definition.0.widget.6.widget_layout.0.width": "4",
                            "widget.1.group_definition.0.widget.6.widget_layout.0.x": "2",
                            "widget.1.group_definition.0.widget.6.widget_layout.0.y": "2",
                            "widget.1.group_definition.0.widget.7.alert_graph_definition.#": "0",
                            "widget.1.group_definition.0.widget.7.alert_value_definition.#": "0",
                            "widget.1.group_definition.0.widget.7.change_definition.#": "0",
                            "widget.1.group_definition.0.widget.7.check_status_definition.#": "0",
                            "widget.1.group_definition.0.widget.7.distribution_definition.#": "0",
                            "widget.1.group_definition.0.widget.7.event_stream_definition.#": "0",
                            "widget.1.group_definition.0.widget.7.event_timeline_definition.#": "0",
                            "widget.1.group_definition.0.widget.7.free_text_definition.#": "0",
                            "widget.1.group_definition.0.widget.7.geomap_definition.#": "0",
                            "widget.1.group_definition.0.widget.7.heatmap_definition.#": "0",
                            "widget.1.group_definition.0.widget.7.hostmap_definition.#": "0",
                            "widget.1.group_definition.0.widget.7.id": "2715823568216230",
                            "widget.1.group_definition.0.widget.7.iframe_definition.#": "0",
                            "widget.1.group_definition.0.widget.7.image_definition.#": "0",
                            "widget.1.group_definition.0.widget.7.list_stream_definition.#": "0",
                            "widget.1.group_definition.0.widget.7.log_stream_definition.#": "0",
                            "widget.1.group_definition.0.widget.7.manage_status_definition.#": "0",
                            "widget.1.group_definition.0.widget.7.note_definition.#": "0",
                            "widget.1.group_definition.0.widget.7.query_table_definition.#": "0",
                            "widget.1.group_definition.0.widget.7.query_value_definition.#": "0",
                            "widget.1.group_definition.0.widget.7.scatterplot_definition.#": "0",
                            "widget.1.group_definition.0.widget.7.service_level_objective_definition.#": "0",
                            "widget.1.group_definition.0.widget.7.servicemap_definition.#": "0",
                            "widget.1.group_definition.0.widget.7.slo_list_definition.#": "0",
                            "widget.1.group_definition.0.widget.7.sunburst_definition.#": "0",
                            "widget.1.group_definition.0.widget.7.timeseries_definition.#": "1",
                            "widget.1.group_definition.0.widget.7.timeseries_definition.0.custom_link.#": "0",
                            "widget.1.group_definition.0.widget.7.timeseries_definition.0.event.#": "0",
                            "widget.1.group_definition.0.widget.7.timeseries_definition.0.legend_columns.#": "5",
                            "widget.1.group_definition.0.widget.7.timeseries_definition.0.legend_columns.0": "avg",
                            "widget.1.group_definition.0.widget.7.timeseries_definition.0.legend_columns.1": "max",
                            "widget.1.group_definition.0.widget.7.timeseries_definition.0.legend_columns.2": "min",
                            "widget.1.group_definition.0.widget.7.timeseries_definition.0.legend_columns.3": "sum",
                            "widget.1.group_definition.0.widget.7.timeseries_definition.0.legend_columns.4": "value",
                            "widget.1.group_definition.0.widget.7.timeseries_definition.0.legend_layout": "auto",
                            "widget.1.group_definition.0.widget.7.timeseries_definition.0.legend_size": "",
                            "widget.1.group_definition.0.widget.7.timeseries_definition.0.live_span": "",
                            "widget.1.group_definition.0.widget.7.timeseries_definition.0.marker.#": "1",
                            "widget.1.group_definition.0.widget.7.timeseries_definition.0.marker.0.display_type": "error dashed",
                            "widget.1.group_definition.0.widget.7.timeseries_definition.0.marker.0.label": "full",
                            "widget.1.group_definition.0.widget.7.timeseries_definition.0.marker.0.value": "y = 100",
                            "widget.1.group_definition.0.widget.7.timeseries_definition.0.request.#": "1",
                            "widget.1.group_definition.0.widget.7.timeseries_definition.0.request.0.apm_query.#": "0",
                            "widget.1.group_definition.0.widget.7.timeseries_definition.0.request.0.audit_query.#": "0",
                            "widget.1.group_definition.0.widget.7.timeseries_definition.0.request.0.display_type": "line",
                            "widget.1.group_definition.0.widget.7.timeseries_definition.0.request.0.formula.#": "1",
                            "widget.1.group_definition.0.widget.7.timeseries_definition.0.request.0.formula.0.alias": "",
                            "widget.1.group_definition.0.widget.7.timeseries_definition.0.request.0.formula.0.cell_display_mode": "",
                            "widget.1.group_definition.0.widget.7.timeseries_definition.0.request.0.formula.0.conditional_formats.#": "0",
                            "widget.1.group_definition.0.widget.7.timeseries_definition.0.request.0.formula.0.formula_expression": "query1 * 100",
                            "widget.1.group_definition.0.widget.7.timeseries_definition.0.request.0.formula.0.limit.#": "0",
                            "widget.1.group_definition.0.widget.7.timeseries_definition.0.request.0.formula.0.style.#": "0",
                            "widget.1.group_definition.0.widget.7.timeseries_definition.0.request.0.log_query.#": "0",
                            "widget.1.group_definition.0.widget.7.timeseries_definition.0.request.0.metadata.#": "0",
                            "widget.1.group_definition.0.widget.7.timeseries_definition.0.request.0.network_query.#": "0",
                            "widget.1.group_definition.0.widget.7.timeseries_definition.0.request.0.on_right_yaxis": "false",
                            "widget.1.group_definition.0.widget.7.timeseries_definition.0.request.0.process_query.#": "0",
                            "widget.1.group_definition.0.widget.7.timeseries_definition.0.request.0.q": "",
                            "widget.1.group_definition.0.widget.7.timeseries_definition.0.request.0.query.#": "1",
                            "widget.1.group_definition.0.widget.7.timeseries_definition.0.request.0.query.0.apm_dependency_stats_query.#": "0",
                            "widget.1.group_definition.0.widget.7.timeseries_definition.0.request.0.query.0.apm_resource_stats_query.#": "0",
                            "widget.1.group_definition.0.widget.7.timeseries_definition.0.request.0.query.0.event_query.#": "0",
                            "widget.1.group_definition.0.widget.7.timeseries_definition.0.request.0.query.0.metric_query.#": "1",
                            "widget.1.group_definition.0.widget.7.timeseries_definition.0.request.0.query.0.metric_query.0.aggregator": "",
                            "widget.1.group_definition.0.widget.7.timeseries_definition.0.request.0.query.0.metric_query.0.data_source": "metrics",
                            "widget.1.group_definition.0.widget.7.timeseries_definition.0.request.0.query.0.metric_query.0.name": "query1",
                            "widget.1.group_definition.0.widget.7.timeseries_definition.0.request.0.query.0.metric_query.0.query": "sum:system.disk.in_use{app:staging} by {host}",
                            "widget.1.group_definition.0.widget.7.timeseries_definition.0.request.0.query.0.process_query.#": "0",
                            "widget.1.group_definition.0.widget.7.timeseries_definition.0.request.0.rum_query.#": "0",
                            "widget.1.group_definition.0.widget.7.timeseries_definition.0.request.0.security_query.#": "0",
                            "widget.1.group_definition.0.widget.7.timeseries_definition.0.request.0.style.#": "1",
                            "widget.1.group_definition.0.widget.7.timeseries_definition.0.request.0.style.0.line_type": "solid",
                            "widget.1.group_definition.0.widget.7.timeseries_definition.0.request.0.style.0.line_width": "normal",
                            "widget.1.group_definition.0.widget.7.timeseries_definition.0.request.0.style.0.palette": "cool",
                            "widget.1.group_definition.0.widget.7.timeseries_definition.0.right_yaxis.#": "0",
                            "widget.1.group_definition.0.widget.7.timeseries_definition.0.show_legend": "true",
                            "widget.1.group_definition.0.widget.7.timeseries_definition.0.title": "Disk usage by device (%)",
                            "widget.1.group_definition.0.widget.7.timeseries_definition.0.title_align": "",
                            "widget.1.group_definition.0.widget.7.timeseries_definition.0.title_size": "",
                            "widget.1.group_definition.0.widget.7.timeseries_definition.0.yaxis.#": "0",
                            "widget.1.group_definition.0.widget.7.toplist_definition.#": "0",
                            "widget.1.group_definition.0.widget.7.topology_map_definition.#": "0",
                            "widget.1.group_definition.0.widget.7.trace_service_definition.#": "0",
                            "widget.1.group_definition.0.widget.7.treemap_definition.#": "0",
                            "widget.1.group_definition.0.widget.7.widget_layout.#": "1",
                            "widget.1.group_definition.0.widget.7.widget_layout.0.height": "2",
                            "widget.1.group_definition.0.widget.7.widget_layout.0.is_column_break": "false",
                            "widget.1.group_definition.0.widget.7.widget_layout.0.width": "3",
                            "widget.1.group_definition.0.widget.7.widget_layout.0.x": "6",
                            "widget.1.group_definition.0.widget.7.widget_layout.0.y": "2",
                            "widget.1.group_definition.0.widget.8.alert_graph_definition.#": "0",
                            "widget.1.group_definition.0.widget.8.alert_value_definition.#": "0",
                            "widget.1.group_definition.0.widget.8.change_definition.#": "0",
                            "widget.1.group_definition.0.widget.8.check_status_definition.#": "0",
                            "widget.1.group_definition.0.widget.8.distribution_definition.#": "0",
                            "widget.1.group_definition.0.widget.8.event_stream_definition.#": "0",
                            "widget.1.group_definition.0.widget.8.event_timeline_definition.#": "0",
                            "widget.1.group_definition.0.widget.8.free_text_definition.#": "0",
                            "widget.1.group_definition.0.widget.8.geomap_definition.#": "0",
                            "widget.1.group_definition.0.widget.8.heatmap_definition.#": "0",
                            "widget.1.group_definition.0.widget.8.hostmap_definition.#": "0",
                            "widget.1.group_definition.0.widget.8.id": "951253959272704",
                            "widget.1.group_definition.0.widget.8.iframe_definition.#": "0",
                            "widget.1.group_definition.0.widget.8.image_definition.#": "0",
                            "widget.1.group_definition.0.widget.8.list_stream_definition.#": "0",
                            "widget.1.group_definition.0.widget.8.log_stream_definition.#": "0",
                            "widget.1.group_definition.0.widget.8.manage_status_definition.#": "0",
                            "widget.1.group_definition.0.widget.8.note_definition.#": "0",
                            "widget.1.group_definition.0.widget.8.query_table_definition.#": "0",
                            "widget.1.group_definition.0.widget.8.query_value_definition.#": "0",
                            "widget.1.group_definition.0.widget.8.scatterplot_definition.#": "0",
                            "widget.1.group_definition.0.widget.8.service_level_objective_definition.#": "0",
                            "widget.1.group_definition.0.widget.8.servicemap_definition.#": "0",
                            "widget.1.group_definition.0.widget.8.slo_list_definition.#": "0",
                            "widget.1.group_definition.0.widget.8.sunburst_definition.#": "0",
                            "widget.1.group_definition.0.widget.8.timeseries_definition.#": "1",
                            "widget.1.group_definition.0.widget.8.timeseries_definition.0.custom_link.#": "0",
                            "widget.1.group_definition.0.widget.8.timeseries_definition.0.event.#": "0",
                            "widget.1.group_definition.0.widget.8.timeseries_definition.0.legend_columns.#": "5",
                            "widget.1.group_definition.0.widget.8.timeseries_definition.0.legend_columns.0": "avg",
                            "widget.1.group_definition.0.widget.8.timeseries_definition.0.legend_columns.1": "max",
                            "widget.1.group_definition.0.widget.8.timeseries_definition.0.legend_columns.2": "min",
                            "widget.1.group_definition.0.widget.8.timeseries_definition.0.legend_columns.3": "sum",
                            "widget.1.group_definition.0.widget.8.timeseries_definition.0.legend_columns.4": "value",
                            "widget.1.group_definition.0.widget.8.timeseries_definition.0.legend_layout": "auto",
                            "widget.1.group_definition.0.widget.8.timeseries_definition.0.legend_size": "",
                            "widget.1.group_definition.0.widget.8.timeseries_definition.0.live_span": "",
                            "widget.1.group_definition.0.widget.8.timeseries_definition.0.marker.#": "0",
                            "widget.1.group_definition.0.widget.8.timeseries_definition.0.request.#": "1",
                            "widget.1.group_definition.0.widget.8.timeseries_definition.0.request.0.apm_query.#": "0",
                            "widget.1.group_definition.0.widget.8.timeseries_definition.0.request.0.audit_query.#": "0",
                            "widget.1.group_definition.0.widget.8.timeseries_definition.0.request.0.display_type": "area",
                            "widget.1.group_definition.0.widget.8.timeseries_definition.0.request.0.formula.#": "1",
                            "widget.1.group_definition.0.widget.8.timeseries_definition.0.request.0.formula.0.alias": "% of swap free",
                            "widget.1.group_definition.0.widget.8.timeseries_definition.0.request.0.formula.0.cell_display_mode": "",
                            "widget.1.group_definition.0.widget.8.timeseries_definition.0.request.0.formula.0.conditional_formats.#": "0",
                            "widget.1.group_definition.0.widget.8.timeseries_definition.0.request.0.formula.0.formula_expression": "query1 * 100",
                            "widget.1.group_definition.0.widget.8.timeseries_definition.0.request.0.formula.0.limit.#": "0",
                            "widget.1.group_definition.0.widget.8.timeseries_definition.0.request.0.formula.0.style.#": "0",
                            "widget.1.group_definition.0.widget.8.timeseries_definition.0.request.0.log_query.#": "0",
                            "widget.1.group_definition.0.widget.8.timeseries_definition.0.request.0.metadata.#": "0",
                            "widget.1.group_definition.0.widget.8.timeseries_definition.0.request.0.network_query.#": "0",
                            "widget.1.group_definition.0.widget.8.timeseries_definition.0.request.0.on_right_yaxis": "false",
                            "widget.1.group_definition.0.widget.8.timeseries_definition.0.request.0.process_query.#": "0",
                            "widget.1.group_definition.0.widget.8.timeseries_definition.0.request.0.q": "",
                            "widget.1.group_definition.0.widget.8.timeseries_definition.0.request.0.query.#": "1",
                            "widget.1.group_definition.0.widget.8.timeseries_definition.0.request.0.query.0.apm_dependency_stats_query.#": "0",
                            "widget.1.group_definition.0.widget.8.timeseries_definition.0.request.0.query.0.apm_resource_stats_query.#": "0",
                            "widget.1.group_definition.0.widget.8.timeseries_definition.0.request.0.query.0.event_query.#": "0",
                            "widget.1.group_definition.0.widget.8.timeseries_definition.0.request.0.query.0.metric_query.#": "1",
                            "widget.1.group_definition.0.widget.8.timeseries_definition.0.request.0.query.0.metric_query.0.aggregator": "",
                            "widget.1.group_definition.0.widget.8.timeseries_definition.0.request.0.query.0.metric_query.0.data_source": "metrics",
                            "widget.1.group_definition.0.widget.8.timeseries_definition.0.request.0.query.0.metric_query.0.name": "query1",
                            "widget.1.group_definition.0.widget.8.timeseries_definition.0.request.0.query.0.metric_query.0.query": "avg:system.swap.pct_free{*}",
                            "widget.1.group_definition.0.widget.8.timeseries_definition.0.request.0.query.0.process_query.#": "0",
                            "widget.1.group_definition.0.widget.8.timeseries_definition.0.request.0.rum_query.#": "0",
                            "widget.1.group_definition.0.widget.8.timeseries_definition.0.request.0.security_query.#": "0",
                            "widget.1.group_definition.0.widget.8.timeseries_definition.0.request.0.style.#": "1",
                            "widget.1.group_definition.0.widget.8.timeseries_definition.0.request.0.style.0.line_type": "solid",
                            "widget.1.group_definition.0.widget.8.timeseries_definition.0.request.0.style.0.line_width": "normal",
                            "widget.1.group_definition.0.widget.8.timeseries_definition.0.request.0.style.0.palette": "cool",
                            "widget.1.group_definition.0.widget.8.timeseries_definition.0.right_yaxis.#": "0",
                            "widget.1.group_definition.0.widget.8.timeseries_definition.0.show_legend": "false",
                            "widget.1.group_definition.0.widget.8.timeseries_definition.0.title": "Available Swap",
                            "widget.1.group_definition.0.widget.8.timeseries_definition.0.title_align": "",
                            "widget.1.group_definition.0.widget.8.timeseries_definition.0.title_size": "",
                            "widget.1.group_definition.0.widget.8.timeseries_definition.0.yaxis.#": "1",
                            "widget.1.group_definition.0.widget.8.timeseries_definition.0.yaxis.0.include_zero": "true",
                            "widget.1.group_definition.0.widget.8.timeseries_definition.0.yaxis.0.label": "",
                            "widget.1.group_definition.0.widget.8.timeseries_definition.0.yaxis.0.max": "auto",
                            "widget.1.group_definition.0.widget.8.timeseries_definition.0.yaxis.0.min": "auto",
                            "widget.1.group_definition.0.widget.8.timeseries_definition.0.yaxis.0.scale": "linear",
                            "widget.1.group_definition.0.widget.8.toplist_definition.#": "0",
                            "widget.1.group_definition.0.widget.8.topology_map_definition.#": "0",
                            "widget.1.group_definition.0.widget.8.trace_service_definition.#": "0",
                            "widget.1.group_definition.0.widget.8.treemap_definition.#": "0",
                            "widget.1.group_definition.0.widget.8.widget_layout.#": "1",
                            "widget.1.group_definition.0.widget.8.widget_layout.0.height": "2",
                            "widget.1.group_definition.0.widget.8.widget_layout.0.is_column_break": "false",
                            "widget.1.group_definition.0.widget.8.widget_layout.0.width": "3",
                            "widget.1.group_definition.0.widget.8.widget_layout.0.x": "9",
                            "widget.1.group_definition.0.widget.8.widget_layout.0.y": "2",
                            "widget.1.heatmap_definition.#": "0",
                            "widget.1.hostmap_definition.#": "0",
                            "widget.1.id": "4443220072601812",
                            "widget.1.iframe_definition.#": "0",
                            "widget.1.image_definition.#": "0",
                            "widget.1.list_stream_definition.#": "0",
                            "widget.1.log_stream_definition.#": "0",
                            "widget.1.manage_status_definition.#": "0",
                            "widget.1.note_definition.#": "0",
                            "widget.1.query_table_definition.#": "0",
                            "widget.1.query_value_definition.#": "0",
                            "widget.1.scatterplot_definition.#": "0",
                            "widget.1.service_level_objective_definition.#": "0",
                            "widget.1.servicemap_definition.#": "0",
                            "widget.1.slo_list_definition.#": "0",
                            "widget.1.sunburst_definition.#": "0",
                            "widget.1.timeseries_definition.#": "0",
                            "widget.1.toplist_definition.#": "0",
                            "widget.1.topology_map_definition.#": "0",
                            "widget.1.trace_service_definition.#": "0",
                            "widget.1.treemap_definition.#": "0",
                            "widget.1.widget_layout.#": "1",
                            "widget.1.widget_layout.0.height": "5",
                            "widget.1.widget_layout.0.is_column_break": "true",
                            "widget.1.widget_layout.0.width": "12",
                            "widget.1.widget_layout.0.x": "0",
                            "widget.1.widget_layout.0.y": "1",
                            "widget.2.alert_graph_definition.#": "0",
                            "widget.2.alert_value_definition.#": "0",
                            "widget.2.change_definition.#": "0",
                            "widget.2.check_status_definition.#": "0",
                            "widget.2.distribution_definition.#": "0",
                            "widget.2.event_stream_definition.#": "0",
                            "widget.2.event_timeline_definition.#": "0",
                            "widget.2.free_text_definition.#": "1",
                            "widget.2.free_text_definition.0.color": "#FF780A",
                            "widget.2.free_text_definition.0.font_size": "auto",
                            "widget.2.free_text_definition.0.text": "APP2 OVERVIEW",
                            "widget.2.free_text_definition.0.text_align": "center",
                            "widget.2.geomap_definition.#": "0",
                            "widget.2.group_definition.#": "0",
                            "widget.2.heatmap_definition.#": "0",
                            "widget.2.hostmap_definition.#": "0",
                            "widget.2.id": "8497996210915614",
                            "widget.2.iframe_definition.#": "0",
                            "widget.2.image_definition.#": "0",
                            "widget.2.list_stream_definition.#": "0",
                            "widget.2.log_stream_definition.#": "0",
                            "widget.2.manage_status_definition.#": "0",
                            "widget.2.note_definition.#": "0",
                            "widget.2.query_table_definition.#": "0",
                            "widget.2.query_value_definition.#": "0",
                            "widget.2.scatterplot_definition.#": "0",
                            "widget.2.service_level_objective_definition.#": "0",
                            "widget.2.servicemap_definition.#": "0",
                            "widget.2.slo_list_definition.#": "0",
                            "widget.2.sunburst_definition.#": "0",
                            "widget.2.timeseries_definition.#": "0",
                            "widget.2.toplist_definition.#": "0",
                            "widget.2.topology_map_definition.#": "0",
                            "widget.2.trace_service_definition.#": "0",
                            "widget.2.treemap_definition.#": "0",
                            "widget.2.widget_layout.#": "1",
                            "widget.2.widget_layout.0.height": "1",
                            "widget.2.widget_layout.0.is_column_break": "false",
                            "widget.2.widget_layout.0.width": "12",
                            "widget.2.widget_layout.0.x": "0",
                            "widget.2.widget_layout.0.y": "0",
                            "widget.3.alert_graph_definition.#": "0",
                            "widget.3.alert_value_definition.#": "0",
                            "widget.3.change_definition.#": "0",
                            "widget.3.check_status_definition.#": "0",
                            "widget.3.distribution_definition.#": "0",
                            "widget.3.event_stream_definition.#": "0",
                            "widget.3.event_timeline_definition.#": "0",
                            "widget.3.free_text_definition.#": "0",
                            "widget.3.geomap_definition.#": "0",
                            "widget.3.group_definition.#": "1",
                            "widget.3.group_definition.0.background_color": "orange",
                            "widget.3.group_definition.0.banner_img": "",
                            "widget.3.group_definition.0.layout_type": "ordered",
                            "widget.3.group_definition.0.show_title": "true",
                            "widget.3.group_definition.0.title": "APP2 Hosts Overview",
                            "widget.3.group_definition.0.widget.#": "9",
                            "widget.3.group_definition.0.widget.0.alert_graph_definition.#": "0",
                            "widget.3.group_definition.0.widget.0.alert_value_definition.#": "0",
                            "widget.3.group_definition.0.widget.0.change_definition.#": "0",
                            "widget.3.group_definition.0.widget.0.check_status_definition.#": "0",
                            "widget.3.group_definition.0.widget.0.distribution_definition.#": "0",
                            "widget.3.group_definition.0.widget.0.event_stream_definition.#": "0",
                            "widget.3.group_definition.0.widget.0.event_timeline_definition.#": "0",
                            "widget.3.group_definition.0.widget.0.free_text_definition.#": "0",
                            "widget.3.group_definition.0.widget.0.geomap_definition.#": "0",
                            "widget.3.group_definition.0.widget.0.heatmap_definition.#": "0",
                            "widget.3.group_definition.0.widget.0.hostmap_definition.#": "1",
                            "widget.3.group_definition.0.widget.0.hostmap_definition.0.custom_link.#": "0",
                            "widget.3.group_definition.0.widget.0.hostmap_definition.0.group.#": "0",
                            "widget.3.group_definition.0.widget.0.hostmap_definition.0.no_group_hosts": "true",
                            "widget.3.group_definition.0.widget.0.hostmap_definition.0.no_metric_hosts": "true",
                            "widget.3.group_definition.0.widget.0.hostmap_definition.0.node_type": "host",
                            "widget.3.group_definition.0.widget.0.hostmap_definition.0.request.#": "1",
                            "widget.3.group_definition.0.widget.0.hostmap_definition.0.request.0.fill.#": "1",
                            "widget.3.group_definition.0.widget.0.hostmap_definition.0.request.0.fill.0.apm_query.#": "0",
                            "widget.3.group_definition.0.widget.0.hostmap_definition.0.request.0.fill.0.log_query.#": "0",
                            "widget.3.group_definition.0.widget.0.hostmap_definition.0.request.0.fill.0.process_query.#": "0",
                            "widget.3.group_definition.0.widget.0.hostmap_definition.0.request.0.fill.0.q": "avg:system.net.tcp.active_opens{app:staging} by {host}",
                            "widget.3.group_definition.0.widget.0.hostmap_definition.0.request.0.fill.0.rum_query.#": "0",
                            "widget.3.group_definition.0.widget.0.hostmap_definition.0.request.0.fill.0.security_query.#": "0",
                            "widget.3.group_definition.0.widget.0.hostmap_definition.0.request.0.size.#": "0",
                            "widget.3.group_definition.0.widget.0.hostmap_definition.0.scope.#": "1",
                            "widget.3.group_definition.0.widget.0.hostmap_definition.0.scope.0": "app:staging",
                            "widget.3.group_definition.0.widget.0.hostmap_definition.0.style.#": "1",
                            "widget.3.group_definition.0.widget.0.hostmap_definition.0.style.0.fill_max": "auto",
                            "widget.3.group_definition.0.widget.0.hostmap_definition.0.style.0.fill_min": "auto",
                            "widget.3.group_definition.0.widget.0.hostmap_definition.0.style.0.palette": "green_to_orange",
                            "widget.3.group_definition.0.widget.0.hostmap_definition.0.style.0.palette_flip": "true",
                            "widget.3.group_definition.0.widget.0.hostmap_definition.0.title": "App2 Host Map",
                            "widget.3.group_definition.0.widget.0.hostmap_definition.0.title_align": "left",
                            "widget.3.group_definition.0.widget.0.hostmap_definition.0.title_size": "16",
                            "widget.3.group_definition.0.widget.0.id": "6207421597346220",
                            "widget.3.group_definition.0.widget.0.iframe_definition.#": "0",
                            "widget.3.group_definition.0.widget.0.image_definition.#": "0",
                            "widget.3.group_definition.0.widget.0.list_stream_definition.#": "0",
                            "widget.3.group_definition.0.widget.0.log_stream_definition.#": "0",
                            "widget.3.group_definition.0.widget.0.manage_status_definition.#": "0",
                            "widget.3.group_definition.0.widget.0.note_definition.#": "0",
                            "widget.3.group_definition.0.widget.0.query_table_definition.#": "0",
                            "widget.3.group_definition.0.widget.0.query_value_definition.#": "0",
                            "widget.3.group_definition.0.widget.0.scatterplot_definition.#": "0",
                            "widget.3.group_definition.0.widget.0.service_level_objective_definition.#": "0",
                            "widget.3.group_definition.0.widget.0.servicemap_definition.#": "0",
                            "widget.3.group_definition.0.widget.0.slo_list_definition.#": "0",
                            "widget.3.group_definition.0.widget.0.sunburst_definition.#": "0",
                            "widget.3.group_definition.0.widget.0.timeseries_definition.#": "0",
                            "widget.3.group_definition.0.widget.0.toplist_definition.#": "0",
                            "widget.3.group_definition.0.widget.0.topology_map_definition.#": "0",
                            "widget.3.group_definition.0.widget.0.trace_service_definition.#": "0",
                            "widget.3.group_definition.0.widget.0.treemap_definition.#": "0",
                            "widget.3.group_definition.0.widget.0.widget_layout.#": "1",
                            "widget.3.group_definition.0.widget.0.widget_layout.0.height": "4",
                            "widget.3.group_definition.0.widget.0.widget_layout.0.is_column_break": "false",
                            "widget.3.group_definition.0.widget.0.widget_layout.0.width": "2",
                            "widget.3.group_definition.0.widget.0.widget_layout.0.x": "0",
                            "widget.3.group_definition.0.widget.0.widget_layout.0.y": "0",
                            "widget.3.group_definition.0.widget.1.alert_graph_definition.#": "0",
                            "widget.3.group_definition.0.widget.1.alert_value_definition.#": "0",
                            "widget.3.group_definition.0.widget.1.change_definition.#": "0",
                            "widget.3.group_definition.0.widget.1.check_status_definition.#": "0",
                            "widget.3.group_definition.0.widget.1.distribution_definition.#": "0",
                            "widget.3.group_definition.0.widget.1.event_stream_definition.#": "0",
                            "widget.3.group_definition.0.widget.1.event_timeline_definition.#": "0",
                            "widget.3.group_definition.0.widget.1.free_text_definition.#": "0",
                            "widget.3.group_definition.0.widget.1.geomap_definition.#": "0",
                            "widget.3.group_definition.0.widget.1.heatmap_definition.#": "0",
                            "widget.3.group_definition.0.widget.1.hostmap_definition.#": "0",
                            "widget.3.group_definition.0.widget.1.id": "8825160138216176",
                            "widget.3.group_definition.0.widget.1.iframe_definition.#": "0",
                            "widget.3.group_definition.0.widget.1.image_definition.#": "0",
                            "widget.3.group_definition.0.widget.1.list_stream_definition.#": "0",
                            "widget.3.group_definition.0.widget.1.log_stream_definition.#": "0",
                            "widget.3.group_definition.0.widget.1.manage_status_definition.#": "0",
                            "widget.3.group_definition.0.widget.1.note_definition.#": "0",
                            "widget.3.group_definition.0.widget.1.query_table_definition.#": "0",
                            "widget.3.group_definition.0.widget.1.query_value_definition.#": "1",
                            "widget.3.group_definition.0.widget.1.query_value_definition.0.autoscale": "true",
                            "widget.3.group_definition.0.widget.1.query_value_definition.0.custom_link.#": "0",
                            "widget.3.group_definition.0.widget.1.query_value_definition.0.custom_unit": "",
                            "widget.3.group_definition.0.widget.1.query_value_definition.0.live_span": "",
                            "widget.3.group_definition.0.widget.1.query_value_definition.0.precision": "1",
                            "widget.3.group_definition.0.widget.1.query_value_definition.0.request.#": "1",
                            "widget.3.group_definition.0.widget.1.query_value_definition.0.request.0.aggregator": "",
                            "widget.3.group_definition.0.widget.1.query_value_definition.0.request.0.apm_query.#": "0",
                            "widget.3.group_definition.0.widget.1.query_value_definition.0.request.0.audit_query.#": "0",
                            "widget.3.group_definition.0.widget.1.query_value_definition.0.request.0.conditional_formats.#": "0",
                            "widget.3.group_definition.0.widget.1.query_value_definition.0.request.0.formula.#": "1",
                            "widget.3.group_definition.0.widget.1.query_value_definition.0.request.0.formula.0.alias": "",
                            "widget.3.group_definition.0.widget.1.query_value_definition.0.request.0.formula.0.cell_display_mode": "",
                            "widget.3.group_definition.0.widget.1.query_value_definition.0.request.0.formula.0.conditional_formats.#": "0",
                            "widget.3.group_definition.0.widget.1.query_value_definition.0.request.0.formula.0.formula_expression": "query1",
                            "widget.3.group_definition.0.widget.1.query_value_definition.0.request.0.formula.0.limit.#": "0",
                            "widget.3.group_definition.0.widget.1.query_value_definition.0.request.0.formula.0.style.#": "0",
                            "widget.3.group_definition.0.widget.1.query_value_definition.0.request.0.log_query.#": "0",
                            "widget.3.group_definition.0.widget.1.query_value_definition.0.request.0.process_query.#": "0",
                            "widget.3.group_definition.0.widget.1.query_value_definition.0.request.0.q": "",
                            "widget.3.group_definition.0.widget.1.query_value_definition.0.request.0.query.#": "1",
                            "widget.3.group_definition.0.widget.1.query_value_definition.0.request.0.query.0.apm_dependency_stats_query.#": "0",
                            "widget.3.group_definition.0.widget.1.query_value_definition.0.request.0.query.0.apm_resource_stats_query.#": "0",
                            "widget.3.group_definition.0.widget.1.query_value_definition.0.request.0.query.0.event_query.#": "0",
                            "widget.3.group_definition.0.widget.1.query_value_definition.0.request.0.query.0.metric_query.#": "1",
                            "widget.3.group_definition.0.widget.1.query_value_definition.0.request.0.query.0.metric_query.0.aggregator": "avg",
                            "widget.3.group_definition.0.widget.1.query_value_definition.0.request.0.query.0.metric_query.0.data_source": "metrics",
                            "widget.3.group_definition.0.widget.1.query_value_definition.0.request.0.query.0.metric_query.0.name": "query1",
                            "widget.3.group_definition.0.widget.1.query_value_definition.0.request.0.query.0.metric_query.0.query": "avg:system.uptime{app:staging}",
                            "widget.3.group_definition.0.widget.1.query_value_definition.0.request.0.query.0.process_query.#": "0",
                            "widget.3.group_definition.0.widget.1.query_value_definition.0.request.0.rum_query.#": "0",
                            "widget.3.group_definition.0.widget.1.query_value_definition.0.request.0.security_query.#": "0",
                            "widget.3.group_definition.0.widget.1.query_value_definition.0.text_align": "",
                            "widget.3.group_definition.0.widget.1.query_value_definition.0.timeseries_background.#": "0",
                            "widget.3.group_definition.0.widget.1.query_value_definition.0.title": "System uptime",
                            "widget.3.group_definition.0.widget.1.query_value_definition.0.title_align": "",
                            "widget.3.group_definition.0.widget.1.query_value_definition.0.title_size": "",
                            "widget.3.group_definition.0.widget.1.scatterplot_definition.#": "0",
                            "widget.3.group_definition.0.widget.1.service_level_objective_definition.#": "0",
                            "widget.3.group_definition.0.widget.1.servicemap_definition.#": "0",
                            "widget.3.group_definition.0.widget.1.slo_list_definition.#": "0",
                            "widget.3.group_definition.0.widget.1.sunburst_definition.#": "0",
                            "widget.3.group_definition.0.widget.1.timeseries_definition.#": "0",
                            "widget.3.group_definition.0.widget.1.toplist_definition.#": "0",
                            "widget.3.group_definition.0.widget.1.topology_map_definition.#": "0",
                            "widget.3.group_definition.0.widget.1.trace_service_definition.#": "0",
                            "widget.3.group_definition.0.widget.1.treemap_definition.#": "0",
                            "widget.3.group_definition.0.widget.1.widget_layout.#": "1",
                            "widget.3.group_definition.0.widget.1.widget_layout.0.height": "2",
                            "widget.3.group_definition.0.widget.1.widget_layout.0.is_column_break": "false",
                            "widget.3.group_definition.0.widget.1.widget_layout.0.width": "1",
                            "widget.3.group_definition.0.widget.1.widget_layout.0.x": "2",
                            "widget.3.group_definition.0.widget.1.widget_layout.0.y": "0",
                            "widget.3.group_definition.0.widget.2.alert_graph_definition.#": "0",
                            "widget.3.group_definition.0.widget.2.alert_value_definition.#": "0",
                            "widget.3.group_definition.0.widget.2.change_definition.#": "0",
                            "widget.3.group_definition.0.widget.2.check_status_definition.#": "0",
                            "widget.3.group_definition.0.widget.2.distribution_definition.#": "0",
                            "widget.3.group_definition.0.widget.2.event_stream_definition.#": "0",
                            "widget.3.group_definition.0.widget.2.event_timeline_definition.#": "0",
                            "widget.3.group_definition.0.widget.2.free_text_definition.#": "0",
                            "widget.3.group_definition.0.widget.2.geomap_definition.#": "0",
                            "widget.3.group_definition.0.widget.2.heatmap_definition.#": "0",
                            "widget.3.group_definition.0.widget.2.hostmap_definition.#": "0",
                            "widget.3.group_definition.0.widget.2.id": "8321265757562506",
                            "widget.3.group_definition.0.widget.2.iframe_definition.#": "0",
                            "widget.3.group_definition.0.widget.2.image_definition.#": "0",
                            "widget.3.group_definition.0.widget.2.list_stream_definition.#": "0",
                            "widget.3.group_definition.0.widget.2.log_stream_definition.#": "0",
                            "widget.3.group_definition.0.widget.2.manage_status_definition.#": "0",
                            "widget.3.group_definition.0.widget.2.note_definition.#": "0",
                            "widget.3.group_definition.0.widget.2.query_table_definition.#": "0",
                            "widget.3.group_definition.0.widget.2.query_value_definition.#": "0",
                            "widget.3.group_definition.0.widget.2.scatterplot_definition.#": "0",
                            "widget.3.group_definition.0.widget.2.service_level_objective_definition.#": "0",
                            "widget.3.group_definition.0.widget.2.servicemap_definition.#": "0",
                            "widget.3.group_definition.0.widget.2.slo_list_definition.#": "0",
                            "widget.3.group_definition.0.widget.2.sunburst_definition.#": "0",
                            "widget.3.group_definition.0.widget.2.timeseries_definition.#": "1",
                            "widget.3.group_definition.0.widget.2.timeseries_definition.0.custom_link.#": "0",
                            "widget.3.group_definition.0.widget.2.timeseries_definition.0.event.#": "0",
                            "widget.3.group_definition.0.widget.2.timeseries_definition.0.legend_columns.#": "5",
                            "widget.3.group_definition.0.widget.2.timeseries_definition.0.legend_columns.0": "avg",
                            "widget.3.group_definition.0.widget.2.timeseries_definition.0.legend_columns.1": "max",
                            "widget.3.group_definition.0.widget.2.timeseries_definition.0.legend_columns.2": "min",
                            "widget.3.group_definition.0.widget.2.timeseries_definition.0.legend_columns.3": "sum",
                            "widget.3.group_definition.0.widget.2.timeseries_definition.0.legend_columns.4": "value",
                            "widget.3.group_definition.0.widget.2.timeseries_definition.0.legend_layout": "auto",
                            "widget.3.group_definition.0.widget.2.timeseries_definition.0.legend_size": "",
                            "widget.3.group_definition.0.widget.2.timeseries_definition.0.live_span": "1d",
                            "widget.3.group_definition.0.widget.2.timeseries_definition.0.marker.#": "0",
                            "widget.3.group_definition.0.widget.2.timeseries_definition.0.request.#": "1",
                            "widget.3.group_definition.0.widget.2.timeseries_definition.0.request.0.apm_query.#": "0",
                            "widget.3.group_definition.0.widget.2.timeseries_definition.0.request.0.audit_query.#": "0",
                            "widget.3.group_definition.0.widget.2.timeseries_definition.0.request.0.display_type": "area",
                            "widget.3.group_definition.0.widget.2.timeseries_definition.0.request.0.formula.#": "6",
                            "widget.3.group_definition.0.widget.2.timeseries_definition.0.request.0.formula.0.alias": "% time the CPU spent in an idle state",
                            "widget.3.group_definition.0.widget.2.timeseries_definition.0.request.0.formula.0.cell_display_mode": "",
                            "widget.3.group_definition.0.widget.2.timeseries_definition.0.request.0.formula.0.conditional_formats.#": "0",
                            "widget.3.group_definition.0.widget.2.timeseries_definition.0.request.0.formula.0.formula_expression": "query1",
                            "widget.3.group_definition.0.widget.2.timeseries_definition.0.request.0.formula.0.limit.#": "0",
                            "widget.3.group_definition.0.widget.2.timeseries_definition.0.request.0.formula.0.style.#": "0",
                            "widget.3.group_definition.0.widget.2.timeseries_definition.0.request.0.formula.1.alias": "% time the CPU spent running the kernel",
                            "widget.3.group_definition.0.widget.2.timeseries_definition.0.request.0.formula.1.cell_display_mode": "",
                            "widget.3.group_definition.0.widget.2.timeseries_definition.0.request.0.formula.1.conditional_formats.#": "0",
                            "widget.3.group_definition.0.widget.2.timeseries_definition.0.request.0.formula.1.formula_expression": "query2",
                            "widget.3.group_definition.0.widget.2.timeseries_definition.0.request.0.formula.1.limit.#": "0",
                            "widget.3.group_definition.0.widget.2.timeseries_definition.0.request.0.formula.1.style.#": "0",
                            "widget.3.group_definition.0.widget.2.timeseries_definition.0.request.0.formula.2.alias": "% time the CPU spent waiting for IO operations to complete",
                            "widget.3.group_definition.0.widget.2.timeseries_definition.0.request.0.formula.2.cell_display_mode": "",
                            "widget.3.group_definition.0.widget.2.timeseries_definition.0.request.0.formula.2.conditional_formats.#": "0",
                            "widget.3.group_definition.0.widget.2.timeseries_definition.0.request.0.formula.2.formula_expression": "query3",
                            "widget.3.group_definition.0.widget.2.timeseries_definition.0.request.0.formula.2.limit.#": "0",
                            "widget.3.group_definition.0.widget.2.timeseries_definition.0.request.0.formula.2.style.#": "0",
                            "widget.3.group_definition.0.widget.2.timeseries_definition.0.request.0.formula.3.alias": "% time the CPU spent running user space processes",
                            "widget.3.group_definition.0.widget.2.timeseries_definition.0.request.0.formula.3.cell_display_mode": "",
                            "widget.3.group_definition.0.widget.2.timeseries_definition.0.request.0.formula.3.conditional_formats.#": "0",
                            "widget.3.group_definition.0.widget.2.timeseries_definition.0.request.0.formula.3.formula_expression": "query4",
                            "widget.3.group_definition.0.widget.2.timeseries_definition.0.request.0.formula.3.limit.#": "0",
                            "widget.3.group_definition.0.widget.2.timeseries_definition.0.request.0.formula.3.style.#": "0",
                            "widget.3.group_definition.0.widget.2.timeseries_definition.0.request.0.formula.4.alias": "% time the virtual CPU spent waiting for the hypervisor to service another virtual CPU",
                            "widget.3.group_definition.0.widget.2.timeseries_definition.0.request.0.formula.4.cell_display_mode": "",
                            "widget.3.group_definition.0.widget.2.timeseries_definition.0.request.0.formula.4.conditional_formats.#": "0",
                            "widget.3.group_definition.0.widget.2.timeseries_definition.0.request.0.formula.4.formula_expression": "query5",
                            "widget.3.group_definition.0.widget.2.timeseries_definition.0.request.0.formula.4.limit.#": "0",
                            "widget.3.group_definition.0.widget.2.timeseries_definition.0.request.0.formula.4.style.#": "0",
                            "widget.3.group_definition.0.widget.2.timeseries_definition.0.request.0.formula.5.alias": "% time the CPU spent running the virtual processor",
                            "widget.3.group_definition.0.widget.2.timeseries_definition.0.request.0.formula.5.cell_display_mode": "",
                            "widget.3.group_definition.0.widget.2.timeseries_definition.0.request.0.formula.5.conditional_formats.#": "0",
                            "widget.3.group_definition.0.widget.2.timeseries_definition.0.request.0.formula.5.formula_expression": "query6",
                            "widget.3.group_definition.0.widget.2.timeseries_definition.0.request.0.formula.5.limit.#": "0",
                            "widget.3.group_definition.0.widget.2.timeseries_definition.0.request.0.formula.5.style.#": "0",
                            "widget.3.group_definition.0.widget.2.timeseries_definition.0.request.0.log_query.#": "0",
                            "widget.3.group_definition.0.widget.2.timeseries_definition.0.request.0.metadata.#": "0",
                            "widget.3.group_definition.0.widget.2.timeseries_definition.0.request.0.network_query.#": "0",
                            "widget.3.group_definition.0.widget.2.timeseries_definition.0.request.0.on_right_yaxis": "false",
                            "widget.3.group_definition.0.widget.2.timeseries_definition.0.request.0.process_query.#": "0",
                            "widget.3.group_definition.0.widget.2.timeseries_definition.0.request.0.q": "",
                            "widget.3.group_definition.0.widget.2.timeseries_definition.0.request.0.query.#": "6",
                            "widget.3.group_definition.0.widget.2.timeseries_definition.0.request.0.query.0.apm_dependency_stats_query.#": "0",
                            "widget.3.group_definition.0.widget.2.timeseries_definition.0.request.0.query.0.apm_resource_stats_query.#": "0",
                            "widget.3.group_definition.0.widget.2.timeseries_definition.0.request.0.query.0.event_query.#": "0",
                            "widget.3.group_definition.0.widget.2.timeseries_definition.0.request.0.query.0.metric_query.#": "1",
                            "widget.3.group_definition.0.widget.2.timeseries_definition.0.request.0.query.0.metric_query.0.aggregator": "",
                            "widget.3.group_definition.0.widget.2.timeseries_definition.0.request.0.query.0.metric_query.0.data_source": "metrics",
                            "widget.3.group_definition.0.widget.2.timeseries_definition.0.request.0.query.0.metric_query.0.name": "query1",
                            "widget.3.group_definition.0.widget.2.timeseries_definition.0.request.0.query.0.metric_query.0.query": "sum:system.cpu.idle{app:staging} by {host}",
                            "widget.3.group_definition.0.widget.2.timeseries_definition.0.request.0.query.0.process_query.#": "0",
                            "widget.3.group_definition.0.widget.2.timeseries_definition.0.request.0.query.1.apm_dependency_stats_query.#": "0",
                            "widget.3.group_definition.0.widget.2.timeseries_definition.0.request.0.query.1.apm_resource_stats_query.#": "0",
                            "widget.3.group_definition.0.widget.2.timeseries_definition.0.request.0.query.1.event_query.#": "0",
                            "widget.3.group_definition.0.widget.2.timeseries_definition.0.request.0.query.1.metric_query.#": "1",
                            "widget.3.group_definition.0.widget.2.timeseries_definition.0.request.0.query.1.metric_query.0.aggregator": "",
                            "widget.3.group_definition.0.widget.2.timeseries_definition.0.request.0.query.1.metric_query.0.data_source": "metrics",
                            "widget.3.group_definition.0.widget.2.timeseries_definition.0.request.0.query.1.metric_query.0.name": "query2",
                            "widget.3.group_definition.0.widget.2.timeseries_definition.0.request.0.query.1.metric_query.0.query": "sum:system.cpu.system{app:staging} by {host}",
                            "widget.3.group_definition.0.widget.2.timeseries_definition.0.request.0.query.1.process_query.#": "0",
                            "widget.3.group_definition.0.widget.2.timeseries_definition.0.request.0.query.2.apm_dependency_stats_query.#": "0",
                            "widget.3.group_definition.0.widget.2.timeseries_definition.0.request.0.query.2.apm_resource_stats_query.#": "0",
                            "widget.3.group_definition.0.widget.2.timeseries_definition.0.request.0.query.2.event_query.#": "0",
                            "widget.3.group_definition.0.widget.2.timeseries_definition.0.request.0.query.2.metric_query.#": "1",
                            "widget.3.group_definition.0.widget.2.timeseries_definition.0.request.0.query.2.metric_query.0.aggregator": "",
                            "widget.3.group_definition.0.widget.2.timeseries_definition.0.request.0.query.2.metric_query.0.data_source": "metrics",
                            "widget.3.group_definition.0.widget.2.timeseries_definition.0.request.0.query.2.metric_query.0.name": "query3",
                            "widget.3.group_definition.0.widget.2.timeseries_definition.0.request.0.query.2.metric_query.0.query": "sum:system.cpu.iowait{app:staging} by {host}",
                            "widget.3.group_definition.0.widget.2.timeseries_definition.0.request.0.query.2.process_query.#": "0",
                            "widget.3.group_definition.0.widget.2.timeseries_definition.0.request.0.query.3.apm_dependency_stats_query.#": "0",
                            "widget.3.group_definition.0.widget.2.timeseries_definition.0.request.0.query.3.apm_resource_stats_query.#": "0",
                            "widget.3.group_definition.0.widget.2.timeseries_definition.0.request.0.query.3.event_query.#": "0",
                            "widget.3.group_definition.0.widget.2.timeseries_definition.0.request.0.query.3.metric_query.#": "1",
                            "widget.3.group_definition.0.widget.2.timeseries_definition.0.request.0.query.3.metric_query.0.aggregator": "",
                            "widget.3.group_definition.0.widget.2.timeseries_definition.0.request.0.query.3.metric_query.0.data_source": "metrics",
                            "widget.3.group_definition.0.widget.2.timeseries_definition.0.request.0.query.3.metric_query.0.name": "query4",
                            "widget.3.group_definition.0.widget.2.timeseries_definition.0.request.0.query.3.metric_query.0.query": "sum:system.cpu.user{app:staging} by {host}",
                            "widget.3.group_definition.0.widget.2.timeseries_definition.0.request.0.query.3.process_query.#": "0",
                            "widget.3.group_definition.0.widget.2.timeseries_definition.0.request.0.query.4.apm_dependency_stats_query.#": "0",
                            "widget.3.group_definition.0.widget.2.timeseries_definition.0.request.0.query.4.apm_resource_stats_query.#": "0",
                            "widget.3.group_definition.0.widget.2.timeseries_definition.0.request.0.query.4.event_query.#": "0",
                            "widget.3.group_definition.0.widget.2.timeseries_definition.0.request.0.query.4.metric_query.#": "1",
                            "widget.3.group_definition.0.widget.2.timeseries_definition.0.request.0.query.4.metric_query.0.aggregator": "",
                            "widget.3.group_definition.0.widget.2.timeseries_definition.0.request.0.query.4.metric_query.0.data_source": "metrics",
                            "widget.3.group_definition.0.widget.2.timeseries_definition.0.request.0.query.4.metric_query.0.name": "query5",
                            "widget.3.group_definition.0.widget.2.timeseries_definition.0.request.0.query.4.metric_query.0.query": "sum:system.cpu.stolen{app:staging} by {host}",
                            "widget.3.group_definition.0.widget.2.timeseries_definition.0.request.0.query.4.process_query.#": "0",
                            "widget.3.group_definition.0.widget.2.timeseries_definition.0.request.0.query.5.apm_dependency_stats_query.#": "0",
                            "widget.3.group_definition.0.widget.2.timeseries_definition.0.request.0.query.5.apm_resource_stats_query.#": "0",
                            "widget.3.group_definition.0.widget.2.timeseries_definition.0.request.0.query.5.event_query.#": "0",
                            "widget.3.group_definition.0.widget.2.timeseries_definition.0.request.0.query.5.metric_query.#": "1",
                            "widget.3.group_definition.0.widget.2.timeseries_definition.0.request.0.query.5.metric_query.0.aggregator": "",
                            "widget.3.group_definition.0.widget.2.timeseries_definition.0.request.0.query.5.metric_query.0.data_source": "metrics",
                            "widget.3.group_definition.0.widget.2.timeseries_definition.0.request.0.query.5.metric_query.0.name": "query6",
                            "widget.3.group_definition.0.widget.2.timeseries_definition.0.request.0.query.5.metric_query.0.query": "sum:system.cpu.guest{app:staging} by {host}",
                            "widget.3.group_definition.0.widget.2.timeseries_definition.0.request.0.query.5.process_query.#": "0",
                            "widget.3.group_definition.0.widget.2.timeseries_definition.0.request.0.rum_query.#": "0",
                            "widget.3.group_definition.0.widget.2.timeseries_definition.0.request.0.security_query.#": "0",
                            "widget.3.group_definition.0.widget.2.timeseries_definition.0.request.0.style.#": "1",
                            "widget.3.group_definition.0.widget.2.timeseries_definition.0.request.0.style.0.line_type": "solid",
                            "widget.3.group_definition.0.widget.2.timeseries_definition.0.request.0.style.0.line_width": "normal",
                            "widget.3.group_definition.0.widget.2.timeseries_definition.0.request.0.style.0.palette": "warm",
                            "widget.3.group_definition.0.widget.2.timeseries_definition.0.right_yaxis.#": "0",
                            "widget.3.group_definition.0.widget.2.timeseries_definition.0.show_legend": "false",
                            "widget.3.group_definition.0.widget.2.timeseries_definition.0.title": "CPU usage breakdown (%)",
                            "widget.3.group_definition.0.widget.2.timeseries_definition.0.title_align": "",
                            "widget.3.group_definition.0.widget.2.timeseries_definition.0.title_size": "",
                            "widget.3.group_definition.0.widget.2.timeseries_definition.0.yaxis.#": "1",
                            "widget.3.group_definition.0.widget.2.timeseries_definition.0.yaxis.0.include_zero": "true",
                            "widget.3.group_definition.0.widget.2.timeseries_definition.0.yaxis.0.label": "",
                            "widget.3.group_definition.0.widget.2.timeseries_definition.0.yaxis.0.max": "auto",
                            "widget.3.group_definition.0.widget.2.timeseries_definition.0.yaxis.0.min": "auto",
                            "widget.3.group_definition.0.widget.2.timeseries_definition.0.yaxis.0.scale": "linear",
                            "widget.3.group_definition.0.widget.2.toplist_definition.#": "0",
                            "widget.3.group_definition.0.widget.2.topology_map_definition.#": "0",
                            "widget.3.group_definition.0.widget.2.trace_service_definition.#": "0",
                            "widget.3.group_definition.0.widget.2.treemap_definition.#": "0",
                            "widget.3.group_definition.0.widget.2.widget_layout.#": "1",
                            "widget.3.group_definition.0.widget.2.widget_layout.0.height": "2",
                            "widget.3.group_definition.0.widget.2.widget_layout.0.is_column_break": "false",
                            "widget.3.group_definition.0.widget.2.widget_layout.0.width": "3",
                            "widget.3.group_definition.0.widget.2.widget_layout.0.x": "3",
                            "widget.3.group_definition.0.widget.2.widget_layout.0.y": "0",
                            "widget.3.group_definition.0.widget.3.alert_graph_definition.#": "0",
                            "widget.3.group_definition.0.widget.3.alert_value_definition.#": "0",
                            "widget.3.group_definition.0.widget.3.change_definition.#": "0",
                            "widget.3.group_definition.0.widget.3.check_status_definition.#": "0",
                            "widget.3.group_definition.0.widget.3.distribution_definition.#": "0",
                            "widget.3.group_definition.0.widget.3.event_stream_definition.#": "0",
                            "widget.3.group_definition.0.widget.3.event_timeline_definition.#": "0",
                            "widget.3.group_definition.0.widget.3.free_text_definition.#": "0",
                            "widget.3.group_definition.0.widget.3.geomap_definition.#": "0",
                            "widget.3.group_definition.0.widget.3.heatmap_definition.#": "0",
                            "widget.3.group_definition.0.widget.3.hostmap_definition.#": "0",
                            "widget.3.group_definition.0.widget.3.id": "752283936420728",
                            "widget.3.group_definition.0.widget.3.iframe_definition.#": "0",
                            "widget.3.group_definition.0.widget.3.image_definition.#": "0",
                            "widget.3.group_definition.0.widget.3.list_stream_definition.#": "0",
                            "widget.3.group_definition.0.widget.3.log_stream_definition.#": "0",
                            "widget.3.group_definition.0.widget.3.manage_status_definition.#": "0",
                            "widget.3.group_definition.0.widget.3.note_definition.#": "0",
                            "widget.3.group_definition.0.widget.3.query_table_definition.#": "0",
                            "widget.3.group_definition.0.widget.3.query_value_definition.#": "0",
                            "widget.3.group_definition.0.widget.3.scatterplot_definition.#": "0",
                            "widget.3.group_definition.0.widget.3.service_level_objective_definition.#": "0",
                            "widget.3.group_definition.0.widget.3.servicemap_definition.#": "0",
                            "widget.3.group_definition.0.widget.3.slo_list_definition.#": "0",
                            "widget.3.group_definition.0.widget.3.sunburst_definition.#": "0",
                            "widget.3.group_definition.0.widget.3.timeseries_definition.#": "1",
                            "widget.3.group_definition.0.widget.3.timeseries_definition.0.custom_link.#": "0",
                            "widget.3.group_definition.0.widget.3.timeseries_definition.0.event.#": "0",
                            "widget.3.group_definition.0.widget.3.timeseries_definition.0.legend_columns.#": "5",
                            "widget.3.group_definition.0.widget.3.timeseries_definition.0.legend_columns.0": "avg",
                            "widget.3.group_definition.0.widget.3.timeseries_definition.0.legend_columns.1": "max",
                            "widget.3.group_definition.0.widget.3.timeseries_definition.0.legend_columns.2": "min",
                            "widget.3.group_definition.0.widget.3.timeseries_definition.0.legend_columns.3": "sum",
                            "widget.3.group_definition.0.widget.3.timeseries_definition.0.legend_columns.4": "value",
                            "widget.3.group_definition.0.widget.3.timeseries_definition.0.legend_layout": "auto",
                            "widget.3.group_definition.0.widget.3.timeseries_definition.0.legend_size": "",
                            "widget.3.group_definition.0.widget.3.timeseries_definition.0.live_span": "",
                            "widget.3.group_definition.0.widget.3.timeseries_definition.0.marker.#": "0",
                            "widget.3.group_definition.0.widget.3.timeseries_definition.0.request.#": "1",
                            "widget.3.group_definition.0.widget.3.timeseries_definition.0.request.0.apm_query.#": "0",
                            "widget.3.group_definition.0.widget.3.timeseries_definition.0.request.0.audit_query.#": "0",
                            "widget.3.group_definition.0.widget.3.timeseries_definition.0.request.0.display_type": "line",
                            "widget.3.group_definition.0.widget.3.timeseries_definition.0.request.0.formula.#": "1",
                            "widget.3.group_definition.0.widget.3.timeseries_definition.0.request.0.formula.0.alias": "",
                            "widget.3.group_definition.0.widget.3.timeseries_definition.0.request.0.formula.0.cell_display_mode": "",
                            "widget.3.group_definition.0.widget.3.timeseries_definition.0.request.0.formula.0.conditional_formats.#": "0",
                            "widget.3.group_definition.0.widget.3.timeseries_definition.0.request.0.formula.0.formula_expression": "query1",
                            "widget.3.group_definition.0.widget.3.timeseries_definition.0.request.0.formula.0.limit.#": "0",
                            "widget.3.group_definition.0.widget.3.timeseries_definition.0.request.0.formula.0.style.#": "0",
                            "widget.3.group_definition.0.widget.3.timeseries_definition.0.request.0.log_query.#": "0",
                            "widget.3.group_definition.0.widget.3.timeseries_definition.0.request.0.metadata.#": "0",
                            "widget.3.group_definition.0.widget.3.timeseries_definition.0.request.0.network_query.#": "0",
                            "widget.3.group_definition.0.widget.3.timeseries_definition.0.request.0.on_right_yaxis": "false",
                            "widget.3.group_definition.0.widget.3.timeseries_definition.0.request.0.process_query.#": "0",
                            "widget.3.group_definition.0.widget.3.timeseries_definition.0.request.0.q": "",
                            "widget.3.group_definition.0.widget.3.timeseries_definition.0.request.0.query.#": "1",
                            "widget.3.group_definition.0.widget.3.timeseries_definition.0.request.0.query.0.apm_dependency_stats_query.#": "0",
                            "widget.3.group_definition.0.widget.3.timeseries_definition.0.request.0.query.0.apm_resource_stats_query.#": "0",
                            "widget.3.group_definition.0.widget.3.timeseries_definition.0.request.0.query.0.event_query.#": "0",
                            "widget.3.group_definition.0.widget.3.timeseries_definition.0.request.0.query.0.metric_query.#": "1",
                            "widget.3.group_definition.0.widget.3.timeseries_definition.0.request.0.query.0.metric_query.0.aggregator": "",
                            "widget.3.group_definition.0.widget.3.timeseries_definition.0.request.0.query.0.metric_query.0.data_source": "metrics",
                            "widget.3.group_definition.0.widget.3.timeseries_definition.0.request.0.query.0.metric_query.0.name": "query1",
                            "widget.3.group_definition.0.widget.3.timeseries_definition.0.request.0.query.0.metric_query.0.query": "sum:kubernetes.cpu.usage.total{app:staging} by {host}",
                            "widget.3.group_definition.0.widget.3.timeseries_definition.0.request.0.query.0.process_query.#": "0",
                            "widget.3.group_definition.0.widget.3.timeseries_definition.0.request.0.rum_query.#": "0",
                            "widget.3.group_definition.0.widget.3.timeseries_definition.0.request.0.security_query.#": "0",
                            "widget.3.group_definition.0.widget.3.timeseries_definition.0.request.0.style.#": "1",
                            "widget.3.group_definition.0.widget.3.timeseries_definition.0.request.0.style.0.line_type": "solid",
                            "widget.3.group_definition.0.widget.3.timeseries_definition.0.request.0.style.0.line_width": "normal",
                            "widget.3.group_definition.0.widget.3.timeseries_definition.0.request.0.style.0.palette": "warm",
                            "widget.3.group_definition.0.widget.3.timeseries_definition.0.right_yaxis.#": "0",
                            "widget.3.group_definition.0.widget.3.timeseries_definition.0.show_legend": "true",
                            "widget.3.group_definition.0.widget.3.timeseries_definition.0.title": "CPU usage per node",
                            "widget.3.group_definition.0.widget.3.timeseries_definition.0.title_align": "left",
                            "widget.3.group_definition.0.widget.3.timeseries_definition.0.title_size": "16",
                            "widget.3.group_definition.0.widget.3.timeseries_definition.0.yaxis.#": "1",
                            "widget.3.group_definition.0.widget.3.timeseries_definition.0.yaxis.0.include_zero": "true",
                            "widget.3.group_definition.0.widget.3.timeseries_definition.0.yaxis.0.label": "",
                            "widget.3.group_definition.0.widget.3.timeseries_definition.0.yaxis.0.max": "auto",
                            "widget.3.group_definition.0.widget.3.timeseries_definition.0.yaxis.0.min": "auto",
                            "widget.3.group_definition.0.widget.3.timeseries_definition.0.yaxis.0.scale": "linear",
                            "widget.3.group_definition.0.widget.3.toplist_definition.#": "0",
                            "widget.3.group_definition.0.widget.3.topology_map_definition.#": "0",
                            "widget.3.group_definition.0.widget.3.trace_service_definition.#": "0",
                            "widget.3.group_definition.0.widget.3.treemap_definition.#": "0",
                            "widget.3.group_definition.0.widget.3.widget_layout.#": "1",
                            "widget.3.group_definition.0.widget.3.widget_layout.0.height": "2",
                            "widget.3.group_definition.0.widget.3.widget_layout.0.is_column_break": "false",
                            "widget.3.group_definition.0.widget.3.widget_layout.0.width": "2",
                            "widget.3.group_definition.0.widget.3.widget_layout.0.x": "6",
                            "widget.3.group_definition.0.widget.3.widget_layout.0.y": "0",
                            "widget.3.group_definition.0.widget.4.alert_graph_definition.#": "0",
                            "widget.3.group_definition.0.widget.4.alert_value_definition.#": "0",
                            "widget.3.group_definition.0.widget.4.change_definition.#": "0",
                            "widget.3.group_definition.0.widget.4.check_status_definition.#": "0",
                            "widget.3.group_definition.0.widget.4.distribution_definition.#": "0",
                            "widget.3.group_definition.0.widget.4.event_stream_definition.#": "0",
                            "widget.3.group_definition.0.widget.4.event_timeline_definition.#": "0",
                            "widget.3.group_definition.0.widget.4.free_text_definition.#": "0",
                            "widget.3.group_definition.0.widget.4.geomap_definition.#": "0",
                            "widget.3.group_definition.0.widget.4.heatmap_definition.#": "0",
                            "widget.3.group_definition.0.widget.4.hostmap_definition.#": "0",
                            "widget.3.group_definition.0.widget.4.id": "2451024808923824",
                            "widget.3.group_definition.0.widget.4.iframe_definition.#": "0",
                            "widget.3.group_definition.0.widget.4.image_definition.#": "0",
                            "widget.3.group_definition.0.widget.4.list_stream_definition.#": "0",
                            "widget.3.group_definition.0.widget.4.log_stream_definition.#": "0",
                            "widget.3.group_definition.0.widget.4.manage_status_definition.#": "0",
                            "widget.3.group_definition.0.widget.4.note_definition.#": "0",
                            "widget.3.group_definition.0.widget.4.query_table_definition.#": "0",
                            "widget.3.group_definition.0.widget.4.query_value_definition.#": "0",
                            "widget.3.group_definition.0.widget.4.scatterplot_definition.#": "0",
                            "widget.3.group_definition.0.widget.4.service_level_objective_definition.#": "0",
                            "widget.3.group_definition.0.widget.4.servicemap_definition.#": "0",
                            "widget.3.group_definition.0.widget.4.slo_list_definition.#": "0",
                            "widget.3.group_definition.0.widget.4.sunburst_definition.#": "0",
                            "widget.3.group_definition.0.widget.4.timeseries_definition.#": "1",
                            "widget.3.group_definition.0.widget.4.timeseries_definition.0.custom_link.#": "0",
                            "widget.3.group_definition.0.widget.4.timeseries_definition.0.event.#": "0",
                            "widget.3.group_definition.0.widget.4.timeseries_definition.0.legend_columns.#": "5",
                            "widget.3.group_definition.0.widget.4.timeseries_definition.0.legend_columns.0": "avg",
                            "widget.3.group_definition.0.widget.4.timeseries_definition.0.legend_columns.1": "max",
                            "widget.3.group_definition.0.widget.4.timeseries_definition.0.legend_columns.2": "min",
                            "widget.3.group_definition.0.widget.4.timeseries_definition.0.legend_columns.3": "sum",
                            "widget.3.group_definition.0.widget.4.timeseries_definition.0.legend_columns.4": "value",
                            "widget.3.group_definition.0.widget.4.timeseries_definition.0.legend_layout": "auto",
                            "widget.3.group_definition.0.widget.4.timeseries_definition.0.legend_size": "",
                            "widget.3.group_definition.0.widget.4.timeseries_definition.0.live_span": "1d",
                            "widget.3.group_definition.0.widget.4.timeseries_definition.0.marker.#": "0",
                            "widget.3.group_definition.0.widget.4.timeseries_definition.0.request.#": "2",
                            "widget.3.group_definition.0.widget.4.timeseries_definition.0.request.0.apm_query.#": "0",
                            "widget.3.group_definition.0.widget.4.timeseries_definition.0.request.0.audit_query.#": "0",
                            "widget.3.group_definition.0.widget.4.timeseries_definition.0.request.0.display_type": "area",
                            "widget.3.group_definition.0.widget.4.timeseries_definition.0.request.0.formula.#": "1",
                            "widget.3.group_definition.0.widget.4.timeseries_definition.0.request.0.formula.0.alias": "RAM total",
                            "widget.3.group_definition.0.widget.4.timeseries_definition.0.request.0.formula.0.cell_display_mode": "",
                            "widget.3.group_definition.0.widget.4.timeseries_definition.0.request.0.formula.0.conditional_formats.#": "0",
                            "widget.3.group_definition.0.widget.4.timeseries_definition.0.request.0.formula.0.formula_expression": "query2",
                            "widget.3.group_definition.0.widget.4.timeseries_definition.0.request.0.formula.0.limit.#": "0",
                            "widget.3.group_definition.0.widget.4.timeseries_definition.0.request.0.formula.0.style.#": "0",
                            "widget.3.group_definition.0.widget.4.timeseries_definition.0.request.0.log_query.#": "0",
                            "widget.3.group_definition.0.widget.4.timeseries_definition.0.request.0.metadata.#": "0",
                            "widget.3.group_definition.0.widget.4.timeseries_definition.0.request.0.network_query.#": "0",
                            "widget.3.group_definition.0.widget.4.timeseries_definition.0.request.0.on_right_yaxis": "false",
                            "widget.3.group_definition.0.widget.4.timeseries_definition.0.request.0.process_query.#": "0",
                            "widget.3.group_definition.0.widget.4.timeseries_definition.0.request.0.q": "",
                            "widget.3.group_definition.0.widget.4.timeseries_definition.0.request.0.query.#": "1",
                            "widget.3.group_definition.0.widget.4.timeseries_definition.0.request.0.query.0.apm_dependency_stats_query.#": "0",
                            "widget.3.group_definition.0.widget.4.timeseries_definition.0.request.0.query.0.apm_resource_stats_query.#": "0",
                            "widget.3.group_definition.0.widget.4.timeseries_definition.0.request.0.query.0.event_query.#": "0",
                            "widget.3.group_definition.0.widget.4.timeseries_definition.0.request.0.query.0.metric_query.#": "1",
                            "widget.3.group_definition.0.widget.4.timeseries_definition.0.request.0.query.0.metric_query.0.aggregator": "",
                            "widget.3.group_definition.0.widget.4.timeseries_definition.0.request.0.query.0.metric_query.0.data_source": "metrics",
                            "widget.3.group_definition.0.widget.4.timeseries_definition.0.request.0.query.0.metric_query.0.name": "query2",
                            "widget.3.group_definition.0.widget.4.timeseries_definition.0.request.0.query.0.metric_query.0.query": "sum:system.mem.total{*}",
                            "widget.3.group_definition.0.widget.4.timeseries_definition.0.request.0.query.0.process_query.#": "0",
                            "widget.3.group_definition.0.widget.4.timeseries_definition.0.request.0.rum_query.#": "0",
                            "widget.3.group_definition.0.widget.4.timeseries_definition.0.request.0.security_query.#": "0",
                            "widget.3.group_definition.0.widget.4.timeseries_definition.0.request.0.style.#": "1",
                            "widget.3.group_definition.0.widget.4.timeseries_definition.0.request.0.style.0.line_type": "solid",
                            "widget.3.group_definition.0.widget.4.timeseries_definition.0.request.0.style.0.line_width": "normal",
                            "widget.3.group_definition.0.widget.4.timeseries_definition.0.request.0.style.0.palette": "cool",
                            "widget.3.group_definition.0.widget.4.timeseries_definition.0.request.1.apm_query.#": "0",
                            "widget.3.group_definition.0.widget.4.timeseries_definition.0.request.1.audit_query.#": "0",
                            "widget.3.group_definition.0.widget.4.timeseries_definition.0.request.1.display_type": "area",
                            "widget.3.group_definition.0.widget.4.timeseries_definition.0.request.1.formula.#": "1",
                            "widget.3.group_definition.0.widget.4.timeseries_definition.0.request.1.formula.0.alias": "RAM used",
                            "widget.3.group_definition.0.widget.4.timeseries_definition.0.request.1.formula.0.cell_display_mode": "",
                            "widget.3.group_definition.0.widget.4.timeseries_definition.0.request.1.formula.0.conditional_formats.#": "0",
                            "widget.3.group_definition.0.widget.4.timeseries_definition.0.request.1.formula.0.formula_expression": "query0",
                            "widget.3.group_definition.0.widget.4.timeseries_definition.0.request.1.formula.0.limit.#": "0",
                            "widget.3.group_definition.0.widget.4.timeseries_definition.0.request.1.formula.0.style.#": "0",
                            "widget.3.group_definition.0.widget.4.timeseries_definition.0.request.1.log_query.#": "0",
                            "widget.3.group_definition.0.widget.4.timeseries_definition.0.request.1.metadata.#": "0",
                            "widget.3.group_definition.0.widget.4.timeseries_definition.0.request.1.network_query.#": "0",
                            "widget.3.group_definition.0.widget.4.timeseries_definition.0.request.1.on_right_yaxis": "false",
                            "widget.3.group_definition.0.widget.4.timeseries_definition.0.request.1.process_query.#": "0",
                            "widget.3.group_definition.0.widget.4.timeseries_definition.0.request.1.q": "",
                            "widget.3.group_definition.0.widget.4.timeseries_definition.0.request.1.query.#": "1",
                            "widget.3.group_definition.0.widget.4.timeseries_definition.0.request.1.query.0.apm_dependency_stats_query.#": "0",
                            "widget.3.group_definition.0.widget.4.timeseries_definition.0.request.1.query.0.apm_resource_stats_query.#": "0",
                            "widget.3.group_definition.0.widget.4.timeseries_definition.0.request.1.query.0.event_query.#": "0",
                            "widget.3.group_definition.0.widget.4.timeseries_definition.0.request.1.query.0.metric_query.#": "1",
                            "widget.3.group_definition.0.widget.4.timeseries_definition.0.request.1.query.0.metric_query.0.aggregator": "",
                            "widget.3.group_definition.0.widget.4.timeseries_definition.0.request.1.query.0.metric_query.0.data_source": "metrics",
                            "widget.3.group_definition.0.widget.4.timeseries_definition.0.request.1.query.0.metric_query.0.name": "query0",
                            "widget.3.group_definition.0.widget.4.timeseries_definition.0.request.1.query.0.metric_query.0.query": "sum:system.mem.used{*}",
                            "widget.3.group_definition.0.widget.4.timeseries_definition.0.request.1.query.0.process_query.#": "0",
                            "widget.3.group_definition.0.widget.4.timeseries_definition.0.request.1.rum_query.#": "0",
                            "widget.3.group_definition.0.widget.4.timeseries_definition.0.request.1.security_query.#": "0",
                            "widget.3.group_definition.0.widget.4.timeseries_definition.0.request.1.style.#": "1",
                            "widget.3.group_definition.0.widget.4.timeseries_definition.0.request.1.style.0.line_type": "solid",
                            "widget.3.group_definition.0.widget.4.timeseries_definition.0.request.1.style.0.line_width": "normal",
                            "widget.3.group_definition.0.widget.4.timeseries_definition.0.request.1.style.0.palette": "warm",
                            "widget.3.group_definition.0.widget.4.timeseries_definition.0.right_yaxis.#": "0",
                            "widget.3.group_definition.0.widget.4.timeseries_definition.0.show_legend": "false",
                            "widget.3.group_definition.0.widget.4.timeseries_definition.0.title": "RAM  breakdown",
                            "widget.3.group_definition.0.widget.4.timeseries_definition.0.title_align": "",
                            "widget.3.group_definition.0.widget.4.timeseries_definition.0.title_size": "",
                            "widget.3.group_definition.0.widget.4.timeseries_definition.0.yaxis.#": "1",
                            "widget.3.group_definition.0.widget.4.timeseries_definition.0.yaxis.0.include_zero": "true",
                            "widget.3.group_definition.0.widget.4.timeseries_definition.0.yaxis.0.label": "",
                            "widget.3.group_definition.0.widget.4.timeseries_definition.0.yaxis.0.max": "auto",
                            "widget.3.group_definition.0.widget.4.timeseries_definition.0.yaxis.0.min": "auto",
                            "widget.3.group_definition.0.widget.4.timeseries_definition.0.yaxis.0.scale": "linear",
                            "widget.3.group_definition.0.widget.4.toplist_definition.#": "0",
                            "widget.3.group_definition.0.widget.4.topology_map_definition.#": "0",
                            "widget.3.group_definition.0.widget.4.trace_service_definition.#": "0",
                            "widget.3.group_definition.0.widget.4.treemap_definition.#": "0",
                            "widget.3.group_definition.0.widget.4.widget_layout.#": "1",
                            "widget.3.group_definition.0.widget.4.widget_layout.0.height": "2",
                            "widget.3.group_definition.0.widget.4.widget_layout.0.is_column_break": "false",
                            "widget.3.group_definition.0.widget.4.widget_layout.0.width": "2",
                            "widget.3.group_definition.0.widget.4.widget_layout.0.x": "8",
                            "widget.3.group_definition.0.widget.4.widget_layout.0.y": "0",
                            "widget.3.group_definition.0.widget.5.alert_graph_definition.#": "0",
                            "widget.3.group_definition.0.widget.5.alert_value_definition.#": "0",
                            "widget.3.group_definition.0.widget.5.change_definition.#": "0",
                            "widget.3.group_definition.0.widget.5.check_status_definition.#": "0",
                            "widget.3.group_definition.0.widget.5.distribution_definition.#": "0",
                            "widget.3.group_definition.0.widget.5.event_stream_definition.#": "0",
                            "widget.3.group_definition.0.widget.5.event_timeline_definition.#": "0",
                            "widget.3.group_definition.0.widget.5.free_text_definition.#": "0",
                            "widget.3.group_definition.0.widget.5.geomap_definition.#": "0",
                            "widget.3.group_definition.0.widget.5.heatmap_definition.#": "0",
                            "widget.3.group_definition.0.widget.5.hostmap_definition.#": "0",
                            "widget.3.group_definition.0.widget.5.id": "7949782271040794",
                            "widget.3.group_definition.0.widget.5.iframe_definition.#": "0",
                            "widget.3.group_definition.0.widget.5.image_definition.#": "0",
                            "widget.3.group_definition.0.widget.5.list_stream_definition.#": "0",
                            "widget.3.group_definition.0.widget.5.log_stream_definition.#": "0",
                            "widget.3.group_definition.0.widget.5.manage_status_definition.#": "0",
                            "widget.3.group_definition.0.widget.5.note_definition.#": "0",
                            "widget.3.group_definition.0.widget.5.query_table_definition.#": "0",
                            "widget.3.group_definition.0.widget.5.query_value_definition.#": "0",
                            "widget.3.group_definition.0.widget.5.scatterplot_definition.#": "0",
                            "widget.3.group_definition.0.widget.5.service_level_objective_definition.#": "0",
                            "widget.3.group_definition.0.widget.5.servicemap_definition.#": "0",
                            "widget.3.group_definition.0.widget.5.slo_list_definition.#": "0",
                            "widget.3.group_definition.0.widget.5.sunburst_definition.#": "0",
                            "widget.3.group_definition.0.widget.5.timeseries_definition.#": "1",
                            "widget.3.group_definition.0.widget.5.timeseries_definition.0.custom_link.#": "0",
                            "widget.3.group_definition.0.widget.5.timeseries_definition.0.event.#": "0",
                            "widget.3.group_definition.0.widget.5.timeseries_definition.0.legend_columns.#": "5",
                            "widget.3.group_definition.0.widget.5.timeseries_definition.0.legend_columns.0": "avg",
                            "widget.3.group_definition.0.widget.5.timeseries_definition.0.legend_columns.1": "max",
                            "widget.3.group_definition.0.widget.5.timeseries_definition.0.legend_columns.2": "min",
                            "widget.3.group_definition.0.widget.5.timeseries_definition.0.legend_columns.3": "sum",
                            "widget.3.group_definition.0.widget.5.timeseries_definition.0.legend_columns.4": "value",
                            "widget.3.group_definition.0.widget.5.timeseries_definition.0.legend_layout": "auto",
                            "widget.3.group_definition.0.widget.5.timeseries_definition.0.legend_size": "",
                            "widget.3.group_definition.0.widget.5.timeseries_definition.0.live_span": "",
                            "widget.3.group_definition.0.widget.5.timeseries_definition.0.marker.#": "0",
                            "widget.3.group_definition.0.widget.5.timeseries_definition.0.request.#": "2",
                            "widget.3.group_definition.0.widget.5.timeseries_definition.0.request.0.apm_query.#": "0",
                            "widget.3.group_definition.0.widget.5.timeseries_definition.0.request.0.audit_query.#": "0",
                            "widget.3.group_definition.0.widget.5.timeseries_definition.0.request.0.display_type": "bars",
                            "widget.3.group_definition.0.widget.5.timeseries_definition.0.request.0.formula.#": "1",
                            "widget.3.group_definition.0.widget.5.timeseries_definition.0.request.0.formula.0.alias": "Network bytes received",
                            "widget.3.group_definition.0.widget.5.timeseries_definition.0.request.0.formula.0.cell_display_mode": "",
                            "widget.3.group_definition.0.widget.5.timeseries_definition.0.request.0.formula.0.conditional_formats.#": "0",
                            "widget.3.group_definition.0.widget.5.timeseries_definition.0.request.0.formula.0.formula_expression": "query1",
                            "widget.3.group_definition.0.widget.5.timeseries_definition.0.request.0.formula.0.limit.#": "0",
                            "widget.3.group_definition.0.widget.5.timeseries_definition.0.request.0.formula.0.style.#": "0",
                            "widget.3.group_definition.0.widget.5.timeseries_definition.0.request.0.log_query.#": "0",
                            "widget.3.group_definition.0.widget.5.timeseries_definition.0.request.0.metadata.#": "0",
                            "widget.3.group_definition.0.widget.5.timeseries_definition.0.request.0.network_query.#": "0",
                            "widget.3.group_definition.0.widget.5.timeseries_definition.0.request.0.on_right_yaxis": "false",
                            "widget.3.group_definition.0.widget.5.timeseries_definition.0.request.0.process_query.#": "0",
                            "widget.3.group_definition.0.widget.5.timeseries_definition.0.request.0.q": "",
                            "widget.3.group_definition.0.widget.5.timeseries_definition.0.request.0.query.#": "1",
                            "widget.3.group_definition.0.widget.5.timeseries_definition.0.request.0.query.0.apm_dependency_stats_query.#": "0",
                            "widget.3.group_definition.0.widget.5.timeseries_definition.0.request.0.query.0.apm_resource_stats_query.#": "0",
                            "widget.3.group_definition.0.widget.5.timeseries_definition.0.request.0.query.0.event_query.#": "0",
                            "widget.3.group_definition.0.widget.5.timeseries_definition.0.request.0.query.0.metric_query.#": "1",
                            "widget.3.group_definition.0.widget.5.timeseries_definition.0.request.0.query.0.metric_query.0.aggregator": "",
                            "widget.3.group_definition.0.widget.5.timeseries_definition.0.request.0.query.0.metric_query.0.data_source": "metrics",
                            "widget.3.group_definition.0.widget.5.timeseries_definition.0.request.0.query.0.metric_query.0.name": "query1",
                            "widget.3.group_definition.0.widget.5.timeseries_definition.0.request.0.query.0.metric_query.0.query": "sum:system.net.bytes_rcvd{*,*}",
                            "widget.3.group_definition.0.widget.5.timeseries_definition.0.request.0.query.0.process_query.#": "0",
                            "widget.3.group_definition.0.widget.5.timeseries_definition.0.request.0.rum_query.#": "0",
                            "widget.3.group_definition.0.widget.5.timeseries_definition.0.request.0.security_query.#": "0",
                            "widget.3.group_definition.0.widget.5.timeseries_definition.0.request.0.style.#": "1",
                            "widget.3.group_definition.0.widget.5.timeseries_definition.0.request.0.style.0.line_type": "solid",
                            "widget.3.group_definition.0.widget.5.timeseries_definition.0.request.0.style.0.line_width": "normal",
                            "widget.3.group_definition.0.widget.5.timeseries_definition.0.request.0.style.0.palette": "dog_classic",
                            "widget.3.group_definition.0.widget.5.timeseries_definition.0.request.1.apm_query.#": "0",
                            "widget.3.group_definition.0.widget.5.timeseries_definition.0.request.1.audit_query.#": "0",
                            "widget.3.group_definition.0.widget.5.timeseries_definition.0.request.1.display_type": "bars",
                            "widget.3.group_definition.0.widget.5.timeseries_definition.0.request.1.formula.#": "1",
                            "widget.3.group_definition.0.widget.5.timeseries_definition.0.request.1.formula.0.alias": "Network bytes sent",
                            "widget.3.group_definition.0.widget.5.timeseries_definition.0.request.1.formula.0.cell_display_mode": "",
                            "widget.3.group_definition.0.widget.5.timeseries_definition.0.request.1.formula.0.conditional_formats.#": "0",
                            "widget.3.group_definition.0.widget.5.timeseries_definition.0.request.1.formula.0.formula_expression": "0 - query1",
                            "widget.3.group_definition.0.widget.5.timeseries_definition.0.request.1.formula.0.limit.#": "0",
                            "widget.3.group_definition.0.widget.5.timeseries_definition.0.request.1.formula.0.style.#": "0",
                            "widget.3.group_definition.0.widget.5.timeseries_definition.0.request.1.log_query.#": "0",
                            "widget.3.group_definition.0.widget.5.timeseries_definition.0.request.1.metadata.#": "0",
                            "widget.3.group_definition.0.widget.5.timeseries_definition.0.request.1.network_query.#": "0",
                            "widget.3.group_definition.0.widget.5.timeseries_definition.0.request.1.on_right_yaxis": "false",
                            "widget.3.group_definition.0.widget.5.timeseries_definition.0.request.1.process_query.#": "0",
                            "widget.3.group_definition.0.widget.5.timeseries_definition.0.request.1.q": "",
                            "widget.3.group_definition.0.widget.5.timeseries_definition.0.request.1.query.#": "1",
                            "widget.3.group_definition.0.widget.5.timeseries_definition.0.request.1.query.0.apm_dependency_stats_query.#": "0",
                            "widget.3.group_definition.0.widget.5.timeseries_definition.0.request.1.query.0.apm_resource_stats_query.#": "0",
                            "widget.3.group_definition.0.widget.5.timeseries_definition.0.request.1.query.0.event_query.#": "0",
                            "widget.3.group_definition.0.widget.5.timeseries_definition.0.request.1.query.0.metric_query.#": "1",
                            "widget.3.group_definition.0.widget.5.timeseries_definition.0.request.1.query.0.metric_query.0.aggregator": "",
                            "widget.3.group_definition.0.widget.5.timeseries_definition.0.request.1.query.0.metric_query.0.data_source": "metrics",
                            "widget.3.group_definition.0.widget.5.timeseries_definition.0.request.1.query.0.metric_query.0.name": "query1",
                            "widget.3.group_definition.0.widget.5.timeseries_definition.0.request.1.query.0.metric_query.0.query": "sum:system.net.bytes_sent{*,*}",
                            "widget.3.group_definition.0.widget.5.timeseries_definition.0.request.1.query.0.process_query.#": "0",
                            "widget.3.group_definition.0.widget.5.timeseries_definition.0.request.1.rum_query.#": "0",
                            "widget.3.group_definition.0.widget.5.timeseries_definition.0.request.1.security_query.#": "0",
                            "widget.3.group_definition.0.widget.5.timeseries_definition.0.request.1.style.#": "1",
                            "widget.3.group_definition.0.widget.5.timeseries_definition.0.request.1.style.0.line_type": "solid",
                            "widget.3.group_definition.0.widget.5.timeseries_definition.0.request.1.style.0.line_width": "normal",
                            "widget.3.group_definition.0.widget.5.timeseries_definition.0.request.1.style.0.palette": "warm",
                            "widget.3.group_definition.0.widget.5.timeseries_definition.0.right_yaxis.#": "0",
                            "widget.3.group_definition.0.widget.5.timeseries_definition.0.show_legend": "false",
                            "widget.3.group_definition.0.widget.5.timeseries_definition.0.title": "Network traffic (bytes per sec)",
                            "widget.3.group_definition.0.widget.5.timeseries_definition.0.title_align": "",
                            "widget.3.group_definition.0.widget.5.timeseries_definition.0.title_size": "",
                            "widget.3.group_definition.0.widget.5.timeseries_definition.0.yaxis.#": "1",
                            "widget.3.group_definition.0.widget.5.timeseries_definition.0.yaxis.0.include_zero": "true",
                            "widget.3.group_definition.0.widget.5.timeseries_definition.0.yaxis.0.label": "",
                            "widget.3.group_definition.0.widget.5.timeseries_definition.0.yaxis.0.max": "auto",
                            "widget.3.group_definition.0.widget.5.timeseries_definition.0.yaxis.0.min": "auto",
                            "widget.3.group_definition.0.widget.5.timeseries_definition.0.yaxis.0.scale": "linear",
                            "widget.3.group_definition.0.widget.5.toplist_definition.#": "0",
                            "widget.3.group_definition.0.widget.5.topology_map_definition.#": "0",
                            "widget.3.group_definition.0.widget.5.trace_service_definition.#": "0",
                            "widget.3.group_definition.0.widget.5.treemap_definition.#": "0",
                            "widget.3.group_definition.0.widget.5.widget_layout.#": "1",
                            "widget.3.group_definition.0.widget.5.widget_layout.0.height": "2",
                            "widget.3.group_definition.0.widget.5.widget_layout.0.is_column_break": "false",
                            "widget.3.group_definition.0.widget.5.widget_layout.0.width": "2",
                            "widget.3.group_definition.0.widget.5.widget_layout.0.x": "10",
                            "widget.3.group_definition.0.widget.5.widget_layout.0.y": "0",
                            "widget.3.group_definition.0.widget.6.alert_graph_definition.#": "0",
                            "widget.3.group_definition.0.widget.6.alert_value_definition.#": "0",
                            "widget.3.group_definition.0.widget.6.change_definition.#": "0",
                            "widget.3.group_definition.0.widget.6.check_status_definition.#": "0",
                            "widget.3.group_definition.0.widget.6.distribution_definition.#": "0",
                            "widget.3.group_definition.0.widget.6.event_stream_definition.#": "0",
                            "widget.3.group_definition.0.widget.6.event_timeline_definition.#": "0",
                            "widget.3.group_definition.0.widget.6.free_text_definition.#": "0",
                            "widget.3.group_definition.0.widget.6.geomap_definition.#": "0",
                            "widget.3.group_definition.0.widget.6.heatmap_definition.#": "0",
                            "widget.3.group_definition.0.widget.6.hostmap_definition.#": "0",
                            "widget.3.group_definition.0.widget.6.id": "3664971613105508",
                            "widget.3.group_definition.0.widget.6.iframe_definition.#": "0",
                            "widget.3.group_definition.0.widget.6.image_definition.#": "0",
                            "widget.3.group_definition.0.widget.6.list_stream_definition.#": "0",
                            "widget.3.group_definition.0.widget.6.log_stream_definition.#": "0",
                            "widget.3.group_definition.0.widget.6.manage_status_definition.#": "0",
                            "widget.3.group_definition.0.widget.6.note_definition.#": "0",
                            "widget.3.group_definition.0.widget.6.query_table_definition.#": "1",
                            "widget.3.group_definition.0.widget.6.query_table_definition.0.custom_link.#": "0",
                            "widget.3.group_definition.0.widget.6.query_table_definition.0.has_search_bar": "",
                            "widget.3.group_definition.0.widget.6.query_table_definition.0.live_span": "1d",
                            "widget.3.group_definition.0.widget.6.query_table_definition.0.request.#": "1",
                            "widget.3.group_definition.0.widget.6.query_table_definition.0.request.0.aggregator": "",
                            "widget.3.group_definition.0.widget.6.query_table_definition.0.request.0.alias": "",
                            "widget.3.group_definition.0.widget.6.query_table_definition.0.request.0.apm_query.#": "0",
                            "widget.3.group_definition.0.widget.6.query_table_definition.0.request.0.apm_stats_query.#": "0",
                            "widget.3.group_definition.0.widget.6.query_table_definition.0.request.0.cell_display_mode.#": "0",
                            "widget.3.group_definition.0.widget.6.query_table_definition.0.request.0.conditional_formats.#": "0",
                            "widget.3.group_definition.0.widget.6.query_table_definition.0.request.0.formula.#": "4",
                            "widget.3.group_definition.0.widget.6.query_table_definition.0.request.0.formula.0.alias": "Free disk space",
                            "widget.3.group_definition.0.widget.6.query_table_definition.0.request.0.formula.0.cell_display_mode": "bar",
                            "widget.3.group_definition.0.widget.6.query_table_definition.0.request.0.formula.0.conditional_formats.#": "0",
                            "widget.3.group_definition.0.widget.6.query_table_definition.0.request.0.formula.0.formula_expression": "query1",
                            "widget.3.group_definition.0.widget.6.query_table_definition.0.request.0.formula.0.limit.#": "0",
                            "widget.3.group_definition.0.widget.6.query_table_definition.0.request.0.formula.0.style.#": "0",
                            "widget.3.group_definition.0.widget.6.query_table_definition.0.request.0.formula.1.alias": "Used disk space",
                            "widget.3.group_definition.0.widget.6.query_table_definition.0.request.0.formula.1.cell_display_mode": "bar",
                            "widget.3.group_definition.0.widget.6.query_table_definition.0.request.0.formula.1.conditional_formats.#": "0",
                            "widget.3.group_definition.0.widget.6.query_table_definition.0.request.0.formula.1.formula_expression": "query2",
                            "widget.3.group_definition.0.widget.6.query_table_definition.0.request.0.formula.1.limit.#": "0",
                            "widget.3.group_definition.0.widget.6.query_table_definition.0.request.0.formula.1.style.#": "0",
                            "widget.3.group_definition.0.widget.6.query_table_definition.0.request.0.formula.2.alias": "Total disk",
                            "widget.3.group_definition.0.widget.6.query_table_definition.0.request.0.formula.2.cell_display_mode": "bar",
                            "widget.3.group_definition.0.widget.6.query_table_definition.0.request.0.formula.2.conditional_formats.#": "0",
                            "widget.3.group_definition.0.widget.6.query_table_definition.0.request.0.formula.2.formula_expression": "query3",
                            "widget.3.group_definition.0.widget.6.query_table_definition.0.request.0.formula.2.limit.#": "0",
                            "widget.3.group_definition.0.widget.6.query_table_definition.0.request.0.formula.2.style.#": "0",
                            "widget.3.group_definition.0.widget.6.query_table_definition.0.request.0.formula.3.alias": "Percentage",
                            "widget.3.group_definition.0.widget.6.query_table_definition.0.request.0.formula.3.cell_display_mode": "",
                            "widget.3.group_definition.0.widget.6.query_table_definition.0.request.0.formula.3.conditional_formats.#": "2",
                            "widget.3.group_definition.0.widget.6.query_table_definition.0.request.0.formula.3.conditional_formats.0.comparator": "\u003e=",
                            "widget.3.group_definition.0.widget.6.query_table_definition.0.request.0.formula.3.conditional_formats.0.custom_bg_color": "",
                            "widget.3.group_definition.0.widget.6.query_table_definition.0.request.0.formula.3.conditional_formats.0.custom_fg_color": "",
                            "widget.3.group_definition.0.widget.6.query_table_definition.0.request.0.formula.3.conditional_formats.0.hide_value": "false",
                            "widget.3.group_definition.0.widget.6.query_table_definition.0.request.0.formula.3.conditional_formats.0.image_url": "",
                            "widget.3.group_definition.0.widget.6.query_table_definition.0.request.0.formula.3.conditional_formats.0.metric": "",
                            "widget.3.group_definition.0.widget.6.query_table_definition.0.request.0.formula.3.conditional_formats.0.palette": "white_on_green",
                            "widget.3.group_definition.0.widget.6.query_table_definition.0.request.0.formula.3.conditional_formats.0.timeframe": "",
                            "widget.3.group_definition.0.widget.6.query_table_definition.0.request.0.formula.3.conditional_formats.0.value": "10",
                            "widget.3.group_definition.0.widget.6.query_table_definition.0.request.0.formula.3.conditional_formats.1.comparator": "\u003c",
                            "widget.3.group_definition.0.widget.6.query_table_definition.0.request.0.formula.3.conditional_formats.1.custom_bg_color": "",
                            "widget.3.group_definition.0.widget.6.query_table_definition.0.request.0.formula.3.conditional_formats.1.custom_fg_color": "",
                            "widget.3.group_definition.0.widget.6.query_table_definition.0.request.0.formula.3.conditional_formats.1.hide_value": "false",
                            "widget.3.group_definition.0.widget.6.query_table_definition.0.request.0.formula.3.conditional_formats.1.image_url": "",
                            "widget.3.group_definition.0.widget.6.query_table_definition.0.request.0.formula.3.conditional_formats.1.metric": "",
                            "widget.3.group_definition.0.widget.6.query_table_definition.0.request.0.formula.3.conditional_formats.1.palette": "white_on_red",
                            "widget.3.group_definition.0.widget.6.query_table_definition.0.request.0.formula.3.conditional_formats.1.timeframe": "",
                            "widget.3.group_definition.0.widget.6.query_table_definition.0.request.0.formula.3.conditional_formats.1.value": "10",
                            "widget.3.group_definition.0.widget.6.query_table_definition.0.request.0.formula.3.formula_expression": "(query2 / query3) * 100",
                            "widget.3.group_definition.0.widget.6.query_table_definition.0.request.0.formula.3.limit.#": "1",
                            "widget.3.group_definition.0.widget.6.query_table_definition.0.request.0.formula.3.limit.0.count": "500",
                            "widget.3.group_definition.0.widget.6.query_table_definition.0.request.0.formula.3.limit.0.order": "desc",
                            "widget.3.group_definition.0.widget.6.query_table_definition.0.request.0.formula.3.style.#": "0",
                            "widget.3.group_definition.0.widget.6.query_table_definition.0.request.0.limit": "0",
                            "widget.3.group_definition.0.widget.6.query_table_definition.0.request.0.log_query.#": "0",
                            "widget.3.group_definition.0.widget.6.query_table_definition.0.request.0.order": "",
                            "widget.3.group_definition.0.widget.6.query_table_definition.0.request.0.process_query.#": "0",
                            "widget.3.group_definition.0.widget.6.query_table_definition.0.request.0.q": "",
                            "widget.3.group_definition.0.widget.6.query_table_definition.0.request.0.query.#": "3",
                            "widget.3.group_definition.0.widget.6.query_table_definition.0.request.0.query.0.apm_dependency_stats_query.#": "0",
                            "widget.3.group_definition.0.widget.6.query_table_definition.0.request.0.query.0.apm_resource_stats_query.#": "0",
                            "widget.3.group_definition.0.widget.6.query_table_definition.0.request.0.query.0.event_query.#": "0",
                            "widget.3.group_definition.0.widget.6.query_table_definition.0.request.0.query.0.metric_query.#": "1",
                            "widget.3.group_definition.0.widget.6.query_table_definition.0.request.0.query.0.metric_query.0.aggregator": "avg",
                            "widget.3.group_definition.0.widget.6.query_table_definition.0.request.0.query.0.metric_query.0.data_source": "metrics",
                            "widget.3.group_definition.0.widget.6.query_table_definition.0.request.0.query.0.metric_query.0.name": "query1",
                            "widget.3.group_definition.0.widget.6.query_table_definition.0.request.0.query.0.metric_query.0.query": "sum:system.disk.free{app:staging} by {host}",
                            "widget.3.group_definition.0.widget.6.query_table_definition.0.request.0.query.0.process_query.#": "0",
                            "widget.3.group_definition.0.widget.6.query_table_definition.0.request.0.query.1.apm_dependency_stats_query.#": "0",
                            "widget.3.group_definition.0.widget.6.query_table_definition.0.request.0.query.1.apm_resource_stats_query.#": "0",
                            "widget.3.group_definition.0.widget.6.query_table_definition.0.request.0.query.1.event_query.#": "0",
                            "widget.3.group_definition.0.widget.6.query_table_definition.0.request.0.query.1.metric_query.#": "1",
                            "widget.3.group_definition.0.widget.6.query_table_definition.0.request.0.query.1.metric_query.0.aggregator": "avg",
                            "widget.3.group_definition.0.widget.6.query_table_definition.0.request.0.query.1.metric_query.0.data_source": "metrics",
                            "widget.3.group_definition.0.widget.6.query_table_definition.0.request.0.query.1.metric_query.0.name": "query2",
                            "widget.3.group_definition.0.widget.6.query_table_definition.0.request.0.query.1.metric_query.0.query": "sum:system.disk.used{app:staging} by {host}",
                            "widget.3.group_definition.0.widget.6.query_table_definition.0.request.0.query.1.process_query.#": "0",
                            "widget.3.group_definition.0.widget.6.query_table_definition.0.request.0.query.2.apm_dependency_stats_query.#": "0",
                            "widget.3.group_definition.0.widget.6.query_table_definition.0.request.0.query.2.apm_resource_stats_query.#": "0",
                            "widget.3.group_definition.0.widget.6.query_table_definition.0.request.0.query.2.event_query.#": "0",
                            "widget.3.group_definition.0.widget.6.query_table_definition.0.request.0.query.2.metric_query.#": "1",
                            "widget.3.group_definition.0.widget.6.query_table_definition.0.request.0.query.2.metric_query.0.aggregator": "avg",
                            "widget.3.group_definition.0.widget.6.query_table_definition.0.request.0.query.2.metric_query.0.data_source": "metrics",
                            "widget.3.group_definition.0.widget.6.query_table_definition.0.request.0.query.2.metric_query.0.name": "query3",
                            "widget.3.group_definition.0.widget.6.query_table_definition.0.request.0.query.2.metric_query.0.query": "sum:system.disk.total{app:staging} by {host}",
                            "widget.3.group_definition.0.widget.6.query_table_definition.0.request.0.query.2.process_query.#": "0",
                            "widget.3.group_definition.0.widget.6.query_table_definition.0.request.0.rum_query.#": "0",
                            "widget.3.group_definition.0.widget.6.query_table_definition.0.request.0.security_query.#": "0",
                            "widget.3.group_definition.0.widget.6.query_table_definition.0.title": "Amount of free and used disk space per device",
                            "widget.3.group_definition.0.widget.6.query_table_definition.0.title_align": "",
                            "widget.3.group_definition.0.widget.6.query_table_definition.0.title_size": "",
                            "widget.3.group_definition.0.widget.6.query_value_definition.#": "0",
                            "widget.3.group_definition.0.widget.6.scatterplot_definition.#": "0",
                            "widget.3.group_definition.0.widget.6.service_level_objective_definition.#": "0",
                            "widget.3.group_definition.0.widget.6.servicemap_definition.#": "0",
                            "widget.3.group_definition.0.widget.6.slo_list_definition.#": "0",
                            "widget.3.group_definition.0.widget.6.sunburst_definition.#": "0",
                            "widget.3.group_definition.0.widget.6.timeseries_definition.#": "0",
                            "widget.3.group_definition.0.widget.6.toplist_definition.#": "0",
                            "widget.3.group_definition.0.widget.6.topology_map_definition.#": "0",
                            "widget.3.group_definition.0.widget.6.trace_service_definition.#": "0",
                            "widget.3.group_definition.0.widget.6.treemap_definition.#": "0",
                            "widget.3.group_definition.0.widget.6.widget_layout.#": "1",
                            "widget.3.group_definition.0.widget.6.widget_layout.0.height": "2",
                            "widget.3.group_definition.0.widget.6.widget_layout.0.is_column_break": "false",
                            "widget.3.group_definition.0.widget.6.widget_layout.0.width": "4",
                            "widget.3.group_definition.0.widget.6.widget_layout.0.x": "2",
                            "widget.3.group_definition.0.widget.6.widget_layout.0.y": "2",
                            "widget.3.group_definition.0.widget.7.alert_graph_definition.#": "0",
                            "widget.3.group_definition.0.widget.7.alert_value_definition.#": "0",
                            "widget.3.group_definition.0.widget.7.change_definition.#": "0",
                            "widget.3.group_definition.0.widget.7.check_status_definition.#": "0",
                            "widget.3.group_definition.0.widget.7.distribution_definition.#": "0",
                            "widget.3.group_definition.0.widget.7.event_stream_definition.#": "0",
                            "widget.3.group_definition.0.widget.7.event_timeline_definition.#": "0",
                            "widget.3.group_definition.0.widget.7.free_text_definition.#": "0",
                            "widget.3.group_definition.0.widget.7.geomap_definition.#": "0",
                            "widget.3.group_definition.0.widget.7.heatmap_definition.#": "0",
                            "widget.3.group_definition.0.widget.7.hostmap_definition.#": "0",
                            "widget.3.group_definition.0.widget.7.id": "1985877658714586",
                            "widget.3.group_definition.0.widget.7.iframe_definition.#": "0",
                            "widget.3.group_definition.0.widget.7.image_definition.#": "0",
                            "widget.3.group_definition.0.widget.7.list_stream_definition.#": "0",
                            "widget.3.group_definition.0.widget.7.log_stream_definition.#": "0",
                            "widget.3.group_definition.0.widget.7.manage_status_definition.#": "0",
                            "widget.3.group_definition.0.widget.7.note_definition.#": "0",
                            "widget.3.group_definition.0.widget.7.query_table_definition.#": "0",
                            "widget.3.group_definition.0.widget.7.query_value_definition.#": "0",
                            "widget.3.group_definition.0.widget.7.scatterplot_definition.#": "0",
                            "widget.3.group_definition.0.widget.7.service_level_objective_definition.#": "0",
                            "widget.3.group_definition.0.widget.7.servicemap_definition.#": "0",
                            "widget.3.group_definition.0.widget.7.slo_list_definition.#": "0",
                            "widget.3.group_definition.0.widget.7.sunburst_definition.#": "0",
                            "widget.3.group_definition.0.widget.7.timeseries_definition.#": "1",
                            "widget.3.group_definition.0.widget.7.timeseries_definition.0.custom_link.#": "0",
                            "widget.3.group_definition.0.widget.7.timeseries_definition.0.event.#": "0",
                            "widget.3.group_definition.0.widget.7.timeseries_definition.0.legend_columns.#": "5",
                            "widget.3.group_definition.0.widget.7.timeseries_definition.0.legend_columns.0": "avg",
                            "widget.3.group_definition.0.widget.7.timeseries_definition.0.legend_columns.1": "max",
                            "widget.3.group_definition.0.widget.7.timeseries_definition.0.legend_columns.2": "min",
                            "widget.3.group_definition.0.widget.7.timeseries_definition.0.legend_columns.3": "sum",
                            "widget.3.group_definition.0.widget.7.timeseries_definition.0.legend_columns.4": "value",
                            "widget.3.group_definition.0.widget.7.timeseries_definition.0.legend_layout": "auto",
                            "widget.3.group_definition.0.widget.7.timeseries_definition.0.legend_size": "",
                            "widget.3.group_definition.0.widget.7.timeseries_definition.0.live_span": "",
                            "widget.3.group_definition.0.widget.7.timeseries_definition.0.marker.#": "1",
                            "widget.3.group_definition.0.widget.7.timeseries_definition.0.marker.0.display_type": "error dashed",
                            "widget.3.group_definition.0.widget.7.timeseries_definition.0.marker.0.label": "full",
                            "widget.3.group_definition.0.widget.7.timeseries_definition.0.marker.0.value": "y = 100",
                            "widget.3.group_definition.0.widget.7.timeseries_definition.0.request.#": "1",
                            "widget.3.group_definition.0.widget.7.timeseries_definition.0.request.0.apm_query.#": "0",
                            "widget.3.group_definition.0.widget.7.timeseries_definition.0.request.0.audit_query.#": "0",
                            "widget.3.group_definition.0.widget.7.timeseries_definition.0.request.0.display_type": "line",
                            "widget.3.group_definition.0.widget.7.timeseries_definition.0.request.0.formula.#": "1",
                            "widget.3.group_definition.0.widget.7.timeseries_definition.0.request.0.formula.0.alias": "",
                            "widget.3.group_definition.0.widget.7.timeseries_definition.0.request.0.formula.0.cell_display_mode": "",
                            "widget.3.group_definition.0.widget.7.timeseries_definition.0.request.0.formula.0.conditional_formats.#": "0",
                            "widget.3.group_definition.0.widget.7.timeseries_definition.0.request.0.formula.0.formula_expression": "query1 * 100",
                            "widget.3.group_definition.0.widget.7.timeseries_definition.0.request.0.formula.0.limit.#": "0",
                            "widget.3.group_definition.0.widget.7.timeseries_definition.0.request.0.formula.0.style.#": "0",
                            "widget.3.group_definition.0.widget.7.timeseries_definition.0.request.0.log_query.#": "0",
                            "widget.3.group_definition.0.widget.7.timeseries_definition.0.request.0.metadata.#": "0",
                            "widget.3.group_definition.0.widget.7.timeseries_definition.0.request.0.network_query.#": "0",
                            "widget.3.group_definition.0.widget.7.timeseries_definition.0.request.0.on_right_yaxis": "false",
                            "widget.3.group_definition.0.widget.7.timeseries_definition.0.request.0.process_query.#": "0",
                            "widget.3.group_definition.0.widget.7.timeseries_definition.0.request.0.q": "",
                            "widget.3.group_definition.0.widget.7.timeseries_definition.0.request.0.query.#": "1",
                            "widget.3.group_definition.0.widget.7.timeseries_definition.0.request.0.query.0.apm_dependency_stats_query.#": "0",
                            "widget.3.group_definition.0.widget.7.timeseries_definition.0.request.0.query.0.apm_resource_stats_query.#": "0",
                            "widget.3.group_definition.0.widget.7.timeseries_definition.0.request.0.query.0.event_query.#": "0",
                            "widget.3.group_definition.0.widget.7.timeseries_definition.0.request.0.query.0.metric_query.#": "1",
                            "widget.3.group_definition.0.widget.7.timeseries_definition.0.request.0.query.0.metric_query.0.aggregator": "",
                            "widget.3.group_definition.0.widget.7.timeseries_definition.0.request.0.query.0.metric_query.0.data_source": "metrics",
                            "widget.3.group_definition.0.widget.7.timeseries_definition.0.request.0.query.0.metric_query.0.name": "query1",
                            "widget.3.group_definition.0.widget.7.timeseries_definition.0.request.0.query.0.metric_query.0.query": "sum:system.disk.in_use{app:staging} by {host}",
                            "widget.3.group_definition.0.widget.7.timeseries_definition.0.request.0.query.0.process_query.#": "0",
                            "widget.3.group_definition.0.widget.7.timeseries_definition.0.request.0.rum_query.#": "0",
                            "widget.3.group_definition.0.widget.7.timeseries_definition.0.request.0.security_query.#": "0",
                            "widget.3.group_definition.0.widget.7.timeseries_definition.0.request.0.style.#": "1",
                            "widget.3.group_definition.0.widget.7.timeseries_definition.0.request.0.style.0.line_type": "solid",
                            "widget.3.group_definition.0.widget.7.timeseries_definition.0.request.0.style.0.line_width": "normal",
                            "widget.3.group_definition.0.widget.7.timeseries_definition.0.request.0.style.0.palette": "warm",
                            "widget.3.group_definition.0.widget.7.timeseries_definition.0.right_yaxis.#": "0",
                            "widget.3.group_definition.0.widget.7.timeseries_definition.0.show_legend": "true",
                            "widget.3.group_definition.0.widget.7.timeseries_definition.0.title": "Disk usage by device (%)",
                            "widget.3.group_definition.0.widget.7.timeseries_definition.0.title_align": "",
                            "widget.3.group_definition.0.widget.7.timeseries_definition.0.title_size": "",
                            "widget.3.group_definition.0.widget.7.timeseries_definition.0.yaxis.#": "0",
                            "widget.3.group_definition.0.widget.7.toplist_definition.#": "0",
                            "widget.3.group_definition.0.widget.7.topology_map_definition.#": "0",
                            "widget.3.group_definition.0.widget.7.trace_service_definition.#": "0",
                            "widget.3.group_definition.0.widget.7.treemap_definition.#": "0",
                            "widget.3.group_definition.0.widget.7.widget_layout.#": "1",
                            "widget.3.group_definition.0.widget.7.widget_layout.0.height": "2",
                            "widget.3.group_definition.0.widget.7.widget_layout.0.is_column_break": "false",
                            "widget.3.group_definition.0.widget.7.widget_layout.0.width": "3",
                            "widget.3.group_definition.0.widget.7.widget_layout.0.x": "6",
                            "widget.3.group_definition.0.widget.7.widget_layout.0.y": "2",
                            "widget.3.group_definition.0.widget.8.alert_graph_definition.#": "0",
                            "widget.3.group_definition.0.widget.8.alert_value_definition.#": "0",
                            "widget.3.group_definition.0.widget.8.change_definition.#": "0",
                            "widget.3.group_definition.0.widget.8.check_status_definition.#": "0",
                            "widget.3.group_definition.0.widget.8.distribution_definition.#": "0",
                            "widget.3.group_definition.0.widget.8.event_stream_definition.#": "0",
                            "widget.3.group_definition.0.widget.8.event_timeline_definition.#": "0",
                            "widget.3.group_definition.0.widget.8.free_text_definition.#": "0",
                            "widget.3.group_definition.0.widget.8.geomap_definition.#": "0",
                            "widget.3.group_definition.0.widget.8.heatmap_definition.#": "0",
                            "widget.3.group_definition.0.widget.8.hostmap_definition.#": "0",
                            "widget.3.group_definition.0.widget.8.id": "7359725504923766",
                            "widget.3.group_definition.0.widget.8.iframe_definition.#": "0",
                            "widget.3.group_definition.0.widget.8.image_definition.#": "0",
                            "widget.3.group_definition.0.widget.8.list_stream_definition.#": "0",
                            "widget.3.group_definition.0.widget.8.log_stream_definition.#": "0",
                            "widget.3.group_definition.0.widget.8.manage_status_definition.#": "0",
                            "widget.3.group_definition.0.widget.8.note_definition.#": "0",
                            "widget.3.group_definition.0.widget.8.query_table_definition.#": "0",
                            "widget.3.group_definition.0.widget.8.query_value_definition.#": "0",
                            "widget.3.group_definition.0.widget.8.scatterplot_definition.#": "0",
                            "widget.3.group_definition.0.widget.8.service_level_objective_definition.#": "0",
                            "widget.3.group_definition.0.widget.8.servicemap_definition.#": "0",
                            "widget.3.group_definition.0.widget.8.slo_list_definition.#": "0",
                            "widget.3.group_definition.0.widget.8.sunburst_definition.#": "0",
                            "widget.3.group_definition.0.widget.8.timeseries_definition.#": "1",
                            "widget.3.group_definition.0.widget.8.timeseries_definition.0.custom_link.#": "0",
                            "widget.3.group_definition.0.widget.8.timeseries_definition.0.event.#": "0",
                            "widget.3.group_definition.0.widget.8.timeseries_definition.0.legend_columns.#": "5",
                            "widget.3.group_definition.0.widget.8.timeseries_definition.0.legend_columns.0": "avg",
                            "widget.3.group_definition.0.widget.8.timeseries_definition.0.legend_columns.1": "max",
                            "widget.3.group_definition.0.widget.8.timeseries_definition.0.legend_columns.2": "min",
                            "widget.3.group_definition.0.widget.8.timeseries_definition.0.legend_columns.3": "sum",
                            "widget.3.group_definition.0.widget.8.timeseries_definition.0.legend_columns.4": "value",
                            "widget.3.group_definition.0.widget.8.timeseries_definition.0.legend_layout": "auto",
                            "widget.3.group_definition.0.widget.8.timeseries_definition.0.legend_size": "",
                            "widget.3.group_definition.0.widget.8.timeseries_definition.0.live_span": "",
                            "widget.3.group_definition.0.widget.8.timeseries_definition.0.marker.#": "0",
                            "widget.3.group_definition.0.widget.8.timeseries_definition.0.request.#": "1",
                            "widget.3.group_definition.0.widget.8.timeseries_definition.0.request.0.apm_query.#": "0",
                            "widget.3.group_definition.0.widget.8.timeseries_definition.0.request.0.audit_query.#": "0",
                            "widget.3.group_definition.0.widget.8.timeseries_definition.0.request.0.display_type": "area",
                            "widget.3.group_definition.0.widget.8.timeseries_definition.0.request.0.formula.#": "1",
                            "widget.3.group_definition.0.widget.8.timeseries_definition.0.request.0.formula.0.alias": "% of swap free",
                            "widget.3.group_definition.0.widget.8.timeseries_definition.0.request.0.formula.0.cell_display_mode": "",
                            "widget.3.group_definition.0.widget.8.timeseries_definition.0.request.0.formula.0.conditional_formats.#": "0",
                            "widget.3.group_definition.0.widget.8.timeseries_definition.0.request.0.formula.0.formula_expression": "query1 * 100",
                            "widget.3.group_definition.0.widget.8.timeseries_definition.0.request.0.formula.0.limit.#": "0",
                            "widget.3.group_definition.0.widget.8.timeseries_definition.0.request.0.formula.0.style.#": "0",
                            "widget.3.group_definition.0.widget.8.timeseries_definition.0.request.0.log_query.#": "0",
                            "widget.3.group_definition.0.widget.8.timeseries_definition.0.request.0.metadata.#": "0",
                            "widget.3.group_definition.0.widget.8.timeseries_definition.0.request.0.network_query.#": "0",
                            "widget.3.group_definition.0.widget.8.timeseries_definition.0.request.0.on_right_yaxis": "false",
                            "widget.3.group_definition.0.widget.8.timeseries_definition.0.request.0.process_query.#": "0",
                            "widget.3.group_definition.0.widget.8.timeseries_definition.0.request.0.q": "",
                            "widget.3.group_definition.0.widget.8.timeseries_definition.0.request.0.query.#": "1",
                            "widget.3.group_definition.0.widget.8.timeseries_definition.0.request.0.query.0.apm_dependency_stats_query.#": "0",
                            "widget.3.group_definition.0.widget.8.timeseries_definition.0.request.0.query.0.apm_resource_stats_query.#": "0",
                            "widget.3.group_definition.0.widget.8.timeseries_definition.0.request.0.query.0.event_query.#": "0",
                            "widget.3.group_definition.0.widget.8.timeseries_definition.0.request.0.query.0.metric_query.#": "1",
                            "widget.3.group_definition.0.widget.8.timeseries_definition.0.request.0.query.0.metric_query.0.aggregator": "",
                            "widget.3.group_definition.0.widget.8.timeseries_definition.0.request.0.query.0.metric_query.0.data_source": "metrics",
                            "widget.3.group_definition.0.widget.8.timeseries_definition.0.request.0.query.0.metric_query.0.name": "query1",
                            "widget.3.group_definition.0.widget.8.timeseries_definition.0.request.0.query.0.metric_query.0.query": "avg:system.swap.pct_free{*}",
                            "widget.3.group_definition.0.widget.8.timeseries_definition.0.request.0.query.0.process_query.#": "0",
                            "widget.3.group_definition.0.widget.8.timeseries_definition.0.request.0.rum_query.#": "0",
                            "widget.3.group_definition.0.widget.8.timeseries_definition.0.request.0.security_query.#": "0",
                            "widget.3.group_definition.0.widget.8.timeseries_definition.0.request.0.style.#": "1",
                            "widget.3.group_definition.0.widget.8.timeseries_definition.0.request.0.style.0.line_type": "solid",
                            "widget.3.group_definition.0.widget.8.timeseries_definition.0.request.0.style.0.line_width": "normal",
                            "widget.3.group_definition.0.widget.8.timeseries_definition.0.request.0.style.0.palette": "warm",
                            "widget.3.group_definition.0.widget.8.timeseries_definition.0.right_yaxis.#": "0",
                            "widget.3.group_definition.0.widget.8.timeseries_definition.0.show_legend": "false",
                            "widget.3.group_definition.0.widget.8.timeseries_definition.0.title": "Available Swap",
                            "widget.3.group_definition.0.widget.8.timeseries_definition.0.title_align": "",
                            "widget.3.group_definition.0.widget.8.timeseries_definition.0.title_size": "",
                            "widget.3.group_definition.0.widget.8.timeseries_definition.0.yaxis.#": "1",
                            "widget.3.group_definition.0.widget.8.timeseries_definition.0.yaxis.0.include_zero": "true",
                            "widget.3.group_definition.0.widget.8.timeseries_definition.0.yaxis.0.label": "",
                            "widget.3.group_definition.0.widget.8.timeseries_definition.0.yaxis.0.max": "auto",
                            "widget.3.group_definition.0.widget.8.timeseries_definition.0.yaxis.0.min": "auto",
                            "widget.3.group_definition.0.widget.8.timeseries_definition.0.yaxis.0.scale": "linear",
                            "widget.3.group_definition.0.widget.8.toplist_definition.#": "0",
                            "widget.3.group_definition.0.widget.8.topology_map_definition.#": "0",
                            "widget.3.group_definition.0.widget.8.trace_service_definition.#": "0",
                            "widget.3.group_definition.0.widget.8.treemap_definition.#": "0",
                            "widget.3.group_definition.0.widget.8.widget_layout.#": "1",
                            "widget.3.group_definition.0.widget.8.widget_layout.0.height": "2",
                            "widget.3.group_definition.0.widget.8.widget_layout.0.is_column_break": "false",
                            "widget.3.group_definition.0.widget.8.widget_layout.0.width": "3",
                            "widget.3.group_definition.0.widget.8.widget_layout.0.x": "9",
                            "widget.3.group_definition.0.widget.8.widget_layout.0.y": "2",
                            "widget.3.heatmap_definition.#": "0",
                            "widget.3.hostmap_definition.#": "0",
                            "widget.3.id": "5304152938667004",
                            "widget.3.iframe_definition.#": "0",
                            "widget.3.image_definition.#": "0",
                            "widget.3.list_stream_definition.#": "0",
                            "widget.3.log_stream_definition.#": "0",
                            "widget.3.manage_status_definition.#": "0",
                            "widget.3.note_definition.#": "0",
                            "widget.3.query_table_definition.#": "0",
                            "widget.3.query_value_definition.#": "0",
                            "widget.3.scatterplot_definition.#": "0",
                            "widget.3.service_level_objective_definition.#": "0",
                            "widget.3.servicemap_definition.#": "0",
                            "widget.3.slo_list_definition.#": "0",
                            "widget.3.sunburst_definition.#": "0",
                            "widget.3.timeseries_definition.#": "0",
                            "widget.3.toplist_definition.#": "0",
                            "widget.3.topology_map_definition.#": "0",
                            "widget.3.trace_service_definition.#": "0",
                            "widget.3.treemap_definition.#": "0",
                            "widget.3.widget_layout.#": "1",
                            "widget.3.widget_layout.0.height": "5",
                            "widget.3.widget_layout.0.is_column_break": "false",
                            "widget.3.widget_layout.0.width": "12",
                            "widget.3.widget_layout.0.x": "0",
                            "widget.3.widget_layout.0.y": "7"
                        },
                        "meta": {
                            "schema_version": 0
                        },
                        "tainted": false
                    },
                    "deposed": [],
                    "provider": "provider.datadog"
                }
            },
            "depends_on": []
        }
    ]
}
